// !$*UTF8*$!
{
	archiveVersion = 1;
	classes = {
	};
	objectVersion = 46;
	objects = {

/* Begin PBXBuildFile section */
		0091D8F90E81B9330029341E /* OpenGL.framework in Frameworks */ = {isa = PBXBuildFile; fileRef = 0091D8F80E81B9330029341E /* OpenGL.framework */; };
		0097E3E50F3E9819005A4392 /* QuickTime.framework in Frameworks */ = {isa = PBXBuildFile; fileRef = 0097E3E40F3E9819005A4392 /* QuickTime.framework */; };
		00B784B30FF439BC000DE1D7 /* Accelerate.framework in Frameworks */ = {isa = PBXBuildFile; fileRef = 00B784AF0FF439BC000DE1D7 /* Accelerate.framework */; };
		00B784B40FF439BC000DE1D7 /* AudioToolbox.framework in Frameworks */ = {isa = PBXBuildFile; fileRef = 00B784B00FF439BC000DE1D7 /* AudioToolbox.framework */; };
		00B784B50FF439BC000DE1D7 /* AudioUnit.framework in Frameworks */ = {isa = PBXBuildFile; fileRef = 00B784B10FF439BC000DE1D7 /* AudioUnit.framework */; };
		00B784B60FF439BC000DE1D7 /* CoreAudio.framework in Frameworks */ = {isa = PBXBuildFile; fileRef = 00B784B20FF439BC000DE1D7 /* CoreAudio.framework */; };
		5323E6B20EAFCA74003A9687 /* CoreVideo.framework in Frameworks */ = {isa = PBXBuildFile; fileRef = 5323E6B10EAFCA74003A9687 /* CoreVideo.framework */; };
		5323E6B60EAFCA7E003A9687 /* QTKit.framework in Frameworks */ = {isa = PBXBuildFile; fileRef = 5323E6B50EAFCA7E003A9687 /* QTKit.framework */; };
		53E3CDFC0E86099300238D2B /* Carbon.framework in Frameworks */ = {isa = PBXBuildFile; fileRef = 53E3CDFB0E86099300238D2B /* Carbon.framework */; };
		8D11072F0486CEB800E47090 /* Cocoa.framework in Frameworks */ = {isa = PBXBuildFile; fileRef = 1058C7A1FEA54F0111CA2CBB /* Cocoa.framework */; };
		A8202244154E832B00D8BE0E /* Sketch.cpp in Sources */ = {isa = PBXBuildFile; fileRef = A820223A154E832B00D8BE0E /* Sketch.cpp */; };
		A8445CD61593273C00CCD199 /* MasterClock.cpp in Sources */ = {isa = PBXBuildFile; fileRef = A8445CD41593273C00CCD199 /* MasterClock.cpp */; };
		A867C013157BB3B6008C982D /* Application.mm in Sources */ = {isa = PBXBuildFile; fileRef = A867C010157BB3B6008C982D /* Application.mm */; };
		A867C014157BB3B6008C982D /* CinderApp.icns in Resources */ = {isa = PBXBuildFile; fileRef = A867C012157BB3B6008C982D /* CinderApp.icns */; };
		A88157021584DB57009F42E9 /* Sprite.cpp in Sources */ = {isa = PBXBuildFile; fileRef = A88156FB1584DB57009F42E9 /* Sprite.cpp */; };
		A88157031584DB57009F42E9 /* TextureAtlas.cpp in Sources */ = {isa = PBXBuildFile; fileRef = A88156FD1584DB57009F42E9 /* TextureAtlas.cpp */; };
		A88157041584DB57009F42E9 /* TextureManager.cpp in Sources */ = {isa = PBXBuildFile; fileRef = A88157001584DB57009F42E9 /* TextureManager.cpp */; };
		A89CA35C14D0B95000C6B5AE /* CinderApp.cpp in Sources */ = {isa = PBXBuildFile; fileRef = A89CA35814D0B95000C6B5AE /* CinderApp.cpp */; };
		A89CA35D14D0B95000C6B5AE /* CinderSketch.cpp in Sources */ = {isa = PBXBuildFile; fileRef = A89CA35A14D0B95000C6B5AE /* CinderSketch.cpp */; };
		A8B9ED17157B845400FDD74E /* Matrix2D.cpp in Sources */ = {isa = PBXBuildFile; fileRef = A8B9ED15157B845400FDD74E /* Matrix2D.cpp */; };
		A8CF250A1516238F00BD643A /* Utils.cpp in Sources */ = {isa = PBXBuildFile; fileRef = A8CF25081516238F00BD643A /* Utils.cpp */; };
		A8CF2512151623C100BD643A /* ASPC.cpp in Sources */ = {isa = PBXBuildFile; fileRef = A8CF250C151623C100BD643A /* ASPC.cpp */; };
		A8CF2513151623C100BD643A /* FollowablePath.cpp in Sources */ = {isa = PBXBuildFile; fileRef = A8CF250E151623C100BD643A /* FollowablePath.cpp */; };
		A8CF2514151623C100BD643A /* SplinePath.cpp in Sources */ = {isa = PBXBuildFile; fileRef = A8CF2510151623C100BD643A /* SplinePath.cpp */; };
		A8DA44401591D46600A978D4 /* Clock.cpp in Sources */ = {isa = PBXBuildFile; fileRef = A8DA443C1591D46600A978D4 /* Clock.cpp */; };
		A8DA44441591D47800A978D4 /* TextureAtlasAnimation.cpp in Sources */ = {isa = PBXBuildFile; fileRef = A8DA44421591D47800A978D4 /* TextureAtlasAnimation.cpp */; };
		A8DEC1E515E0FE720064D2A3 /* FontManager.cpp in Sources */ = {isa = PBXBuildFile; fileRef = A8DEC1D915E0FE720064D2A3 /* FontManager.cpp */; };
		A8DEC1E615E0FE720064D2A3 /* WordWrapper.cpp in Sources */ = {isa = PBXBuildFile; fileRef = A8DEC1DC15E0FE720064D2A3 /* WordWrapper.cpp */; };
		A8DEC1E715E0FE720064D2A3 /* FontMatrix.cpp in Sources */ = {isa = PBXBuildFile; fileRef = A8DEC1DF15E0FE720064D2A3 /* FontMatrix.cpp */; };
		A8DEC1E815E0FE720064D2A3 /* XFont.cpp in Sources */ = {isa = PBXBuildFile; fileRef = A8DEC1E115E0FE720064D2A3 /* XFont.cpp */; };
		A8DEC1E915E0FE720064D2A3 /* XFontSequence.cpp in Sources */ = {isa = PBXBuildFile; fileRef = A8DEC1E315E0FE720064D2A3 /* XFontSequence.cpp */; };
		A8DEC1ED15E0FE8F0064D2A3 /* ScreenManager.cpp in Sources */ = {isa = PBXBuildFile; fileRef = A8DEC1EB15E0FE8F0064D2A3 /* ScreenManager.cpp */; };
		A8DEC1F615E0FEA50064D2A3 /* Handler.cpp in Sources */ = {isa = PBXBuildFile; fileRef = A8DEC1EF15E0FEA50064D2A3 /* Handler.cpp */; };
		A8DEC1F715E0FEA50064D2A3 /* Looper.cpp in Sources */ = {isa = PBXBuildFile; fileRef = A8DEC1F115E0FEA50064D2A3 /* Looper.cpp */; };
		A8DEC1F815E0FEA50064D2A3 /* MessageQueue.cpp in Sources */ = {isa = PBXBuildFile; fileRef = A8DEC1F415E0FEA50064D2A3 /* MessageQueue.cpp */; };
/* End PBXBuildFile section */

/* Begin PBXFileReference section */
		0091D8F80E81B9330029341E /* OpenGL.framework */ = {isa = PBXFileReference; lastKnownFileType = wrapper.framework; name = OpenGL.framework; path = /System/Library/Frameworks/OpenGL.framework; sourceTree = "<absolute>"; };
		0097E3E40F3E9819005A4392 /* QuickTime.framework */ = {isa = PBXFileReference; lastKnownFileType = wrapper.framework; name = QuickTime.framework; path = /System/Library/Frameworks/QuickTime.framework; sourceTree = "<absolute>"; };
		00B784AF0FF439BC000DE1D7 /* Accelerate.framework */ = {isa = PBXFileReference; lastKnownFileType = wrapper.framework; name = Accelerate.framework; path = System/Library/Frameworks/Accelerate.framework; sourceTree = SDKROOT; };
		00B784B00FF439BC000DE1D7 /* AudioToolbox.framework */ = {isa = PBXFileReference; lastKnownFileType = wrapper.framework; name = AudioToolbox.framework; path = System/Library/Frameworks/AudioToolbox.framework; sourceTree = SDKROOT; };
		00B784B10FF439BC000DE1D7 /* AudioUnit.framework */ = {isa = PBXFileReference; lastKnownFileType = wrapper.framework; name = AudioUnit.framework; path = System/Library/Frameworks/AudioUnit.framework; sourceTree = SDKROOT; };
		00B784B20FF439BC000DE1D7 /* CoreAudio.framework */ = {isa = PBXFileReference; lastKnownFileType = wrapper.framework; name = CoreAudio.framework; path = System/Library/Frameworks/CoreAudio.framework; sourceTree = SDKROOT; };
		1058C7A1FEA54F0111CA2CBB /* Cocoa.framework */ = {isa = PBXFileReference; lastKnownFileType = wrapper.framework; name = Cocoa.framework; path = /System/Library/Frameworks/Cocoa.framework; sourceTree = "<absolute>"; };
		13E42FB307B3F0F600E4EEF1 /* CoreData.framework */ = {isa = PBXFileReference; lastKnownFileType = wrapper.framework; name = CoreData.framework; path = /System/Library/Frameworks/CoreData.framework; sourceTree = "<absolute>"; };
		29B97324FDCFA39411CA2CEA /* AppKit.framework */ = {isa = PBXFileReference; lastKnownFileType = wrapper.framework; name = AppKit.framework; path = /System/Library/Frameworks/AppKit.framework; sourceTree = "<absolute>"; };
		29B97325FDCFA39411CA2CEA /* Foundation.framework */ = {isa = PBXFileReference; lastKnownFileType = wrapper.framework; name = Foundation.framework; path = /System/Library/Frameworks/Foundation.framework; sourceTree = "<absolute>"; };
		5323E6B10EAFCA74003A9687 /* CoreVideo.framework */ = {isa = PBXFileReference; lastKnownFileType = wrapper.framework; name = CoreVideo.framework; path = /System/Library/Frameworks/CoreVideo.framework; sourceTree = "<absolute>"; };
		5323E6B50EAFCA7E003A9687 /* QTKit.framework */ = {isa = PBXFileReference; lastKnownFileType = wrapper.framework; name = QTKit.framework; path = /System/Library/Frameworks/QTKit.framework; sourceTree = "<absolute>"; };
		53E3CDFB0E86099300238D2B /* Carbon.framework */ = {isa = PBXFileReference; lastKnownFileType = wrapper.framework; name = Carbon.framework; path = /System/Library/Frameworks/Carbon.framework; sourceTree = "<absolute>"; };
		8D1107310486CEB800E47090 /* Info.plist */ = {isa = PBXFileReference; fileEncoding = 4; lastKnownFileType = text.plist.xml; path = Info.plist; sourceTree = "<group>"; };
		8D1107320486CEB800E47090 /* HasherTest_OSX.app */ = {isa = PBXFileReference; explicitFileType = wrapper.application; includeInIndex = 0; name = HasherTest_OSX.app; path = HasherTest.app; sourceTree = BUILT_PRODUCTS_DIR; };
		A8202239154E831C00D8BE0E /* Resources.h */ = {isa = PBXFileReference; fileEncoding = 4; lastKnownFileType = sourcecode.c.h; name = Resources.h; path = ../include/Resources.h; sourceTree = "<group>"; };
		A820223A154E832B00D8BE0E /* Sketch.cpp */ = {isa = PBXFileReference; fileEncoding = 4; lastKnownFileType = sourcecode.cpp.cpp; lineEnding = 0; name = Sketch.cpp; path = ../src/Sketch.cpp; sourceTree = "<group>"; };
		A820223B154E832B00D8BE0E /* Sketch.h */ = {isa = PBXFileReference; fileEncoding = 4; lastKnownFileType = sourcecode.c.h; lineEnding = 0; name = Sketch.h; path = ../src/Sketch.h; sourceTree = "<group>"; };
		A8202282154E882700D8BE0E /* Prefix.pch */ = {isa = PBXFileReference; fileEncoding = 4; lastKnownFileType = sourcecode.c.h; path = Prefix.pch; sourceTree = "<group>"; };
		A8445CD41593273C00CCD199 /* MasterClock.cpp */ = {isa = PBXFileReference; fileEncoding = 4; lastKnownFileType = sourcecode.cpp.cpp; path = MasterClock.cpp; sourceTree = "<group>"; };
		A8445CD51593273C00CCD199 /* MasterClock.h */ = {isa = PBXFileReference; fileEncoding = 4; lastKnownFileType = sourcecode.c.h; path = MasterClock.h; sourceTree = "<group>"; };
		A84E17891546F05D00D81224 /* StrokeHelper.h */ = {isa = PBXFileReference; fileEncoding = 4; lastKnownFileType = sourcecode.c.h; path = StrokeHelper.h; sourceTree = "<group>"; };
		A84E178A1546F05D00D81224 /* TexturedTriangleStrip.h */ = {isa = PBXFileReference; fileEncoding = 4; lastKnownFileType = sourcecode.c.h; path = TexturedTriangleStrip.h; sourceTree = "<group>"; };
		A867C010157BB3B6008C982D /* Application.mm */ = {isa = PBXFileReference; fileEncoding = 4; lastKnownFileType = sourcecode.cpp.objcpp; path = Application.mm; sourceTree = "<group>"; };
		A867C012157BB3B6008C982D /* CinderApp.icns */ = {isa = PBXFileReference; lastKnownFileType = image.icns; path = CinderApp.icns; sourceTree = "<group>"; };
		A88156FB1584DB57009F42E9 /* Sprite.cpp */ = {isa = PBXFileReference; fileEncoding = 4; lastKnownFileType = sourcecode.cpp.cpp; path = Sprite.cpp; sourceTree = "<group>"; };
		A88156FC1584DB57009F42E9 /* Sprite.h */ = {isa = PBXFileReference; fileEncoding = 4; lastKnownFileType = sourcecode.c.h; path = Sprite.h; sourceTree = "<group>"; };
		A88156FD1584DB57009F42E9 /* TextureAtlas.cpp */ = {isa = PBXFileReference; fileEncoding = 4; lastKnownFileType = sourcecode.cpp.cpp; path = TextureAtlas.cpp; sourceTree = "<group>"; };
		A88156FE1584DB57009F42E9 /* TextureAtlas.h */ = {isa = PBXFileReference; fileEncoding = 4; lastKnownFileType = sourcecode.c.h; path = TextureAtlas.h; sourceTree = "<group>"; };
		A88156FF1584DB57009F42E9 /* TextureHelper.h */ = {isa = PBXFileReference; fileEncoding = 4; lastKnownFileType = sourcecode.c.h; path = TextureHelper.h; sourceTree = "<group>"; };
		A88157001584DB57009F42E9 /* TextureManager.cpp */ = {isa = PBXFileReference; fileEncoding = 4; lastKnownFileType = sourcecode.cpp.cpp; path = TextureManager.cpp; sourceTree = "<group>"; };
		A88157011584DB57009F42E9 /* TextureManager.h */ = {isa = PBXFileReference; fileEncoding = 4; lastKnownFileType = sourcecode.c.h; path = TextureManager.h; sourceTree = "<group>"; };
		A89CA35814D0B95000C6B5AE /* CinderApp.cpp */ = {isa = PBXFileReference; fileEncoding = 4; lastKnownFileType = sourcecode.cpp.cpp; name = CinderApp.cpp; path = "../../../../chronotext-public/Toolkit/Cinder/CinderApp.cpp"; sourceTree = "<group>"; };
		A89CA35914D0B95000C6B5AE /* CinderApp.h */ = {isa = PBXFileReference; fileEncoding = 4; lastKnownFileType = sourcecode.c.h; name = CinderApp.h; path = "../../../../chronotext-public/Toolkit/Cinder/CinderApp.h"; sourceTree = "<group>"; xcLanguageSpecificationIdentifier = xcode.lang.objcpp; };
		A89CA35A14D0B95000C6B5AE /* CinderSketch.cpp */ = {isa = PBXFileReference; fileEncoding = 4; lastKnownFileType = sourcecode.cpp.cpp; name = CinderSketch.cpp; path = "../../../../chronotext-public/Toolkit/Cinder/CinderSketch.cpp"; sourceTree = "<group>"; };
		A89CA35B14D0B95000C6B5AE /* CinderSketch.h */ = {isa = PBXFileReference; fileEncoding = 4; lastKnownFileType = sourcecode.c.h; name = CinderSketch.h; path = "../../../../chronotext-public/Toolkit/Cinder/CinderSketch.h"; sourceTree = "<group>"; };
		A8B9ED15157B845400FDD74E /* Matrix2D.cpp */ = {isa = PBXFileReference; fileEncoding = 4; lastKnownFileType = sourcecode.cpp.cpp; path = Matrix2D.cpp; sourceTree = "<group>"; };
		A8B9ED16157B845400FDD74E /* Matrix2D.h */ = {isa = PBXFileReference; fileEncoding = 4; lastKnownFileType = sourcecode.c.h; path = Matrix2D.h; sourceTree = "<group>"; };
		A8CF25011516238F00BD643A /* Constants.h */ = {isa = PBXFileReference; fileEncoding = 4; lastKnownFileType = sourcecode.c.h; path = Constants.h; sourceTree = "<group>"; };
		A8CF25021516238F00BD643A /* DataStreamIO.h */ = {isa = PBXFileReference; fileEncoding = 4; lastKnownFileType = sourcecode.c.h; path = DataStreamIO.h; sourceTree = "<group>"; };
		A8CF25031516238F00BD643A /* GraphicHelper.h */ = {isa = PBXFileReference; fileEncoding = 4; lastKnownFileType = sourcecode.c.h; path = GraphicHelper.h; sourceTree = "<group>"; };
		A8CF25071516238F00BD643A /* Utils.h */ = {isa = PBXFileReference; explicitFileType = sourcecode.cpp.h; fileEncoding = 4; path = Utils.h; sourceTree = "<group>"; };
		A8CF25081516238F00BD643A /* Utils.cpp */ = {isa = PBXFileReference; explicitFileType = sourcecode.cpp.objcpp; fileEncoding = 4; path = Utils.cpp; sourceTree = "<group>"; };
		A8CF250C151623C100BD643A /* ASPC.cpp */ = {isa = PBXFileReference; fileEncoding = 4; lastKnownFileType = sourcecode.cpp.cpp; path = ASPC.cpp; sourceTree = "<group>"; };
		A8CF250D151623C100BD643A /* ASPC.h */ = {isa = PBXFileReference; fileEncoding = 4; lastKnownFileType = sourcecode.c.h; path = ASPC.h; sourceTree = "<group>"; };
		A8CF250E151623C100BD643A /* FollowablePath.cpp */ = {isa = PBXFileReference; fileEncoding = 4; lastKnownFileType = sourcecode.cpp.cpp; path = FollowablePath.cpp; sourceTree = "<group>"; };
		A8CF250F151623C100BD643A /* FollowablePath.h */ = {isa = PBXFileReference; fileEncoding = 4; lastKnownFileType = sourcecode.c.h; path = FollowablePath.h; sourceTree = "<group>"; };
		A8CF2510151623C100BD643A /* SplinePath.cpp */ = {isa = PBXFileReference; fileEncoding = 4; lastKnownFileType = sourcecode.cpp.cpp; path = SplinePath.cpp; sourceTree = "<group>"; };
		A8CF2511151623C100BD643A /* SplinePath.h */ = {isa = PBXFileReference; fileEncoding = 4; lastKnownFileType = sourcecode.c.h; path = SplinePath.h; sourceTree = "<group>"; };
		A8DA443C1591D46600A978D4 /* Clock.cpp */ = {isa = PBXFileReference; fileEncoding = 4; lastKnownFileType = sourcecode.cpp.cpp; path = Clock.cpp; sourceTree = "<group>"; };
		A8DA443D1591D46600A978D4 /* Clock.h */ = {isa = PBXFileReference; fileEncoding = 4; lastKnownFileType = sourcecode.c.h; path = Clock.h; sourceTree = "<group>"; };
		A8DA443E1591D46600A978D4 /* DefaultTimeBase.h */ = {isa = PBXFileReference; fileEncoding = 4; lastKnownFileType = sourcecode.c.h; path = DefaultTimeBase.h; sourceTree = "<group>"; };
		A8DA443F1591D46600A978D4 /* TimeBase.h */ = {isa = PBXFileReference; fileEncoding = 4; lastKnownFileType = sourcecode.c.h; path = TimeBase.h; sourceTree = "<group>"; };
		A8DA44421591D47800A978D4 /* TextureAtlasAnimation.cpp */ = {isa = PBXFileReference; fileEncoding = 4; lastKnownFileType = sourcecode.cpp.cpp; path = TextureAtlasAnimation.cpp; sourceTree = "<group>"; };
		A8DA44431591D47800A978D4 /* TextureAtlasAnimation.h */ = {isa = PBXFileReference; fileEncoding = 4; lastKnownFileType = sourcecode.c.h; path = TextureAtlasAnimation.h; sourceTree = "<group>"; };
		A8DEC1D515E0FE420064D2A3 /* Curves.h */ = {isa = PBXFileReference; fileEncoding = 4; lastKnownFileType = sourcecode.c.h; path = Curves.h; sourceTree = "<group>"; };
		A8DEC1D815E0FE720064D2A3 /* FontHelper.h */ = {isa = PBXFileReference; fileEncoding = 4; lastKnownFileType = sourcecode.c.h; path = FontHelper.h; sourceTree = "<group>"; };
		A8DEC1D915E0FE720064D2A3 /* FontManager.cpp */ = {isa = PBXFileReference; fileEncoding = 4; lastKnownFileType = sourcecode.cpp.cpp; path = FontManager.cpp; sourceTree = "<group>"; };
		A8DEC1DA15E0FE720064D2A3 /* FontManager.h */ = {isa = PBXFileReference; fileEncoding = 4; lastKnownFileType = sourcecode.c.h; path = FontManager.h; sourceTree = "<group>"; };
		A8DEC1DB15E0FE720064D2A3 /* LinkExtractor.h */ = {isa = PBXFileReference; fileEncoding = 4; lastKnownFileType = sourcecode.c.h; path = LinkExtractor.h; sourceTree = "<group>"; };
		A8DEC1DC15E0FE720064D2A3 /* WordWrapper.cpp */ = {isa = PBXFileReference; fileEncoding = 4; lastKnownFileType = sourcecode.cpp.cpp; path = WordWrapper.cpp; sourceTree = "<group>"; };
		A8DEC1DD15E0FE720064D2A3 /* WordWrapper.h */ = {isa = PBXFileReference; fileEncoding = 4; lastKnownFileType = sourcecode.c.h; path = WordWrapper.h; sourceTree = "<group>"; };
		A8DEC1DF15E0FE720064D2A3 /* FontMatrix.cpp */ = {isa = PBXFileReference; fileEncoding = 4; lastKnownFileType = sourcecode.cpp.cpp; path = FontMatrix.cpp; sourceTree = "<group>"; };
		A8DEC1E015E0FE720064D2A3 /* FontMatrix.h */ = {isa = PBXFileReference; fileEncoding = 4; lastKnownFileType = sourcecode.c.h; path = FontMatrix.h; sourceTree = "<group>"; };
		A8DEC1E115E0FE720064D2A3 /* XFont.cpp */ = {isa = PBXFileReference; fileEncoding = 4; lastKnownFileType = sourcecode.cpp.cpp; path = XFont.cpp; sourceTree = "<group>"; };
		A8DEC1E215E0FE720064D2A3 /* XFont.h */ = {isa = PBXFileReference; fileEncoding = 4; lastKnownFileType = sourcecode.c.h; path = XFont.h; sourceTree = "<group>"; };
		A8DEC1E315E0FE720064D2A3 /* XFontSequence.cpp */ = {isa = PBXFileReference; fileEncoding = 4; lastKnownFileType = sourcecode.cpp.cpp; path = XFontSequence.cpp; sourceTree = "<group>"; };
		A8DEC1E415E0FE720064D2A3 /* XFontSequence.h */ = {isa = PBXFileReference; fileEncoding = 4; lastKnownFileType = sourcecode.c.h; path = XFontSequence.h; sourceTree = "<group>"; };
		A8DEC1EB15E0FE8F0064D2A3 /* ScreenManager.cpp */ = {isa = PBXFileReference; fileEncoding = 4; lastKnownFileType = sourcecode.cpp.cpp; path = ScreenManager.cpp; sourceTree = "<group>"; };
		A8DEC1EC15E0FE8F0064D2A3 /* ScreenManager.h */ = {isa = PBXFileReference; fileEncoding = 4; lastKnownFileType = sourcecode.c.h; path = ScreenManager.h; sourceTree = "<group>"; };
		A8DEC1EF15E0FEA50064D2A3 /* Handler.cpp */ = {isa = PBXFileReference; fileEncoding = 4; lastKnownFileType = sourcecode.cpp.cpp; path = Handler.cpp; sourceTree = "<group>"; };
		A8DEC1F015E0FEA50064D2A3 /* Handler.h */ = {isa = PBXFileReference; fileEncoding = 4; lastKnownFileType = sourcecode.c.h; path = Handler.h; sourceTree = "<group>"; };
		A8DEC1F115E0FEA50064D2A3 /* Looper.cpp */ = {isa = PBXFileReference; fileEncoding = 4; lastKnownFileType = sourcecode.cpp.cpp; path = Looper.cpp; sourceTree = "<group>"; };
		A8DEC1F215E0FEA50064D2A3 /* Looper.h */ = {isa = PBXFileReference; fileEncoding = 4; lastKnownFileType = sourcecode.c.h; path = Looper.h; sourceTree = "<group>"; };
		A8DEC1F315E0FEA50064D2A3 /* Message.h */ = {isa = PBXFileReference; fileEncoding = 4; lastKnownFileType = sourcecode.c.h; path = Message.h; sourceTree = "<group>"; };
		A8DEC1F415E0FEA50064D2A3 /* MessageQueue.cpp */ = {isa = PBXFileReference; fileEncoding = 4; lastKnownFileType = sourcecode.cpp.cpp; path = MessageQueue.cpp; sourceTree = "<group>"; };
		A8DEC1F515E0FEA50064D2A3 /* MessageQueue.h */ = {isa = PBXFileReference; fileEncoding = 4; lastKnownFileType = sourcecode.c.h; path = MessageQueue.h; sourceTree = "<group>"; };
		A8E23C3E15694B7F00A8242B /* Hasher.h */ = {isa = PBXFileReference; fileEncoding = 4; lastKnownFileType = sourcecode.c.h; path = Hasher.h; sourceTree = "<group>"; };
/* End PBXFileReference section */

/* Begin PBXFrameworksBuildPhase section */
		8D11072E0486CEB800E47090 /* Frameworks */ = {
			isa = PBXFrameworksBuildPhase;
			buildActionMask = 2147483647;
			files = (
				8D11072F0486CEB800E47090 /* Cocoa.framework in Frameworks */,
				0091D8F90E81B9330029341E /* OpenGL.framework in Frameworks */,
				53E3CDFC0E86099300238D2B /* Carbon.framework in Frameworks */,
				5323E6B20EAFCA74003A9687 /* CoreVideo.framework in Frameworks */,
				5323E6B60EAFCA7E003A9687 /* QTKit.framework in Frameworks */,
				0097E3E50F3E9819005A4392 /* QuickTime.framework in Frameworks */,
				00B784B30FF439BC000DE1D7 /* Accelerate.framework in Frameworks */,
				00B784B40FF439BC000DE1D7 /* AudioToolbox.framework in Frameworks */,
				00B784B50FF439BC000DE1D7 /* AudioUnit.framework in Frameworks */,
				00B784B60FF439BC000DE1D7 /* CoreAudio.framework in Frameworks */,
			);
			runOnlyForDeploymentPostprocessing = 0;
		};
/* End PBXFrameworksBuildPhase section */

/* Begin PBXGroup section */
		080E96DDFE201D6D7F000001 /* Source */ = {
			isa = PBXGroup;
			children = (
				A820223B154E832B00D8BE0E /* Sketch.h */,
				A820223A154E832B00D8BE0E /* Sketch.cpp */,
			);
			name = Source;
			sourceTree = "<group>";
		};
		1058C7A0FEA54F0111CA2CBB /* Linked Frameworks */ = {
			isa = PBXGroup;
			children = (
				00B784AF0FF439BC000DE1D7 /* Accelerate.framework */,
				00B784B00FF439BC000DE1D7 /* AudioToolbox.framework */,
				00B784B10FF439BC000DE1D7 /* AudioUnit.framework */,
				00B784B20FF439BC000DE1D7 /* CoreAudio.framework */,
				0097E3E40F3E9819005A4392 /* QuickTime.framework */,
				5323E6B50EAFCA7E003A9687 /* QTKit.framework */,
				5323E6B10EAFCA74003A9687 /* CoreVideo.framework */,
				53E3CDFB0E86099300238D2B /* Carbon.framework */,
				0091D8F80E81B9330029341E /* OpenGL.framework */,
				1058C7A1FEA54F0111CA2CBB /* Cocoa.framework */,
			);
			name = "Linked Frameworks";
			sourceTree = "<group>";
		};
		1058C7A2FEA54F0111CA2CBB /* Other Frameworks */ = {
			isa = PBXGroup;
			children = (
				29B97324FDCFA39411CA2CEA /* AppKit.framework */,
				13E42FB307B3F0F600E4EEF1 /* CoreData.framework */,
				29B97325FDCFA39411CA2CEA /* Foundation.framework */,
			);
			name = "Other Frameworks";
			sourceTree = "<group>";
		};
		19C28FACFE9D520D11CA2CBB /* Products */ = {
			isa = PBXGroup;
			children = (
				8D1107320486CEB800E47090 /* HasherTest_OSX.app */,
			);
			name = Products;
			sourceTree = "<group>";
		};
		29B97314FDCFA39411CA2CEA /* HasherTest_OSX */ = {
			isa = PBXGroup;
			children = (
				29B97315FDCFA39411CA2CEA /* Headers */,
				A89CA33D14D0B8E200C6B5AE /* Chronotext */,
				080E96DDFE201D6D7F000001 /* Source */,
				29B97317FDCFA39411CA2CEA /* Resources */,
				A867BFFC157BB024008C982D /* OSX */,
				29B97323FDCFA39411CA2CEA /* Frameworks */,
				19C28FACFE9D520D11CA2CBB /* Products */,
			);
			name = HasherTest_OSX;
			sourceTree = "<group>";
		};
		29B97315FDCFA39411CA2CEA /* Headers */ = {
			isa = PBXGroup;
			children = (
				A8202239154E831C00D8BE0E /* Resources.h */,
			);
			name = Headers;
			sourceTree = "<group>";
		};
		29B97317FDCFA39411CA2CEA /* Resources */ = {
			isa = PBXGroup;
			children = (
			);
			name = Resources;
			sourceTree = "<group>";
		};
		29B97323FDCFA39411CA2CEA /* Frameworks */ = {
			isa = PBXGroup;
			children = (
				1058C7A0FEA54F0111CA2CBB /* Linked Frameworks */,
				1058C7A2FEA54F0111CA2CBB /* Other Frameworks */,
			);
			name = Frameworks;
			sourceTree = "<group>";
		};
		A867BFFC157BB024008C982D /* OSX */ = {
			isa = PBXGroup;
			children = (
				A867C00F157BB3B6008C982D /* Classes */,
				A867C011157BB3B6008C982D /* Resources */,
				8D1107310486CEB800E47090 /* Info.plist */,
				A8202282154E882700D8BE0E /* Prefix.pch */,
			);
			name = OSX;
			sourceTree = "<group>";
		};
		A867C00F157BB3B6008C982D /* Classes */ = {
			isa = PBXGroup;
			children = (
				A867C010157BB3B6008C982D /* Application.mm */,
			);
			path = Classes;
			sourceTree = "<group>";
		};
		A867C011157BB3B6008C982D /* Resources */ = {
			isa = PBXGroup;
			children = (
				A867C012157BB3B6008C982D /* CinderApp.icns */,
			);
			path = Resources;
			sourceTree = "<group>";
		};
		A88156FA1584DB57009F42E9 /* Texture */ = {
			isa = PBXGroup;
			children = (
				A88156FC1584DB57009F42E9 /* Sprite.h */,
				A88156FB1584DB57009F42E9 /* Sprite.cpp */,
				A88156FE1584DB57009F42E9 /* TextureAtlas.h */,
				A88156FD1584DB57009F42E9 /* TextureAtlas.cpp */,
				A8DA44431591D47800A978D4 /* TextureAtlasAnimation.h */,
				A8DA44421591D47800A978D4 /* TextureAtlasAnimation.cpp */,
				A88156FF1584DB57009F42E9 /* TextureHelper.h */,
				A88157011584DB57009F42E9 /* TextureManager.h */,
				A88157001584DB57009F42E9 /* TextureManager.cpp */,
			);
			name = Texture;
			path = "../../../../chronotext-public/Toolkit/Texture";
			sourceTree = "<group>";
		};
		A89CA33C14D0B8DF00C6B5AE /* Cinder */ = {
			isa = PBXGroup;
			children = (
				A89CA35914D0B95000C6B5AE /* CinderApp.h */,
				A89CA35814D0B95000C6B5AE /* CinderApp.cpp */,
				A89CA35B14D0B95000C6B5AE /* CinderSketch.h */,
				A89CA35A14D0B95000C6B5AE /* CinderSketch.cpp */,
			);
			name = Cinder;
			sourceTree = "<group>";
		};
		A89CA33D14D0B8E200C6B5AE /* Chronotext */ = {
			isa = PBXGroup;
			children = (
				A89CA33C14D0B8DF00C6B5AE /* Cinder */,
				A8DEC1DE15E0FE720064D2A3 /* XFont */,
				A8DEC1D715E0FE720064D2A3 /* Text */,
				A88156FA1584DB57009F42E9 /* Texture */,
				A8CF250B151623C100BD643A /* FollowablePath */,
				A8CF25001516238F00BD643A /* Utils */,
				A8DEC1EA15E0FE8F0064D2A3 /* Screen */,
				A8DA443B1591D46600A978D4 /* Time */,
				A8B9ED14157B845400FDD74E /* Maths */,
				A8DEC1EE15E0FEA50064D2A3 /* OS */,
			);
			name = Chronotext;
			sourceTree = "<group>";
		};
		A8B9ED14157B845400FDD74E /* Maths */ = {
			isa = PBXGroup;
			children = (
				A8DEC1D515E0FE420064D2A3 /* Curves.h */,
				A8B9ED16157B845400FDD74E /* Matrix2D.h */,
				A8B9ED15157B845400FDD74E /* Matrix2D.cpp */,
			);
			name = Maths;
			path = "../../../../chronotext-public/Toolkit/Maths";
			sourceTree = "<group>";
		};
		A8CF25001516238F00BD643A /* Utils */ = {
			isa = PBXGroup;
			children = (
				A8CF25011516238F00BD643A /* Constants.h */,
				A8CF25021516238F00BD643A /* DataStreamIO.h */,
				A8CF25031516238F00BD643A /* GraphicHelper.h */,
				A8CF25071516238F00BD643A /* Utils.h */,
				A8CF25081516238F00BD643A /* Utils.cpp */,
				A84E17891546F05D00D81224 /* StrokeHelper.h */,
				A84E178A1546F05D00D81224 /* TexturedTriangleStrip.h */,
				A8E23C3E15694B7F00A8242B /* Hasher.h */,
			);
			name = Utils;
			path = "../../../../chronotext-public/Toolkit/Utils";
			sourceTree = "<group>";
		};
		A8CF250B151623C100BD643A /* FollowablePath */ = {
			isa = PBXGroup;
			children = (
				A8CF250D151623C100BD643A /* ASPC.h */,
				A8CF250C151623C100BD643A /* ASPC.cpp */,
				A8CF250F151623C100BD643A /* FollowablePath.h */,
				A8CF250E151623C100BD643A /* FollowablePath.cpp */,
				A8CF2511151623C100BD643A /* SplinePath.h */,
				A8CF2510151623C100BD643A /* SplinePath.cpp */,
			);
			name = FollowablePath;
			path = "../../../../chronotext-public/Toolkit/FollowablePath";
			sourceTree = "<group>";
		};
		A8DA443B1591D46600A978D4 /* Time */ = {
			isa = PBXGroup;
			children = (
				A8DA443F1591D46600A978D4 /* TimeBase.h */,
				A8DA443E1591D46600A978D4 /* DefaultTimeBase.h */,
				A8DA443D1591D46600A978D4 /* Clock.h */,
				A8DA443C1591D46600A978D4 /* Clock.cpp */,
				A8445CD51593273C00CCD199 /* MasterClock.h */,
				A8445CD41593273C00CCD199 /* MasterClock.cpp */,
			);
			name = Time;
			path = "../../../../chronotext-public/Toolkit/Time";
			sourceTree = "<group>";
		};
		A8DEC1D715E0FE720064D2A3 /* Text */ = {
			isa = PBXGroup;
			children = (
				A8DEC1D815E0FE720064D2A3 /* FontHelper.h */,
				A8DEC1D915E0FE720064D2A3 /* FontManager.cpp */,
				A8DEC1DA15E0FE720064D2A3 /* FontManager.h */,
				A8DEC1DB15E0FE720064D2A3 /* LinkExtractor.h */,
				A8DEC1DC15E0FE720064D2A3 /* WordWrapper.cpp */,
				A8DEC1DD15E0FE720064D2A3 /* WordWrapper.h */,
			);
			name = Text;
			path = ../../../Toolkit/Text;
			sourceTree = "<group>";
		};
		A8DEC1DE15E0FE720064D2A3 /* XFont */ = {
			isa = PBXGroup;
			children = (
				A8DEC1DF15E0FE720064D2A3 /* FontMatrix.cpp */,
				A8DEC1E015E0FE720064D2A3 /* FontMatrix.h */,
				A8DEC1E115E0FE720064D2A3 /* XFont.cpp */,
				A8DEC1E215E0FE720064D2A3 /* XFont.h */,
				A8DEC1E315E0FE720064D2A3 /* XFontSequence.cpp */,
				A8DEC1E415E0FE720064D2A3 /* XFontSequence.h */,
			);
			name = XFont;
			path = ../../../Toolkit/XFont;
			sourceTree = "<group>";
		};
		A8DEC1EA15E0FE8F0064D2A3 /* Screen */ = {
			isa = PBXGroup;
			children = (
				A8DEC1EB15E0FE8F0064D2A3 /* ScreenManager.cpp */,
				A8DEC1EC15E0FE8F0064D2A3 /* ScreenManager.h */,
			);
			name = Screen;
			path = ../../../Toolkit/Screen;
			sourceTree = "<group>";
		};
		A8DEC1EE15E0FEA50064D2A3 /* OS */ = {
			isa = PBXGroup;
			children = (
				A8DEC1EF15E0FEA50064D2A3 /* Handler.cpp */,
				A8DEC1F015E0FEA50064D2A3 /* Handler.h */,
				A8DEC1F115E0FEA50064D2A3 /* Looper.cpp */,
				A8DEC1F215E0FEA50064D2A3 /* Looper.h */,
				A8DEC1F315E0FEA50064D2A3 /* Message.h */,
				A8DEC1F415E0FEA50064D2A3 /* MessageQueue.cpp */,
				A8DEC1F515E0FEA50064D2A3 /* MessageQueue.h */,
			);
			name = OS;
			path = ../../../Toolkit/OS;
			sourceTree = "<group>";
		};
/* End PBXGroup section */

/* Begin PBXNativeTarget section */
		8D1107260486CEB800E47090 /* HasherTest_OSX */ = {
			isa = PBXNativeTarget;
			buildConfigurationList = C01FCF4A08A954540054247B /* Build configuration list for PBXNativeTarget "HasherTest_OSX" */;
			buildPhases = (
				8D1107290486CEB800E47090 /* Resources */,
				8D11072C0486CEB800E47090 /* Sources */,
				8D11072E0486CEB800E47090 /* Frameworks */,
			);
			buildRules = (
			);
			dependencies = (
			);
			name = HasherTest_OSX;
			productInstallPath = "$(HOME)/Applications";
			productName = HasherTest;
			productReference = 8D1107320486CEB800E47090 /* HasherTest_OSX.app */;
			productType = "com.apple.product-type.application";
		};
/* End PBXNativeTarget section */

/* Begin PBXProject section */
		29B97313FDCFA39411CA2CEA /* Project object */ = {
			isa = PBXProject;
			attributes = {
				LastUpgradeCheck = 0450;
				ORGANIZATIONNAME = moonactive.com;
			};
			buildConfigurationList = C01FCF4E08A954540054247B /* Build configuration list for PBXProject "HasherTest_OSX" */;
			compatibilityVersion = "Xcode 3.2";
			developmentRegion = English;
			hasScannedForEncodings = 1;
			knownRegions = (
				en,
			);
			mainGroup = 29B97314FDCFA39411CA2CEA /* HasherTest_OSX */;
			projectDirPath = "";
			projectRoot = "";
			targets = (
				8D1107260486CEB800E47090 /* HasherTest_OSX */,
			);
		};
/* End PBXProject section */

/* Begin PBXResourcesBuildPhase section */
		8D1107290486CEB800E47090 /* Resources */ = {
			isa = PBXResourcesBuildPhase;
			buildActionMask = 2147483647;
			files = (
				A867C014157BB3B6008C982D /* CinderApp.icns in Resources */,
			);
			runOnlyForDeploymentPostprocessing = 0;
		};
/* End PBXResourcesBuildPhase section */

/* Begin PBXSourcesBuildPhase section */
		8D11072C0486CEB800E47090 /* Sources */ = {
			isa = PBXSourcesBuildPhase;
			buildActionMask = 2147483647;
			files = (
				A89CA35C14D0B95000C6B5AE /* CinderApp.cpp in Sources */,
				A89CA35D14D0B95000C6B5AE /* CinderSketch.cpp in Sources */,
				A8CF250A1516238F00BD643A /* Utils.cpp in Sources */,
				A8CF2512151623C100BD643A /* ASPC.cpp in Sources */,
				A8CF2513151623C100BD643A /* FollowablePath.cpp in Sources */,
				A8CF2514151623C100BD643A /* SplinePath.cpp in Sources */,
				A8202244154E832B00D8BE0E /* Sketch.cpp in Sources */,
				A8B9ED17157B845400FDD74E /* Matrix2D.cpp in Sources */,
				A867C013157BB3B6008C982D /* Application.mm in Sources */,
				A88157021584DB57009F42E9 /* Sprite.cpp in Sources */,
				A88157031584DB57009F42E9 /* TextureAtlas.cpp in Sources */,
				A88157041584DB57009F42E9 /* TextureManager.cpp in Sources */,
				A8DA44401591D46600A978D4 /* Clock.cpp in Sources */,
				A8DA44441591D47800A978D4 /* TextureAtlasAnimation.cpp in Sources */,
				A8445CD61593273C00CCD199 /* MasterClock.cpp in Sources */,
				A8DEC1E515E0FE720064D2A3 /* FontManager.cpp in Sources */,
				A8DEC1E615E0FE720064D2A3 /* WordWrapper.cpp in Sources */,
				A8DEC1E715E0FE720064D2A3 /* FontMatrix.cpp in Sources */,
				A8DEC1E815E0FE720064D2A3 /* XFont.cpp in Sources */,
				A8DEC1E915E0FE720064D2A3 /* XFontSequence.cpp in Sources */,
				A8DEC1ED15E0FE8F0064D2A3 /* ScreenManager.cpp in Sources */,
				A8DEC1F615E0FEA50064D2A3 /* Handler.cpp in Sources */,
				A8DEC1F715E0FEA50064D2A3 /* Looper.cpp in Sources */,
				A8DEC1F815E0FEA50064D2A3 /* MessageQueue.cpp in Sources */,
			);
			runOnlyForDeploymentPostprocessing = 0;
		};
/* End PBXSourcesBuildPhase section */

/* Begin XCBuildConfiguration section */
		C01FCF4B08A954540054247B /* Debug */ = {
			isa = XCBuildConfiguration;
			buildSettings = {
				COPY_PHASE_STRIP = NO;
				GCC_DYNAMIC_NO_PIC = NO;
				GCC_INLINES_ARE_PRIVATE_EXTERN = NO;
				GCC_MODEL_TUNING = G5;
				GCC_OPTIMIZATION_LEVEL = 0;
				GCC_PRECOMPILE_PREFIX_HEADER = YES;
				GCC_PREFIX_HEADER = Prefix.pch;
				GCC_SYMBOLS_PRIVATE_EXTERN = NO;
				INFOPLIST_FILE = Info.plist;
				INSTALL_PATH = "$(HOME)/Applications";
				OTHER_LDFLAGS = "\"$(CINDER_PATH)/lib/libcinder_d.a\"";
				PRODUCT_NAME = HasherTest;
				WRAPPER_EXTENSION = app;
			};
			name = Debug;
		};
		C01FCF4C08A954540054247B /* Release */ = {
			isa = XCBuildConfiguration;
			buildSettings = {
				DEAD_CODE_STRIPPING = YES;
				DEBUG_INFORMATION_FORMAT = "dwarf-with-dsym";
				GCC_FAST_MATH = YES;
				GCC_GENERATE_DEBUGGING_SYMBOLS = NO;
				GCC_INLINES_ARE_PRIVATE_EXTERN = NO;
				GCC_MODEL_TUNING = G5;
				GCC_OPTIMIZATION_LEVEL = 3;
				GCC_PRECOMPILE_PREFIX_HEADER = YES;
				GCC_PREFIX_HEADER = Prefix.pch;
				GCC_SYMBOLS_PRIVATE_EXTERN = NO;
				INFOPLIST_FILE = Info.plist;
				INSTALL_PATH = "$(HOME)/Applications";
				OTHER_LDFLAGS = "\"$(CINDER_PATH)/lib/libcinder.a\"";
				PRODUCT_NAME = HasherTest;
				STRIP_INSTALLED_PRODUCT = YES;
				WRAPPER_EXTENSION = app;
			};
			name = Release;
		};
		C01FCF4F08A954540054247B /* Debug */ = {
			isa = XCBuildConfiguration;
			buildSettings = {
				ALWAYS_SEARCH_USER_PATHS = NO;
				ARCHS = i386;
				CINDER_PATH = "$(SOURCE_ROOT)/../../../../Cinder";
				GCC_PREPROCESSOR_DEFINITIONS = DEBUG;
				GCC_VERSION = com.apple.compilers.llvm.clang.1_0;
				GCC_WARN_ABOUT_RETURN_TYPE = YES;
				GCC_WARN_UNUSED_VARIABLE = YES;
				HEADER_SEARCH_PATHS = "\"$(CINDER_PATH)/boost\"";
				MACOSX_DEPLOYMENT_TARGET = 10.5;
				SDKROOT = macosx;
				USER_HEADER_SEARCH_PATHS = "\"$(CINDER_PATH)/include\" ../include";
			};
			name = Debug;
		};
		C01FCF5008A954540054247B /* Release */ = {
			isa = XCBuildConfiguration;
			buildSettings = {
				ALWAYS_SEARCH_USER_PATHS = NO;
				ARCHS = i386;
				CINDER_PATH = "$(SOURCE_ROOT)/../../../../Cinder";
				GCC_VERSION = com.apple.compilers.llvm.clang.1_0;
				GCC_WARN_ABOUT_RETURN_TYPE = YES;
				GCC_WARN_UNUSED_VARIABLE = YES;
				HEADER_SEARCH_PATHS = "\"$(CINDER_PATH)/boost\"";
				MACOSX_DEPLOYMENT_TARGET = 10.5;
				SDKROOT = macosx;
				USER_HEADER_SEARCH_PATHS = "\"$(CINDER_PATH)/include\" ../include";
			};
			name = Release;
		};
/* End XCBuildConfiguration section */

/* Begin XCConfigurationList section */
		C01FCF4A08A954540054247B /* Build configuration list for PBXNativeTarget "HasherTest_OSX" */ = {
			isa = XCConfigurationList;
			buildConfigurations = (
				C01FCF4B08A954540054247B /* Debug */,
				C01FCF4C08A954540054247B /* Release */,
			);
			defaultConfigurationIsVisible = 0;
			defaultConfigurationName = Release;
		};
		C01FCF4E08A954540054247B /* Build configuration list for PBXProject "HasherTest_OSX" */ = {
			isa = XCConfigurationList;
			buildConfigurations = (
				C01FCF4F08A954540054247B /* Debug */,
				C01FCF5008A954540054247B /* Release */,
			);
			defaultConfigurationIsVisible = 0;
			defaultConfigurationName = Release;
		};
/* End XCConfigurationList section */
	};
	rootObject = 29B97313FDCFA39411CA2CEA /* Project object */;
}
