// !$*UTF8*$!
{
	archiveVersion = 1;
	classes = {
	};
	objectVersion = 46;
	objects = {

/* Begin PBXBuildFile section */
		0091D8F90E81B9330029341E /* OpenGL.framework in Frameworks */ = {isa = PBXBuildFile; fileRef = 0091D8F80E81B9330029341E /* OpenGL.framework */; };
		0097E3E50F3E9819005A4392 /* QuickTime.framework in Frameworks */ = {isa = PBXBuildFile; fileRef = 0097E3E40F3E9819005A4392 /* QuickTime.framework */; };
		00B784B30FF439BC000DE1D7 /* Accelerate.framework in Frameworks */ = {isa = PBXBuildFile; fileRef = 00B784AF0FF439BC000DE1D7 /* Accelerate.framework */; };
		00B784B40FF439BC000DE1D7 /* AudioToolbox.framework in Frameworks */ = {isa = PBXBuildFile; fileRef = 00B784B00FF439BC000DE1D7 /* AudioToolbox.framework */; };
		00B784B50FF439BC000DE1D7 /* AudioUnit.framework in Frameworks */ = {isa = PBXBuildFile; fileRef = 00B784B10FF439BC000DE1D7 /* AudioUnit.framework */; };
		00B784B60FF439BC000DE1D7 /* CoreAudio.framework in Frameworks */ = {isa = PBXBuildFile; fileRef = 00B784B20FF439BC000DE1D7 /* CoreAudio.framework */; };
		5323E6B20EAFCA74003A9687 /* CoreVideo.framework in Frameworks */ = {isa = PBXBuildFile; fileRef = 5323E6B10EAFCA74003A9687 /* CoreVideo.framework */; };
		5323E6B60EAFCA7E003A9687 /* QTKit.framework in Frameworks */ = {isa = PBXBuildFile; fileRef = 5323E6B50EAFCA7E003A9687 /* QTKit.framework */; };
		53E3CDFC0E86099300238D2B /* Carbon.framework in Frameworks */ = {isa = PBXBuildFile; fileRef = 53E3CDFB0E86099300238D2B /* Carbon.framework */; };
		8D11072F0486CEB800E47090 /* Cocoa.framework in Frameworks */ = {isa = PBXBuildFile; fileRef = 1058C7A1FEA54F0111CA2CBB /* Cocoa.framework */; };
		A81179E11580F0680087AFF2 /* Sketch.cpp in Sources */ = {isa = PBXBuildFile; fileRef = A81179DF1580F0680087AFF2 /* Sketch.cpp */; };
		A8641EF915A5D2E10054E5EC /* Sprite.cpp in Sources */ = {isa = PBXBuildFile; fileRef = A8641EE915A5D2E10054E5EC /* Sprite.cpp */; };
		A8641EFA15A5D2E10054E5EC /* TextureAtlas.cpp in Sources */ = {isa = PBXBuildFile; fileRef = A8641EEB15A5D2E10054E5EC /* TextureAtlas.cpp */; };
		A8641EFB15A5D2E10054E5EC /* TextureAtlasAnimation.cpp in Sources */ = {isa = PBXBuildFile; fileRef = A8641EED15A5D2E10054E5EC /* TextureAtlasAnimation.cpp */; };
		A8641EFC15A5D2E10054E5EC /* TextureManager.cpp in Sources */ = {isa = PBXBuildFile; fileRef = A8641EF015A5D2E10054E5EC /* TextureManager.cpp */; };
		A8641EFD15A5D2E10054E5EC /* Clock.cpp in Sources */ = {isa = PBXBuildFile; fileRef = A8641EF315A5D2E10054E5EC /* Clock.cpp */; };
		A8641EFE15A5D2E10054E5EC /* MasterClock.cpp in Sources */ = {isa = PBXBuildFile; fileRef = A8641EF615A5D2E10054E5EC /* MasterClock.cpp */; };
		A8641F0215A5D2FA0054E5EC /* Matrix2D.cpp in Sources */ = {isa = PBXBuildFile; fileRef = A8641F0015A5D2FA0054E5EC /* Matrix2D.cpp */; };
		A87A04671580D8FF00BB603B /* Application.cpp in Sources */ = {isa = PBXBuildFile; fileRef = A87A04641580D8FF00BB603B /* Application.cpp */; };
		A87A04681580D8FF00BB603B /* CinderApp.icns in Resources */ = {isa = PBXBuildFile; fileRef = A87A04661580D8FF00BB603B /* CinderApp.icns */; };
		A87F7EFC15385AD0000FF7D7 /* FontMatrix.cpp in Sources */ = {isa = PBXBuildFile; fileRef = A87F7EF615385AD0000FF7D7 /* FontMatrix.cpp */; };
		A87F7EFD15385AD0000FF7D7 /* XFont.cpp in Sources */ = {isa = PBXBuildFile; fileRef = A87F7EF815385AD0000FF7D7 /* XFont.cpp */; };
		A87F7EFE15385AD0000FF7D7 /* XFontSequence.cpp in Sources */ = {isa = PBXBuildFile; fileRef = A87F7EFA15385AD0000FF7D7 /* XFontSequence.cpp */; };
		A89CA35C14D0B95000C6B5AE /* CinderApp.cpp in Sources */ = {isa = PBXBuildFile; fileRef = A89CA35814D0B95000C6B5AE /* CinderApp.cpp */; };
		A89CA35D14D0B95000C6B5AE /* CinderSketch.cpp in Sources */ = {isa = PBXBuildFile; fileRef = A89CA35A14D0B95000C6B5AE /* CinderSketch.cpp */; };
		A8A277AF15FA329000F00D42 /* TextureHelper.cpp in Sources */ = {isa = PBXBuildFile; fileRef = A8A277AE15FA329000F00D42 /* TextureHelper.cpp */; };
		A8A277B315FA329700F00D42 /* PVRHelper.cpp in Sources */ = {isa = PBXBuildFile; fileRef = A8A277B115FA329700F00D42 /* PVRHelper.cpp */; };
		A8A277BA15FA374800F00D42 /* InputSource.cpp in Sources */ = {isa = PBXBuildFile; fileRef = A8A277B815FA374800F00D42 /* InputSource.cpp */; };
		A8A277C115FA563900F00D42 /* B.png in Resources */ = {isa = PBXBuildFile; fileRef = A8A277BF15FA563900F00D42 /* B.png */; };
		A8A277C215FA563900F00D42 /* hatch.png in Resources */ = {isa = PBXBuildFile; fileRef = A8A277C015FA563900F00D42 /* hatch.png */; };
		A8AB667B15826F2A00B93CD7 /* FontManager.cpp in Sources */ = {isa = PBXBuildFile; fileRef = A8AB667715826F2A00B93CD7 /* FontManager.cpp */; };
		A8CA76B7153B6B58003DCCE4 /* Utils.cpp in Sources */ = {isa = PBXBuildFile; fileRef = A8CA76B6153B6B58003DCCE4 /* Utils.cpp */; };
		A8CF2512151623C100BD643A /* ASPC.cpp in Sources */ = {isa = PBXBuildFile; fileRef = A8CF250C151623C100BD643A /* ASPC.cpp */; };
		A8CF2513151623C100BD643A /* FollowablePath.cpp in Sources */ = {isa = PBXBuildFile; fileRef = A8CF250E151623C100BD643A /* FollowablePath.cpp */; };
		A8CF2514151623C100BD643A /* SplinePath.cpp in Sources */ = {isa = PBXBuildFile; fileRef = A8CF2510151623C100BD643A /* SplinePath.cpp */; };
		A8EF74071539D1BE005DBEC2 /* md5.cpp in Sources */ = {isa = PBXBuildFile; fileRef = A8EF74051539D1BE005DBEC2 /* md5.cpp */; };
		A8EF74141539D1E0005DBEC2 /* Handler.cpp in Sources */ = {isa = PBXBuildFile; fileRef = A8EF740A1539D1E0005DBEC2 /* Handler.cpp */; };
		A8EF74151539D1E0005DBEC2 /* Looper.cpp in Sources */ = {isa = PBXBuildFile; fileRef = A8EF740C1539D1E0005DBEC2 /* Looper.cpp */; };
		A8EF74161539D1E0005DBEC2 /* MessageQueue.cpp in Sources */ = {isa = PBXBuildFile; fileRef = A8EF740F1539D1E0005DBEC2 /* MessageQueue.cpp */; };
		A8EF74171539D1E0005DBEC2 /* AudioLoop.cpp in Sources */ = {isa = PBXBuildFile; fileRef = A8EF74121539D1E0005DBEC2 /* AudioLoop.cpp */; };
/* End PBXBuildFile section */

/* Begin PBXFileReference section */
		0091D8F80E81B9330029341E /* OpenGL.framework */ = {isa = PBXFileReference; lastKnownFileType = wrapper.framework; name = OpenGL.framework; path = /System/Library/Frameworks/OpenGL.framework; sourceTree = "<absolute>"; };
		0097E3E40F3E9819005A4392 /* QuickTime.framework */ = {isa = PBXFileReference; lastKnownFileType = wrapper.framework; name = QuickTime.framework; path = /System/Library/Frameworks/QuickTime.framework; sourceTree = "<absolute>"; };
		00B784AF0FF439BC000DE1D7 /* Accelerate.framework */ = {isa = PBXFileReference; lastKnownFileType = wrapper.framework; name = Accelerate.framework; path = System/Library/Frameworks/Accelerate.framework; sourceTree = SDKROOT; };
		00B784B00FF439BC000DE1D7 /* AudioToolbox.framework */ = {isa = PBXFileReference; lastKnownFileType = wrapper.framework; name = AudioToolbox.framework; path = System/Library/Frameworks/AudioToolbox.framework; sourceTree = SDKROOT; };
		00B784B10FF439BC000DE1D7 /* AudioUnit.framework */ = {isa = PBXFileReference; lastKnownFileType = wrapper.framework; name = AudioUnit.framework; path = System/Library/Frameworks/AudioUnit.framework; sourceTree = SDKROOT; };
		00B784B20FF439BC000DE1D7 /* CoreAudio.framework */ = {isa = PBXFileReference; lastKnownFileType = wrapper.framework; name = CoreAudio.framework; path = System/Library/Frameworks/CoreAudio.framework; sourceTree = SDKROOT; };
		1058C7A1FEA54F0111CA2CBB /* Cocoa.framework */ = {isa = PBXFileReference; lastKnownFileType = wrapper.framework; name = Cocoa.framework; path = /System/Library/Frameworks/Cocoa.framework; sourceTree = "<absolute>"; };
		13E42FB307B3F0F600E4EEF1 /* CoreData.framework */ = {isa = PBXFileReference; lastKnownFileType = wrapper.framework; name = CoreData.framework; path = /System/Library/Frameworks/CoreData.framework; sourceTree = "<absolute>"; };
		29B97324FDCFA39411CA2CEA /* AppKit.framework */ = {isa = PBXFileReference; lastKnownFileType = wrapper.framework; name = AppKit.framework; path = /System/Library/Frameworks/AppKit.framework; sourceTree = "<absolute>"; };
		29B97325FDCFA39411CA2CEA /* Foundation.framework */ = {isa = PBXFileReference; lastKnownFileType = wrapper.framework; name = Foundation.framework; path = /System/Library/Frameworks/Foundation.framework; sourceTree = "<absolute>"; };
		32CA4F630368D1EE00C91783 /* Prefix.pch */ = {isa = PBXFileReference; fileEncoding = 4; lastKnownFileType = sourcecode.c.h; path = Prefix.pch; sourceTree = "<group>"; };
		5323E6B10EAFCA74003A9687 /* CoreVideo.framework */ = {isa = PBXFileReference; lastKnownFileType = wrapper.framework; name = CoreVideo.framework; path = /System/Library/Frameworks/CoreVideo.framework; sourceTree = "<absolute>"; };
		5323E6B50EAFCA7E003A9687 /* QTKit.framework */ = {isa = PBXFileReference; lastKnownFileType = wrapper.framework; name = QTKit.framework; path = /System/Library/Frameworks/QTKit.framework; sourceTree = "<absolute>"; };
		53E3CDFB0E86099300238D2B /* Carbon.framework */ = {isa = PBXFileReference; lastKnownFileType = wrapper.framework; name = Carbon.framework; path = /System/Library/Frameworks/Carbon.framework; sourceTree = "<absolute>"; };
		8D1107320486CEB800E47090 /* TextureTest_OSX.app */ = {isa = PBXFileReference; explicitFileType = wrapper.application; includeInIndex = 0; path = TextureTest_OSX.app; sourceTree = BUILT_PRODUCTS_DIR; };
		A81179DF1580F0680087AFF2 /* Sketch.cpp */ = {isa = PBXFileReference; fileEncoding = 4; lastKnownFileType = sourcecode.cpp.cpp; name = Sketch.cpp; path = ../src/Sketch.cpp; sourceTree = "<group>"; };
		A81179E01580F0680087AFF2 /* Sketch.h */ = {isa = PBXFileReference; fileEncoding = 4; lastKnownFileType = sourcecode.c.h; name = Sketch.h; path = ../src/Sketch.h; sourceTree = "<group>"; };
		A856A59615384B8A006976B2 /* StrokeHelper.h */ = {isa = PBXFileReference; fileEncoding = 4; lastKnownFileType = sourcecode.c.h; path = StrokeHelper.h; sourceTree = "<group>"; };
		A856A59715384B8A006976B2 /* TexturedTriangleStrip.h */ = {isa = PBXFileReference; fileEncoding = 4; lastKnownFileType = sourcecode.c.h; path = TexturedTriangleStrip.h; sourceTree = "<group>"; };
		A8641EE915A5D2E10054E5EC /* Sprite.cpp */ = {isa = PBXFileReference; fileEncoding = 4; lastKnownFileType = sourcecode.cpp.cpp; path = Sprite.cpp; sourceTree = "<group>"; };
		A8641EEA15A5D2E10054E5EC /* Sprite.h */ = {isa = PBXFileReference; fileEncoding = 4; lastKnownFileType = sourcecode.c.h; path = Sprite.h; sourceTree = "<group>"; };
		A8641EEB15A5D2E10054E5EC /* TextureAtlas.cpp */ = {isa = PBXFileReference; fileEncoding = 4; lastKnownFileType = sourcecode.cpp.cpp; path = TextureAtlas.cpp; sourceTree = "<group>"; };
		A8641EEC15A5D2E10054E5EC /* TextureAtlas.h */ = {isa = PBXFileReference; fileEncoding = 4; lastKnownFileType = sourcecode.c.h; path = TextureAtlas.h; sourceTree = "<group>"; };
		A8641EED15A5D2E10054E5EC /* TextureAtlasAnimation.cpp */ = {isa = PBXFileReference; fileEncoding = 4; lastKnownFileType = sourcecode.cpp.cpp; path = TextureAtlasAnimation.cpp; sourceTree = "<group>"; };
		A8641EEE15A5D2E10054E5EC /* TextureAtlasAnimation.h */ = {isa = PBXFileReference; fileEncoding = 4; lastKnownFileType = sourcecode.c.h; path = TextureAtlasAnimation.h; sourceTree = "<group>"; };
		A8641EEF15A5D2E10054E5EC /* TextureHelper.h */ = {isa = PBXFileReference; fileEncoding = 4; lastKnownFileType = sourcecode.c.h; path = TextureHelper.h; sourceTree = "<group>"; };
		A8641EF015A5D2E10054E5EC /* TextureManager.cpp */ = {isa = PBXFileReference; fileEncoding = 4; lastKnownFileType = sourcecode.cpp.cpp; path = TextureManager.cpp; sourceTree = "<group>"; };
		A8641EF115A5D2E10054E5EC /* TextureManager.h */ = {isa = PBXFileReference; fileEncoding = 4; lastKnownFileType = sourcecode.c.h; path = TextureManager.h; sourceTree = "<group>"; };
		A8641EF315A5D2E10054E5EC /* Clock.cpp */ = {isa = PBXFileReference; fileEncoding = 4; lastKnownFileType = sourcecode.cpp.cpp; path = Clock.cpp; sourceTree = "<group>"; };
		A8641EF415A5D2E10054E5EC /* Clock.h */ = {isa = PBXFileReference; fileEncoding = 4; lastKnownFileType = sourcecode.c.h; path = Clock.h; sourceTree = "<group>"; };
		A8641EF515A5D2E10054E5EC /* DefaultTimeBase.h */ = {isa = PBXFileReference; fileEncoding = 4; lastKnownFileType = sourcecode.c.h; path = DefaultTimeBase.h; sourceTree = "<group>"; };
		A8641EF615A5D2E10054E5EC /* MasterClock.cpp */ = {isa = PBXFileReference; fileEncoding = 4; lastKnownFileType = sourcecode.cpp.cpp; path = MasterClock.cpp; sourceTree = "<group>"; };
		A8641EF715A5D2E10054E5EC /* MasterClock.h */ = {isa = PBXFileReference; fileEncoding = 4; lastKnownFileType = sourcecode.c.h; path = MasterClock.h; sourceTree = "<group>"; };
		A8641EF815A5D2E10054E5EC /* TimeBase.h */ = {isa = PBXFileReference; fileEncoding = 4; lastKnownFileType = sourcecode.c.h; path = TimeBase.h; sourceTree = "<group>"; };
		A8641F0015A5D2FA0054E5EC /* Matrix2D.cpp */ = {isa = PBXFileReference; fileEncoding = 4; lastKnownFileType = sourcecode.cpp.cpp; path = Matrix2D.cpp; sourceTree = "<group>"; };
		A8641F0115A5D2FA0054E5EC /* Matrix2D.h */ = {isa = PBXFileReference; fileEncoding = 4; lastKnownFileType = sourcecode.c.h; path = Matrix2D.h; sourceTree = "<group>"; };
		A87A04641580D8FF00BB603B /* Application.cpp */ = {isa = PBXFileReference; fileEncoding = 4; lastKnownFileType = sourcecode.cpp.cpp; path = Application.cpp; sourceTree = "<group>"; };
		A87A04661580D8FF00BB603B /* CinderApp.icns */ = {isa = PBXFileReference; lastKnownFileType = image.icns; path = CinderApp.icns; sourceTree = "<group>"; };
		A87F7EF615385AD0000FF7D7 /* FontMatrix.cpp */ = {isa = PBXFileReference; fileEncoding = 4; lastKnownFileType = sourcecode.cpp.cpp; path = FontMatrix.cpp; sourceTree = "<group>"; };
		A87F7EF715385AD0000FF7D7 /* FontMatrix.h */ = {isa = PBXFileReference; fileEncoding = 4; lastKnownFileType = sourcecode.c.h; path = FontMatrix.h; sourceTree = "<group>"; };
		A87F7EF815385AD0000FF7D7 /* XFont.cpp */ = {isa = PBXFileReference; fileEncoding = 4; lastKnownFileType = sourcecode.cpp.cpp; path = XFont.cpp; sourceTree = "<group>"; };
		A87F7EF915385AD0000FF7D7 /* XFont.h */ = {isa = PBXFileReference; fileEncoding = 4; lastKnownFileType = sourcecode.c.h; path = XFont.h; sourceTree = "<group>"; };
		A87F7EFA15385AD0000FF7D7 /* XFontSequence.cpp */ = {isa = PBXFileReference; fileEncoding = 4; lastKnownFileType = sourcecode.cpp.cpp; path = XFontSequence.cpp; sourceTree = "<group>"; };
		A87F7EFB15385AD0000FF7D7 /* XFontSequence.h */ = {isa = PBXFileReference; fileEncoding = 4; lastKnownFileType = sourcecode.c.h; path = XFontSequence.h; sourceTree = "<group>"; };
		A89CA35814D0B95000C6B5AE /* CinderApp.cpp */ = {isa = PBXFileReference; fileEncoding = 4; lastKnownFileType = sourcecode.cpp.cpp; name = CinderApp.cpp; path = "../../../../chronotext-public/Toolkit/Cinder/CinderApp.cpp"; sourceTree = "<group>"; };
		A89CA35914D0B95000C6B5AE /* CinderApp.h */ = {isa = PBXFileReference; fileEncoding = 4; lastKnownFileType = sourcecode.c.h; name = CinderApp.h; path = "../../../../chronotext-public/Toolkit/Cinder/CinderApp.h"; sourceTree = "<group>"; xcLanguageSpecificationIdentifier = xcode.lang.objcpp; };
		A89CA35A14D0B95000C6B5AE /* CinderSketch.cpp */ = {isa = PBXFileReference; fileEncoding = 4; lastKnownFileType = sourcecode.cpp.cpp; name = CinderSketch.cpp; path = "../../../../chronotext-public/Toolkit/Cinder/CinderSketch.cpp"; sourceTree = "<group>"; };
		A89CA35B14D0B95000C6B5AE /* CinderSketch.h */ = {isa = PBXFileReference; fileEncoding = 4; lastKnownFileType = sourcecode.c.h; name = CinderSketch.h; path = "../../../../chronotext-public/Toolkit/Cinder/CinderSketch.h"; sourceTree = "<group>"; };
		A8A277AE15FA329000F00D42 /* TextureHelper.cpp */ = {isa = PBXFileReference; fileEncoding = 4; lastKnownFileType = sourcecode.cpp.cpp; path = TextureHelper.cpp; sourceTree = "<group>"; };
		A8A277B115FA329700F00D42 /* PVRHelper.cpp */ = {isa = PBXFileReference; fileEncoding = 4; lastKnownFileType = sourcecode.cpp.cpp; path = PVRHelper.cpp; sourceTree = "<group>"; };
		A8A277B215FA329700F00D42 /* PVRHelper.h */ = {isa = PBXFileReference; fileEncoding = 4; lastKnownFileType = sourcecode.c.h; path = PVRHelper.h; sourceTree = "<group>"; };
		A8A277B415FA32DD00F00D42 /* Curves.h */ = {isa = PBXFileReference; fileEncoding = 4; lastKnownFileType = sourcecode.c.h; path = Curves.h; sourceTree = "<group>"; };
		A8A277B515FA32DD00F00D42 /* Random.h */ = {isa = PBXFileReference; fileEncoding = 4; lastKnownFileType = sourcecode.c.h; path = Random.h; sourceTree = "<group>"; };
		A8A277B715FA338A00F00D42 /* DataStreamIO.h */ = {isa = PBXFileReference; fileEncoding = 4; lastKnownFileType = sourcecode.c.h; path = DataStreamIO.h; sourceTree = "<group>"; };
		A8A277B815FA374800F00D42 /* InputSource.cpp */ = {isa = PBXFileReference; fileEncoding = 4; lastKnownFileType = sourcecode.cpp.cpp; path = InputSource.cpp; sourceTree = "<group>"; };
		A8A277B915FA374800F00D42 /* InputSource.h */ = {isa = PBXFileReference; fileEncoding = 4; lastKnownFileType = sourcecode.c.h; path = InputSource.h; sourceTree = "<group>"; };
		A8A277BF15FA563900F00D42 /* B.png */ = {isa = PBXFileReference; lastKnownFileType = image.png; name = B.png; path = ../resources/B.png; sourceTree = "<group>"; };
		A8A277C015FA563900F00D42 /* hatch.png */ = {isa = PBXFileReference; lastKnownFileType = image.png; name = hatch.png; path = ../resources/hatch.png; sourceTree = "<group>"; };
		A8A277C415FA56A400F00D42 /* Resources.h */ = {isa = PBXFileReference; fileEncoding = 4; lastKnownFileType = sourcecode.c.h; name = Resources.h; path = ../include/Resources.h; sourceTree = "<group>"; };
		A8AB667615826F2A00B93CD7 /* FontHelper.h */ = {isa = PBXFileReference; fileEncoding = 4; lastKnownFileType = sourcecode.c.h; path = FontHelper.h; sourceTree = "<group>"; };
		A8AB667715826F2A00B93CD7 /* FontManager.cpp */ = {isa = PBXFileReference; fileEncoding = 4; lastKnownFileType = sourcecode.cpp.cpp; path = FontManager.cpp; sourceTree = "<group>"; };
		A8AB667815826F2A00B93CD7 /* FontManager.h */ = {isa = PBXFileReference; fileEncoding = 4; lastKnownFileType = sourcecode.c.h; path = FontManager.h; sourceTree = "<group>"; };
		A8B1C97015630360004BBA73 /* Hasher.h */ = {isa = PBXFileReference; fileEncoding = 4; lastKnownFileType = sourcecode.c.h; path = Hasher.h; sourceTree = "<group>"; };
		A8CA76B6153B6B58003DCCE4 /* Utils.cpp */ = {isa = PBXFileReference; explicitFileType = sourcecode.cpp.objcpp; fileEncoding = 4; path = Utils.cpp; sourceTree = "<group>"; };
		A8CF25011516238F00BD643A /* Constants.h */ = {isa = PBXFileReference; fileEncoding = 4; lastKnownFileType = sourcecode.c.h; path = Constants.h; sourceTree = "<group>"; };
		A8CF25031516238F00BD643A /* GraphicHelper.h */ = {isa = PBXFileReference; fileEncoding = 4; lastKnownFileType = sourcecode.c.h; path = GraphicHelper.h; sourceTree = "<group>"; };
		A8CF25071516238F00BD643A /* Utils.h */ = {isa = PBXFileReference; explicitFileType = sourcecode.cpp.h; fileEncoding = 4; path = Utils.h; sourceTree = "<group>"; };
		A8CF250C151623C100BD643A /* ASPC.cpp */ = {isa = PBXFileReference; fileEncoding = 4; lastKnownFileType = sourcecode.cpp.cpp; path = ASPC.cpp; sourceTree = "<group>"; };
		A8CF250D151623C100BD643A /* ASPC.h */ = {isa = PBXFileReference; fileEncoding = 4; lastKnownFileType = sourcecode.c.h; path = ASPC.h; sourceTree = "<group>"; };
		A8CF250E151623C100BD643A /* FollowablePath.cpp */ = {isa = PBXFileReference; fileEncoding = 4; lastKnownFileType = sourcecode.cpp.cpp; path = FollowablePath.cpp; sourceTree = "<group>"; };
		A8CF250F151623C100BD643A /* FollowablePath.h */ = {isa = PBXFileReference; fileEncoding = 4; lastKnownFileType = sourcecode.c.h; path = FollowablePath.h; sourceTree = "<group>"; };
		A8CF2510151623C100BD643A /* SplinePath.cpp */ = {isa = PBXFileReference; fileEncoding = 4; lastKnownFileType = sourcecode.cpp.cpp; path = SplinePath.cpp; sourceTree = "<group>"; };
		A8CF2511151623C100BD643A /* SplinePath.h */ = {isa = PBXFileReference; fileEncoding = 4; lastKnownFileType = sourcecode.c.h; path = SplinePath.h; sourceTree = "<group>"; };
		A8EF74051539D1BE005DBEC2 /* md5.cpp */ = {isa = PBXFileReference; fileEncoding = 4; lastKnownFileType = sourcecode.cpp.cpp; path = md5.cpp; sourceTree = "<group>"; };
		A8EF74061539D1BE005DBEC2 /* md5.h */ = {isa = PBXFileReference; fileEncoding = 4; lastKnownFileType = sourcecode.c.h; path = md5.h; sourceTree = "<group>"; };
		A8EF740A1539D1E0005DBEC2 /* Handler.cpp */ = {isa = PBXFileReference; fileEncoding = 4; lastKnownFileType = sourcecode.cpp.cpp; path = Handler.cpp; sourceTree = "<group>"; };
		A8EF740B1539D1E0005DBEC2 /* Handler.h */ = {isa = PBXFileReference; fileEncoding = 4; lastKnownFileType = sourcecode.c.h; path = Handler.h; sourceTree = "<group>"; };
		A8EF740C1539D1E0005DBEC2 /* Looper.cpp */ = {isa = PBXFileReference; fileEncoding = 4; lastKnownFileType = sourcecode.cpp.cpp; path = Looper.cpp; sourceTree = "<group>"; };
		A8EF740D1539D1E0005DBEC2 /* Looper.h */ = {isa = PBXFileReference; fileEncoding = 4; lastKnownFileType = sourcecode.c.h; path = Looper.h; sourceTree = "<group>"; };
		A8EF740E1539D1E0005DBEC2 /* Message.h */ = {isa = PBXFileReference; fileEncoding = 4; lastKnownFileType = sourcecode.c.h; path = Message.h; sourceTree = "<group>"; };
		A8EF740F1539D1E0005DBEC2 /* MessageQueue.cpp */ = {isa = PBXFileReference; fileEncoding = 4; lastKnownFileType = sourcecode.cpp.cpp; path = MessageQueue.cpp; sourceTree = "<group>"; };
		A8EF74101539D1E0005DBEC2 /* MessageQueue.h */ = {isa = PBXFileReference; fileEncoding = 4; lastKnownFileType = sourcecode.c.h; path = MessageQueue.h; sourceTree = "<group>"; };
		A8EF74121539D1E0005DBEC2 /* AudioLoop.cpp */ = {isa = PBXFileReference; fileEncoding = 4; lastKnownFileType = sourcecode.cpp.cpp; path = AudioLoop.cpp; sourceTree = "<group>"; };
		A8EF74131539D1E0005DBEC2 /* AudioLoop.h */ = {isa = PBXFileReference; fileEncoding = 4; lastKnownFileType = sourcecode.c.h; path = AudioLoop.h; sourceTree = "<group>"; };
		A8F2C38815667F0100D65459 /* Info.plist */ = {isa = PBXFileReference; fileEncoding = 4; lastKnownFileType = text.plist.xml; path = Info.plist; sourceTree = "<group>"; };
/* End PBXFileReference section */

/* Begin PBXFrameworksBuildPhase section */
		8D11072E0486CEB800E47090 /* Frameworks */ = {
			isa = PBXFrameworksBuildPhase;
			buildActionMask = 2147483647;
			files = (
				8D11072F0486CEB800E47090 /* Cocoa.framework in Frameworks */,
				0091D8F90E81B9330029341E /* OpenGL.framework in Frameworks */,
				53E3CDFC0E86099300238D2B /* Carbon.framework in Frameworks */,
				5323E6B20EAFCA74003A9687 /* CoreVideo.framework in Frameworks */,
				5323E6B60EAFCA7E003A9687 /* QTKit.framework in Frameworks */,
				0097E3E50F3E9819005A4392 /* QuickTime.framework in Frameworks */,
				00B784B30FF439BC000DE1D7 /* Accelerate.framework in Frameworks */,
				00B784B40FF439BC000DE1D7 /* AudioToolbox.framework in Frameworks */,
				00B784B50FF439BC000DE1D7 /* AudioUnit.framework in Frameworks */,
				00B784B60FF439BC000DE1D7 /* CoreAudio.framework in Frameworks */,
			);
			runOnlyForDeploymentPostprocessing = 0;
		};
/* End PBXFrameworksBuildPhase section */

/* Begin PBXGroup section */
		080E96DDFE201D6D7F000001 /* Source */ = {
			isa = PBXGroup;
			children = (
				A81179E01580F0680087AFF2 /* Sketch.h */,
				A81179DF1580F0680087AFF2 /* Sketch.cpp */,
			);
			name = Source;
			sourceTree = "<group>";
		};
		1058C7A0FEA54F0111CA2CBB /* Linked Frameworks */ = {
			isa = PBXGroup;
			children = (
				00B784AF0FF439BC000DE1D7 /* Accelerate.framework */,
				00B784B00FF439BC000DE1D7 /* AudioToolbox.framework */,
				00B784B10FF439BC000DE1D7 /* AudioUnit.framework */,
				00B784B20FF439BC000DE1D7 /* CoreAudio.framework */,
				0097E3E40F3E9819005A4392 /* QuickTime.framework */,
				5323E6B50EAFCA7E003A9687 /* QTKit.framework */,
				5323E6B10EAFCA74003A9687 /* CoreVideo.framework */,
				53E3CDFB0E86099300238D2B /* Carbon.framework */,
				0091D8F80E81B9330029341E /* OpenGL.framework */,
				1058C7A1FEA54F0111CA2CBB /* Cocoa.framework */,
			);
			name = "Linked Frameworks";
			sourceTree = "<group>";
		};
		1058C7A2FEA54F0111CA2CBB /* Other Frameworks */ = {
			isa = PBXGroup;
			children = (
				29B97324FDCFA39411CA2CEA /* AppKit.framework */,
				13E42FB307B3F0F600E4EEF1 /* CoreData.framework */,
				29B97325FDCFA39411CA2CEA /* Foundation.framework */,
			);
			name = "Other Frameworks";
			sourceTree = "<group>";
		};
		19C28FACFE9D520D11CA2CBB /* Products */ = {
			isa = PBXGroup;
			children = (
				8D1107320486CEB800E47090 /* TextureTest_OSX.app */,
			);
			name = Products;
			sourceTree = "<group>";
		};
		29B97314FDCFA39411CA2CEA /* TextureTest_OSX */ = {
			isa = PBXGroup;
			children = (
				29B97315FDCFA39411CA2CEA /* Headers */,
				A89CA33D14D0B8E200C6B5AE /* Chronotext */,
				080E96DDFE201D6D7F000001 /* Source */,
				29B97317FDCFA39411CA2CEA /* Resources */,
				A87A04621580D8D000BB603B /* OSX */,
				29B97323FDCFA39411CA2CEA /* Frameworks */,
				19C28FACFE9D520D11CA2CBB /* Products */,
			);
			name = TextureTest_OSX;
			sourceTree = "<group>";
		};
		29B97315FDCFA39411CA2CEA /* Headers */ = {
			isa = PBXGroup;
			children = (
				A8A277C415FA56A400F00D42 /* Resources.h */,
			);
			name = Headers;
			sourceTree = "<group>";
		};
		29B97317FDCFA39411CA2CEA /* Resources */ = {
			isa = PBXGroup;
			children = (
				A8A277BF15FA563900F00D42 /* B.png */,
				A8A277C015FA563900F00D42 /* hatch.png */,
			);
			name = Resources;
			sourceTree = "<group>";
		};
		29B97323FDCFA39411CA2CEA /* Frameworks */ = {
			isa = PBXGroup;
			children = (
				1058C7A0FEA54F0111CA2CBB /* Linked Frameworks */,
				1058C7A2FEA54F0111CA2CBB /* Other Frameworks */,
			);
			name = Frameworks;
			sourceTree = "<group>";
		};
		A8641EE815A5D2E10054E5EC /* Texture */ = {
			isa = PBXGroup;
			children = (
				A8641EEA15A5D2E10054E5EC /* Sprite.h */,
				A8641EE915A5D2E10054E5EC /* Sprite.cpp */,
				A8641EEC15A5D2E10054E5EC /* TextureAtlas.h */,
				A8641EEB15A5D2E10054E5EC /* TextureAtlas.cpp */,
				A8641EEE15A5D2E10054E5EC /* TextureAtlasAnimation.h */,
				A8641EED15A5D2E10054E5EC /* TextureAtlasAnimation.cpp */,
				A8641EEF15A5D2E10054E5EC /* TextureHelper.h */,
				A8A277AE15FA329000F00D42 /* TextureHelper.cpp */,
				A8641EF115A5D2E10054E5EC /* TextureManager.h */,
				A8641EF015A5D2E10054E5EC /* TextureManager.cpp */,
				A8A277B215FA329700F00D42 /* PVRHelper.h */,
				A8A277B115FA329700F00D42 /* PVRHelper.cpp */,
			);
			name = Texture;
			path = "../../../../chronotext-public/Toolkit/Texture";
			sourceTree = "<group>";
		};
		A8641EF215A5D2E10054E5EC /* Time */ = {
			isa = PBXGroup;
			children = (
				A8641EF315A5D2E10054E5EC /* Clock.cpp */,
				A8641EF415A5D2E10054E5EC /* Clock.h */,
				A8641EF515A5D2E10054E5EC /* DefaultTimeBase.h */,
				A8641EF615A5D2E10054E5EC /* MasterClock.cpp */,
				A8641EF715A5D2E10054E5EC /* MasterClock.h */,
				A8641EF815A5D2E10054E5EC /* TimeBase.h */,
			);
			name = Time;
			path = "../../../../chronotext-public/Toolkit/Time";
			sourceTree = "<group>";
		};
		A8641EFF15A5D2FA0054E5EC /* Maths */ = {
			isa = PBXGroup;
			children = (
				A8A277B415FA32DD00F00D42 /* Curves.h */,
				A8A277B515FA32DD00F00D42 /* Random.h */,
				A8641F0115A5D2FA0054E5EC /* Matrix2D.h */,
				A8641F0015A5D2FA0054E5EC /* Matrix2D.cpp */,
			);
			name = Maths;
			path = "../../../../chronotext-public/Toolkit/Maths";
			sourceTree = "<group>";
		};
		A87A04621580D8D000BB603B /* OSX */ = {
			isa = PBXGroup;
			children = (
				A87A04631580D8FF00BB603B /* Classes */,
				A87A04651580D8FF00BB603B /* Resources */,
				A8F2C38815667F0100D65459 /* Info.plist */,
				32CA4F630368D1EE00C91783 /* Prefix.pch */,
			);
			name = OSX;
			sourceTree = "<group>";
		};
		A87A04631580D8FF00BB603B /* Classes */ = {
			isa = PBXGroup;
			children = (
				A87A04641580D8FF00BB603B /* Application.cpp */,
			);
			path = Classes;
			sourceTree = "<group>";
		};
		A87A04651580D8FF00BB603B /* Resources */ = {
			isa = PBXGroup;
			children = (
				A87A04661580D8FF00BB603B /* CinderApp.icns */,
			);
			path = Resources;
			sourceTree = "<group>";
		};
		A87F7EF515385AD0000FF7D7 /* XFont */ = {
			isa = PBXGroup;
			children = (
				A87F7EF615385AD0000FF7D7 /* FontMatrix.cpp */,
				A87F7EF715385AD0000FF7D7 /* FontMatrix.h */,
				A87F7EF815385AD0000FF7D7 /* XFont.cpp */,
				A87F7EF915385AD0000FF7D7 /* XFont.h */,
				A87F7EFA15385AD0000FF7D7 /* XFontSequence.cpp */,
				A87F7EFB15385AD0000FF7D7 /* XFontSequence.h */,
			);
			name = XFont;
			path = "../../../../chronotext-public/Toolkit/XFont";
			sourceTree = "<group>";
		};
		A89CA33C14D0B8DF00C6B5AE /* Cinder */ = {
			isa = PBXGroup;
			children = (
				A89CA35914D0B95000C6B5AE /* CinderApp.h */,
				A89CA35814D0B95000C6B5AE /* CinderApp.cpp */,
				A89CA35B14D0B95000C6B5AE /* CinderSketch.h */,
				A89CA35A14D0B95000C6B5AE /* CinderSketch.cpp */,
			);
			name = Cinder;
			sourceTree = "<group>";
		};
		A89CA33D14D0B8E200C6B5AE /* Chronotext */ = {
			isa = PBXGroup;
			children = (
				A89CA33C14D0B8DF00C6B5AE /* Cinder */,
				A87F7EF515385AD0000FF7D7 /* XFont */,
				A8AB667515826F2A00B93CD7 /* Text */,
				A8641EE815A5D2E10054E5EC /* Texture */,
				A8641EF215A5D2E10054E5EC /* Time */,
				A8CF250B151623C100BD643A /* FollowablePath */,
				A8CF25001516238F00BD643A /* Utils */,
				A8A277B615FA338A00F00D42 /* Data */,
				A8641EFF15A5D2FA0054E5EC /* Maths */,
				A8EF74091539D1E0005DBEC2 /* OS */,
				A8EF74111539D1E0005DBEC2 /* Sound */,
			);
			name = Chronotext;
			sourceTree = "<group>";
		};
		A8A277B615FA338A00F00D42 /* Data */ = {
			isa = PBXGroup;
			children = (
				A8A277B715FA338A00F00D42 /* DataStreamIO.h */,
				A8A277B915FA374800F00D42 /* InputSource.h */,
				A8A277B815FA374800F00D42 /* InputSource.cpp */,
			);
			name = Data;
			path = ../../../Toolkit/Data;
			sourceTree = "<group>";
		};
		A8AB667515826F2A00B93CD7 /* Text */ = {
			isa = PBXGroup;
			children = (
				A8AB667615826F2A00B93CD7 /* FontHelper.h */,
				A8AB667815826F2A00B93CD7 /* FontManager.h */,
				A8AB667715826F2A00B93CD7 /* FontManager.cpp */,
			);
			name = Text;
			path = "../../../../chronotext-public/Toolkit/Text";
			sourceTree = "<group>";
		};
		A8CF25001516238F00BD643A /* Utils */ = {
			isa = PBXGroup;
			children = (
				A8EF74041539D1BE005DBEC2 /* md5 */,
				A8CF25011516238F00BD643A /* Constants.h */,
				A8CF25071516238F00BD643A /* Utils.h */,
				A8CA76B6153B6B58003DCCE4 /* Utils.cpp */,
				A856A59615384B8A006976B2 /* StrokeHelper.h */,
				A8CF25031516238F00BD643A /* GraphicHelper.h */,
				A856A59715384B8A006976B2 /* TexturedTriangleStrip.h */,
				A8B1C97015630360004BBA73 /* Hasher.h */,
			);
			name = Utils;
			path = "../../../../chronotext-public/Toolkit/Utils";
			sourceTree = "<group>";
		};
		A8CF250B151623C100BD643A /* FollowablePath */ = {
			isa = PBXGroup;
			children = (
				A8CF250D151623C100BD643A /* ASPC.h */,
				A8CF250C151623C100BD643A /* ASPC.cpp */,
				A8CF250F151623C100BD643A /* FollowablePath.h */,
				A8CF250E151623C100BD643A /* FollowablePath.cpp */,
				A8CF2511151623C100BD643A /* SplinePath.h */,
				A8CF2510151623C100BD643A /* SplinePath.cpp */,
			);
			name = FollowablePath;
			path = "../../../../chronotext-public/Toolkit/FollowablePath";
			sourceTree = "<group>";
		};
		A8EF74041539D1BE005DBEC2 /* md5 */ = {
			isa = PBXGroup;
			children = (
				A8EF74061539D1BE005DBEC2 /* md5.h */,
				A8EF74051539D1BE005DBEC2 /* md5.cpp */,
			);
			path = md5;
			sourceTree = "<group>";
		};
		A8EF74091539D1E0005DBEC2 /* OS */ = {
			isa = PBXGroup;
			children = (
				A8EF740A1539D1E0005DBEC2 /* Handler.cpp */,
				A8EF740B1539D1E0005DBEC2 /* Handler.h */,
				A8EF740C1539D1E0005DBEC2 /* Looper.cpp */,
				A8EF740D1539D1E0005DBEC2 /* Looper.h */,
				A8EF740E1539D1E0005DBEC2 /* Message.h */,
				A8EF740F1539D1E0005DBEC2 /* MessageQueue.cpp */,
				A8EF74101539D1E0005DBEC2 /* MessageQueue.h */,
			);
			name = OS;
			path = "../../../../chronotext-public/Toolkit/OS";
			sourceTree = "<group>";
		};
		A8EF74111539D1E0005DBEC2 /* Sound */ = {
			isa = PBXGroup;
			children = (
				A8EF74121539D1E0005DBEC2 /* AudioLoop.cpp */,
				A8EF74131539D1E0005DBEC2 /* AudioLoop.h */,
			);
			name = Sound;
			path = "../../../../chronotext-public/Toolkit/Sound";
			sourceTree = "<group>";
		};
/* End PBXGroup section */

/* Begin PBXNativeTarget section */
		8D1107260486CEB800E47090 /* TextureTest_OSX */ = {
			isa = PBXNativeTarget;
			buildConfigurationList = C01FCF4A08A954540054247B /* Build configuration list for PBXNativeTarget "TextureTest_OSX" */;
			buildPhases = (
				8D1107290486CEB800E47090 /* Resources */,
				8D11072C0486CEB800E47090 /* Sources */,
				8D11072E0486CEB800E47090 /* Frameworks */,
			);
			buildRules = (
			);
			dependencies = (
			);
			name = TextureTest_OSX;
			productInstallPath = "$(HOME)/Applications";
			productName = TextureTest_OSX;
			productReference = 8D1107320486CEB800E47090 /* TextureTest_OSX.app */;
			productType = "com.apple.product-type.application";
		};
/* End PBXNativeTarget section */

/* Begin PBXProject section */
		29B97313FDCFA39411CA2CEA /* Project object */ = {
			isa = PBXProject;
			attributes = {
				LastUpgradeCheck = 0420;
				ORGANIZATIONNAME = chronotext.com;
			};
			buildConfigurationList = C01FCF4E08A954540054247B /* Build configuration list for PBXProject "TextureTest_OSX" */;
			compatibilityVersion = "Xcode 3.2";
			developmentRegion = English;
			hasScannedForEncodings = 1;
			knownRegions = (
				en,
			);
			mainGroup = 29B97314FDCFA39411CA2CEA /* TextureTest_OSX */;
			projectDirPath = "";
			projectRoot = "";
			targets = (
				8D1107260486CEB800E47090 /* TextureTest_OSX */,
			);
		};
/* End PBXProject section */

/* Begin PBXResourcesBuildPhase section */
		8D1107290486CEB800E47090 /* Resources */ = {
			isa = PBXResourcesBuildPhase;
			buildActionMask = 2147483647;
			files = (
				A87A04681580D8FF00BB603B /* CinderApp.icns in Resources */,
				A8A277C115FA563900F00D42 /* B.png in Resources */,
				A8A277C215FA563900F00D42 /* hatch.png in Resources */,
			);
			runOnlyForDeploymentPostprocessing = 0;
		};
/* End PBXResourcesBuildPhase section */

/* Begin PBXSourcesBuildPhase section */
		8D11072C0486CEB800E47090 /* Sources */ = {
			isa = PBXSourcesBuildPhase;
			buildActionMask = 2147483647;
			files = (
				A89CA35C14D0B95000C6B5AE /* CinderApp.cpp in Sources */,
				A89CA35D14D0B95000C6B5AE /* CinderSketch.cpp in Sources */,
				A8CF2512151623C100BD643A /* ASPC.cpp in Sources */,
				A8CF2513151623C100BD643A /* FollowablePath.cpp in Sources */,
				A8CF2514151623C100BD643A /* SplinePath.cpp in Sources */,
				A87F7EFC15385AD0000FF7D7 /* FontMatrix.cpp in Sources */,
				A87F7EFD15385AD0000FF7D7 /* XFont.cpp in Sources */,
				A87F7EFE15385AD0000FF7D7 /* XFontSequence.cpp in Sources */,
				A8EF74071539D1BE005DBEC2 /* md5.cpp in Sources */,
				A8EF74141539D1E0005DBEC2 /* Handler.cpp in Sources */,
				A8EF74151539D1E0005DBEC2 /* Looper.cpp in Sources */,
				A8EF74161539D1E0005DBEC2 /* MessageQueue.cpp in Sources */,
				A8EF74171539D1E0005DBEC2 /* AudioLoop.cpp in Sources */,
				A8CA76B7153B6B58003DCCE4 /* Utils.cpp in Sources */,
				A87A04671580D8FF00BB603B /* Application.cpp in Sources */,
				A81179E11580F0680087AFF2 /* Sketch.cpp in Sources */,
				A8AB667B15826F2A00B93CD7 /* FontManager.cpp in Sources */,
				A8641EF915A5D2E10054E5EC /* Sprite.cpp in Sources */,
				A8641EFA15A5D2E10054E5EC /* TextureAtlas.cpp in Sources */,
				A8641EFB15A5D2E10054E5EC /* TextureAtlasAnimation.cpp in Sources */,
				A8641EFC15A5D2E10054E5EC /* TextureManager.cpp in Sources */,
				A8641EFD15A5D2E10054E5EC /* Clock.cpp in Sources */,
				A8641EFE15A5D2E10054E5EC /* MasterClock.cpp in Sources */,
				A8641F0215A5D2FA0054E5EC /* Matrix2D.cpp in Sources */,
				A8A277AF15FA329000F00D42 /* TextureHelper.cpp in Sources */,
				A8A277B315FA329700F00D42 /* PVRHelper.cpp in Sources */,
				A8A277BA15FA374800F00D42 /* InputSource.cpp in Sources */,
			);
			runOnlyForDeploymentPostprocessing = 0;
		};
/* End PBXSourcesBuildPhase section */

/* Begin XCBuildConfiguration section */
		C01FCF4B08A954540054247B /* Debug */ = {
			isa = XCBuildConfiguration;
			buildSettings = {
				COPY_PHASE_STRIP = NO;
				GCC_DYNAMIC_NO_PIC = NO;
				GCC_INLINES_ARE_PRIVATE_EXTERN = NO;
				GCC_MODEL_TUNING = G5;
				GCC_OPTIMIZATION_LEVEL = 0;
				GCC_PRECOMPILE_PREFIX_HEADER = YES;
				GCC_PREFIX_HEADER = Prefix.pch;
				GCC_SYMBOLS_PRIVATE_EXTERN = NO;
				HEADER_SEARCH_PATHS = (
					"$(CINDER_PATH)/src/libtess2",
					"\"$(CINDER_PATH)/boost\"",
				);
				INFOPLIST_FILE = Info.plist;
				INSTALL_PATH = "$(HOME)/Applications";
				OTHER_LDFLAGS = "\"$(CINDER_PATH)/lib/libcinder_d.a\"";
				PRODUCT_NAME = TextureTest_OSX;
				WRAPPER_EXTENSION = app;
			};
			name = Debug;
		};
		C01FCF4C08A954540054247B /* Release */ = {
			isa = XCBuildConfiguration;
			buildSettings = {
				DEAD_CODE_STRIPPING = YES;
				DEBUG_INFORMATION_FORMAT = "dwarf-with-dsym";
				GCC_FAST_MATH = YES;
				GCC_GENERATE_DEBUGGING_SYMBOLS = NO;
				GCC_INLINES_ARE_PRIVATE_EXTERN = NO;
				GCC_MODEL_TUNING = G5;
				GCC_OPTIMIZATION_LEVEL = 3;
				GCC_PRECOMPILE_PREFIX_HEADER = YES;
				GCC_PREFIX_HEADER = Prefix.pch;
				GCC_SYMBOLS_PRIVATE_EXTERN = NO;
				HEADER_SEARCH_PATHS = (
					"$(CINDER_PATH)/src/libtess2",
					"\"$(CINDER_PATH)/boost\"",
				);
				INFOPLIST_FILE = Info.plist;
				INSTALL_PATH = "$(HOME)/Applications";
				OTHER_LDFLAGS = "\"$(CINDER_PATH)/lib/libcinder.a\"";
				PRODUCT_NAME = TextureTest_OSX;
				STRIP_INSTALLED_PRODUCT = YES;
				WRAPPER_EXTENSION = app;
			};
			name = Release;
		};
		C01FCF4F08A954540054247B /* Debug */ = {
			isa = XCBuildConfiguration;
			buildSettings = {
				ALWAYS_SEARCH_USER_PATHS = NO;
				ARCHS = i386;
				CINDER_PATH = "$(SOURCE_ROOT)/../../../../CINDER";
				GCC_INLINES_ARE_PRIVATE_EXTERN = NO;
				GCC_PREPROCESSOR_DEFINITIONS = DEBUG;
				GCC_SYMBOLS_PRIVATE_EXTERN = NO;
				GCC_VERSION = com.apple.compilers.llvm.clang.1_0;
				GCC_WARN_ABOUT_RETURN_TYPE = YES;
				GCC_WARN_UNUSED_VARIABLE = YES;
				HEADER_SEARCH_PATHS = "\"$(CINDER_PATH)/boost\"";
				MACOSX_DEPLOYMENT_TARGET = 10.5;
				SDKROOT = macosx;
				USER_HEADER_SEARCH_PATHS = "\"$(CINDER_PATH)/include\" ../include";
			};
			name = Debug;
		};
		C01FCF5008A954540054247B /* Release */ = {
			isa = XCBuildConfiguration;
			buildSettings = {
				ALWAYS_SEARCH_USER_PATHS = NO;
				ARCHS = i386;
				CINDER_PATH = "$(SOURCE_ROOT)/../../../../CINDER";
				GCC_INLINES_ARE_PRIVATE_EXTERN = NO;
				GCC_SYMBOLS_PRIVATE_EXTERN = NO;
				GCC_VERSION = com.apple.compilers.llvm.clang.1_0;
				GCC_WARN_ABOUT_RETURN_TYPE = YES;
				GCC_WARN_UNUSED_VARIABLE = YES;
				HEADER_SEARCH_PATHS = "\"$(CINDER_PATH)/boost\"";
				MACOSX_DEPLOYMENT_TARGET = 10.5;
				SDKROOT = macosx;
				USER_HEADER_SEARCH_PATHS = "\"$(CINDER_PATH)/include\" ../include";
			};
			name = Release;
		};
/* End XCBuildConfiguration section */

/* Begin XCConfigurationList section */
		C01FCF4A08A954540054247B /* Build configuration list for PBXNativeTarget "TextureTest_OSX" */ = {
			isa = XCConfigurationList;
			buildConfigurations = (
				C01FCF4B08A954540054247B /* Debug */,
				C01FCF4C08A954540054247B /* Release */,
			);
			defaultConfigurationIsVisible = 0;
			defaultConfigurationName = Release;
		};
		C01FCF4E08A954540054247B /* Build configuration list for PBXProject "TextureTest_OSX" */ = {
			isa = XCConfigurationList;
			buildConfigurations = (
				C01FCF4F08A954540054247B /* Debug */,
				C01FCF5008A954540054247B /* Release */,
			);
			defaultConfigurationIsVisible = 0;
			defaultConfigurationName = Release;
		};
/* End XCConfigurationList section */
	};
	rootObject = 29B97313FDCFA39411CA2CEA /* Project object */;
}
