// !$*UTF8*$!
{
	archiveVersion = 1;
	classes = {
	};
	objectVersion = 45;
	objects = {

/* Begin PBXBuildFile section */
		00CFDF6B1138442D0091E310 /* CoreGraphics.framework in Frameworks */ = {isa = PBXBuildFile; fileRef = 00CFDF6A1138442D0091E310 /* CoreGraphics.framework */; };
		1D60589F0D05DD5A006BFB54 /* Foundation.framework in Frameworks */ = {isa = PBXBuildFile; fileRef = 1D30AB110D05D00D00671497 /* Foundation.framework */; };
		1DF5F4E00D08C38300B7A737 /* UIKit.framework in Frameworks */ = {isa = PBXBuildFile; fileRef = 1DF5F4DF0D08C38300B7A737 /* UIKit.framework */; };
		28FD15000DC6FC520079059D /* OpenGLES.framework in Frameworks */ = {isa = PBXBuildFile; fileRef = 28FD14FF0DC6FC520079059D /* OpenGLES.framework */; };
		28FD15080DC6FC5B0079059D /* QuartzCore.framework in Frameworks */ = {isa = PBXBuildFile; fileRef = 28FD15070DC6FC5B0079059D /* QuartzCore.framework */; };
		A81595B0166CD6D0002DD06C /* Louis_XIV_of_France.jpg in Resources */ = {isa = PBXBuildFile; fileRef = A81595AF166CD6D0002DD06C /* Louis_XIV_of_France.jpg */; };
		A815C1161636DEEF006FC15E /* Icon.png in Resources */ = {isa = PBXBuildFile; fileRef = A815C1151636DEEF006FC15E /* Icon.png */; };
		A815D75A164EED54003AFC42 /* CinderApp.cpp in Sources */ = {isa = PBXBuildFile; fileRef = A815D756164EED54003AFC42 /* CinderApp.cpp */; };
		A84558081649D6FC00FBD4AD /* TextureAtlasManager.cpp in Sources */ = {isa = PBXBuildFile; fileRef = A84558061649D6FC00FBD4AD /* TextureAtlasManager.cpp */; };
		A87A4EF1162EF4C60059878E /* Sketch.cpp in Sources */ = {isa = PBXBuildFile; fileRef = A87A4EEF162EF4C60059878E /* Sketch.cpp */; };
		A87A5510162F63F90059878E /* FontMatrix.cpp in Sources */ = {isa = PBXBuildFile; fileRef = A87A5470162F63F90059878E /* FontMatrix.cpp */; };
		A87A5511162F63F90059878E /* XFont.cpp in Sources */ = {isa = PBXBuildFile; fileRef = A87A5472162F63F90059878E /* XFont.cpp */; };
		A87A5512162F63F90059878E /* XFontSequence.cpp in Sources */ = {isa = PBXBuildFile; fileRef = A87A5474162F63F90059878E /* XFontSequence.cpp */; };
		A87A5523162F63F90059878E /* InputSource.cpp in Sources */ = {isa = PBXBuildFile; fileRef = A87A54A3162F63F90059878E /* InputSource.cpp */; };
		A87A5531162F63F90059878E /* Matrix2D.cpp in Sources */ = {isa = PBXBuildFile; fileRef = A87A54C5162F63F90059878E /* Matrix2D.cpp */; };
		A87A5532162F63F90059878E /* Handler.cpp in Sources */ = {isa = PBXBuildFile; fileRef = A87A54C9162F63F90059878E /* Handler.cpp */; };
		A87A5533162F63F90059878E /* Looper.cpp in Sources */ = {isa = PBXBuildFile; fileRef = A87A54CB162F63F90059878E /* Looper.cpp */; };
		A87A5534162F63F90059878E /* MessageQueue.cpp in Sources */ = {isa = PBXBuildFile; fileRef = A87A54CE162F63F90059878E /* MessageQueue.cpp */; };
		A87A5535162F63F90059878E /* ASPC.cpp in Sources */ = {isa = PBXBuildFile; fileRef = A87A54D1162F63F90059878E /* ASPC.cpp */; };
		A87A5536162F63F90059878E /* FollowablePath.cpp in Sources */ = {isa = PBXBuildFile; fileRef = A87A54D3162F63F90059878E /* FollowablePath.cpp */; };
		A87A5537162F63F90059878E /* SplinePath.cpp in Sources */ = {isa = PBXBuildFile; fileRef = A87A54D5162F63F90059878E /* SplinePath.cpp */; };
		A87A5538162F63F90059878E /* ScreenManager.cpp in Sources */ = {isa = PBXBuildFile; fileRef = A87A54D7162F63F90059878E /* ScreenManager.cpp */; };
		A87A5539162F63F90059878E /* AudioLoop.cpp in Sources */ = {isa = PBXBuildFile; fileRef = A87A54DA162F63F90059878E /* AudioLoop.cpp */; };
		A87A553A162F63F90059878E /* FontHelper.cpp in Sources */ = {isa = PBXBuildFile; fileRef = A87A54DD162F63F90059878E /* FontHelper.cpp */; };
		A87A553B162F63F90059878E /* FontManager.cpp in Sources */ = {isa = PBXBuildFile; fileRef = A87A54DF162F63F90059878E /* FontManager.cpp */; };
		A87A553C162F63F90059878E /* WordWrapper.cpp in Sources */ = {isa = PBXBuildFile; fileRef = A87A54E2162F63F90059878E /* WordWrapper.cpp */; };
		A87A553D162F63F90059878E /* PVRHelper.cpp in Sources */ = {isa = PBXBuildFile; fileRef = A87A54E5162F63F90059878E /* PVRHelper.cpp */; };
		A87A553E162F63F90059878E /* Sprite.cpp in Sources */ = {isa = PBXBuildFile; fileRef = A87A54E7162F63F90059878E /* Sprite.cpp */; };
		A87A553F162F63F90059878E /* Texture.cpp in Sources */ = {isa = PBXBuildFile; fileRef = A87A54E9162F63F90059878E /* Texture.cpp */; };
		A87A5540162F63F90059878E /* TextureAtlas.cpp in Sources */ = {isa = PBXBuildFile; fileRef = A87A54EB162F63F90059878E /* TextureAtlas.cpp */; };
		A87A5541162F63F90059878E /* TextureAtlasAnimation.cpp in Sources */ = {isa = PBXBuildFile; fileRef = A87A54ED162F63F90059878E /* TextureAtlasAnimation.cpp */; };
		A87A5542162F63F90059878E /* TextureHelper.cpp in Sources */ = {isa = PBXBuildFile; fileRef = A87A54EF162F63F90059878E /* TextureHelper.cpp */; };
		A87A5543162F63F90059878E /* TextureManager.cpp in Sources */ = {isa = PBXBuildFile; fileRef = A87A54F1162F63F90059878E /* TextureManager.cpp */; };
		A87A5544162F63F90059878E /* Clock.cpp in Sources */ = {isa = PBXBuildFile; fileRef = A87A54F4162F63F90059878E /* Clock.cpp */; };
		A87A5545162F63F90059878E /* MasterClock.cpp in Sources */ = {isa = PBXBuildFile; fileRef = A87A54F7162F63F90059878E /* MasterClock.cpp */; };
		A87A5546162F63F90059878E /* md5.cpp in Sources */ = {isa = PBXBuildFile; fileRef = A87A5500162F63F90059878E /* md5.cpp */; };
		A87A5547162F63F90059878E /* Utils.cpp in Sources */ = {isa = PBXBuildFile; fileRef = A87A5504162F63F90059878E /* Utils.cpp */; };
		A87A5548162F63F90059878E /* cdecode.c in Sources */ = {isa = PBXBuildFile; fileRef = A87A5507162F63F90059878E /* cdecode.c */; };
		A87A5549162F63F90059878E /* cencode.c in Sources */ = {isa = PBXBuildFile; fileRef = A87A5509162F63F90059878E /* cencode.c */; };
		A87A554A162F63F90059878E /* Y64.cpp in Sources */ = {isa = PBXBuildFile; fileRef = A87A550B162F63F90059878E /* Y64.cpp */; };
		A8A76D0C165FBA400095DAF9 /* CinderSketchSimple.cpp in Sources */ = {isa = PBXBuildFile; fileRef = A8A76D0B165FBA400095DAF9 /* CinderSketchSimple.cpp */; };
		A8F15C3F163C8B21001689AE /* Application.cpp in Sources */ = {isa = PBXBuildFile; fileRef = A8F15C3E163C8B21001689AE /* Application.cpp */; };
		C725DFFE121DAC7F00FA186B /* CoreMedia.framework in Frameworks */ = {isa = PBXBuildFile; fileRef = C727C02B121B400300192073 /* CoreMedia.framework */; settings = {ATTRIBUTES = (Weak, ); }; };
		C725E001121DAC8F00FA186B /* AVFoundation.framework in Frameworks */ = {isa = PBXBuildFile; fileRef = C725E000121DAC8F00FA186B /* AVFoundation.framework */; settings = {ATTRIBUTES = (Weak, ); }; };
		C727C02E121B400300192073 /* CoreVideo.framework in Frameworks */ = {isa = PBXBuildFile; fileRef = C727C02D121B400300192073 /* CoreVideo.framework */; settings = {ATTRIBUTES = (Weak, ); }; };
		C7FB19D6124BC0D70045AFD2 /* AudioToolbox.framework in Frameworks */ = {isa = PBXBuildFile; fileRef = C7FB19D5124BC0D70045AFD2 /* AudioToolbox.framework */; };
		C7FB19D6124BC0D70045AFD3 /* CoreText.framework in Frameworks */ = {isa = PBXBuildFile; fileRef = C7FB19D5124BC0D70045AFD3 /* CoreText.framework */; };
/* End PBXBuildFile section */

/* Begin PBXFileReference section */
		00CFDF6A1138442D0091E310 /* CoreGraphics.framework */ = {isa = PBXFileReference; lastKnownFileType = wrapper.framework; name = CoreGraphics.framework; path = System/Library/Frameworks/CoreGraphics.framework; sourceTree = SDKROOT; };
		1D30AB110D05D00D00671497 /* Foundation.framework */ = {isa = PBXFileReference; lastKnownFileType = wrapper.framework; name = Foundation.framework; path = System/Library/Frameworks/Foundation.framework; sourceTree = SDKROOT; };
		1D6058910D05DD3D006BFB54 /* SimpleSketch.app */ = {isa = PBXFileReference; explicitFileType = wrapper.application; includeInIndex = 0; path = SimpleSketch.app; sourceTree = BUILT_PRODUCTS_DIR; };
		1DF5F4DF0D08C38300B7A737 /* UIKit.framework */ = {isa = PBXFileReference; lastKnownFileType = wrapper.framework; name = UIKit.framework; path = System/Library/Frameworks/UIKit.framework; sourceTree = SDKROOT; };
		28FD14FF0DC6FC520079059D /* OpenGLES.framework */ = {isa = PBXFileReference; lastKnownFileType = wrapper.framework; name = OpenGLES.framework; path = System/Library/Frameworks/OpenGLES.framework; sourceTree = SDKROOT; };
		28FD15070DC6FC5B0079059D /* QuartzCore.framework */ = {isa = PBXFileReference; lastKnownFileType = wrapper.framework; name = QuartzCore.framework; path = System/Library/Frameworks/QuartzCore.framework; sourceTree = SDKROOT; };
		32CA4F630368D1EE00C91783 /* Prefix.pch */ = {isa = PBXFileReference; fileEncoding = 4; lastKnownFileType = sourcecode.c.h; path = Prefix.pch; sourceTree = "<group>"; };
		8D1107310486CEB800E47090 /* Info.plist */ = {isa = PBXFileReference; fileEncoding = 4; lastKnownFileType = text.plist.xml; path = Info.plist; plistStructureDefinitionIdentifier = "com.apple.xcode.plist.structure-definition.iphone.info-plist"; sourceTree = "<group>"; };
		A81595AF166CD6D0002DD06C /* Louis_XIV_of_France.jpg */ = {isa = PBXFileReference; lastKnownFileType = image.jpeg; name = Louis_XIV_of_France.jpg; path = ../resources/Louis_XIV_of_France.jpg; sourceTree = "<group>"; };
		A815C1151636DEEF006FC15E /* Icon.png */ = {isa = PBXFileReference; lastKnownFileType = image.png; path = Icon.png; sourceTree = "<group>"; };
		A815D756164EED54003AFC42 /* CinderApp.cpp */ = {isa = PBXFileReference; fileEncoding = 4; lastKnownFileType = sourcecode.cpp.cpp; path = CinderApp.cpp; sourceTree = "<group>"; };
		A815D757164EED54003AFC42 /* CinderApp.h */ = {isa = PBXFileReference; fileEncoding = 4; lastKnownFileType = sourcecode.c.h; path = CinderApp.h; sourceTree = "<group>"; };
		A815D758164EED54003AFC42 /* CinderSketch.h */ = {isa = PBXFileReference; fileEncoding = 4; lastKnownFileType = sourcecode.c.h; path = CinderSketch.h; sourceTree = "<group>"; };
		A815D759164EED54003AFC42 /* CinderSketchSimple.h */ = {isa = PBXFileReference; fileEncoding = 4; lastKnownFileType = sourcecode.c.h; path = CinderSketchSimple.h; sourceTree = "<group>"; };
		A84558061649D6FC00FBD4AD /* TextureAtlasManager.cpp */ = {isa = PBXFileReference; fileEncoding = 4; lastKnownFileType = sourcecode.cpp.cpp; path = TextureAtlasManager.cpp; sourceTree = "<group>"; };
		A84558071649D6FC00FBD4AD /* TextureAtlasManager.h */ = {isa = PBXFileReference; fileEncoding = 4; lastKnownFileType = sourcecode.c.h; path = TextureAtlasManager.h; sourceTree = "<group>"; };
		A87A4EEF162EF4C60059878E /* Sketch.cpp */ = {isa = PBXFileReference; fileEncoding = 4; lastKnownFileType = sourcecode.cpp.cpp; name = Sketch.cpp; path = ../src/Sketch.cpp; sourceTree = "<group>"; };
		A87A4EF0162EF4C60059878E /* Sketch.h */ = {isa = PBXFileReference; fileEncoding = 4; lastKnownFileType = sourcecode.c.h; name = Sketch.h; path = ../src/Sketch.h; sourceTree = "<group>"; };
		A87A4EF2162EF50D0059878E /* Resources.h */ = {isa = PBXFileReference; fileEncoding = 4; lastKnownFileType = sourcecode.c.h; name = Resources.h; path = ../include/Resources.h; sourceTree = "<group>"; };
		A87A5463162F63F90059878E /* ChronotextResources.h */ = {isa = PBXFileReference; fileEncoding = 4; lastKnownFileType = sourcecode.c.h; path = ChronotextResources.h; sourceTree = "<group>"; };
		A87A5470162F63F90059878E /* FontMatrix.cpp */ = {isa = PBXFileReference; fileEncoding = 4; lastKnownFileType = sourcecode.cpp.cpp; path = FontMatrix.cpp; sourceTree = "<group>"; };
		A87A5471162F63F90059878E /* FontMatrix.h */ = {isa = PBXFileReference; fileEncoding = 4; lastKnownFileType = sourcecode.c.h; path = FontMatrix.h; sourceTree = "<group>"; };
		A87A5472162F63F90059878E /* XFont.cpp */ = {isa = PBXFileReference; fileEncoding = 4; lastKnownFileType = sourcecode.cpp.cpp; path = XFont.cpp; sourceTree = "<group>"; };
		A87A5473162F63F90059878E /* XFont.h */ = {isa = PBXFileReference; fileEncoding = 4; lastKnownFileType = sourcecode.c.h; path = XFont.h; sourceTree = "<group>"; };
		A87A5474162F63F90059878E /* XFontSequence.cpp */ = {isa = PBXFileReference; fileEncoding = 4; lastKnownFileType = sourcecode.cpp.cpp; path = XFontSequence.cpp; sourceTree = "<group>"; };
		A87A5475162F63F90059878E /* XFontSequence.h */ = {isa = PBXFileReference; fileEncoding = 4; lastKnownFileType = sourcecode.c.h; path = XFontSequence.h; sourceTree = "<group>"; };
		A87A54A3162F63F90059878E /* InputSource.cpp */ = {isa = PBXFileReference; fileEncoding = 4; lastKnownFileType = sourcecode.cpp.cpp; path = InputSource.cpp; sourceTree = "<group>"; };
		A87A54A4162F63F90059878E /* InputSource.h */ = {isa = PBXFileReference; fileEncoding = 4; lastKnownFileType = sourcecode.c.h; path = InputSource.h; sourceTree = "<group>"; };
		A87A54C4162F63F90059878E /* Curves.h */ = {isa = PBXFileReference; fileEncoding = 4; lastKnownFileType = sourcecode.c.h; path = Curves.h; sourceTree = "<group>"; };
		A87A54C5162F63F90059878E /* Matrix2D.cpp */ = {isa = PBXFileReference; fileEncoding = 4; lastKnownFileType = sourcecode.cpp.cpp; path = Matrix2D.cpp; sourceTree = "<group>"; };
		A87A54C6162F63F90059878E /* Matrix2D.h */ = {isa = PBXFileReference; fileEncoding = 4; lastKnownFileType = sourcecode.c.h; path = Matrix2D.h; sourceTree = "<group>"; };
		A87A54C7162F63F90059878E /* Random.h */ = {isa = PBXFileReference; fileEncoding = 4; lastKnownFileType = sourcecode.c.h; path = Random.h; sourceTree = "<group>"; };
		A87A54C9162F63F90059878E /* Handler.cpp */ = {isa = PBXFileReference; fileEncoding = 4; lastKnownFileType = sourcecode.cpp.cpp; path = Handler.cpp; sourceTree = "<group>"; };
		A87A54CA162F63F90059878E /* Handler.h */ = {isa = PBXFileReference; fileEncoding = 4; lastKnownFileType = sourcecode.c.h; path = Handler.h; sourceTree = "<group>"; };
		A87A54CB162F63F90059878E /* Looper.cpp */ = {isa = PBXFileReference; fileEncoding = 4; lastKnownFileType = sourcecode.cpp.cpp; path = Looper.cpp; sourceTree = "<group>"; };
		A87A54CC162F63F90059878E /* Looper.h */ = {isa = PBXFileReference; fileEncoding = 4; lastKnownFileType = sourcecode.c.h; path = Looper.h; sourceTree = "<group>"; };
		A87A54CD162F63F90059878E /* Message.h */ = {isa = PBXFileReference; fileEncoding = 4; lastKnownFileType = sourcecode.c.h; path = Message.h; sourceTree = "<group>"; };
		A87A54CE162F63F90059878E /* MessageQueue.cpp */ = {isa = PBXFileReference; fileEncoding = 4; lastKnownFileType = sourcecode.cpp.cpp; path = MessageQueue.cpp; sourceTree = "<group>"; };
		A87A54CF162F63F90059878E /* MessageQueue.h */ = {isa = PBXFileReference; fileEncoding = 4; lastKnownFileType = sourcecode.c.h; path = MessageQueue.h; sourceTree = "<group>"; };
		A87A54D1162F63F90059878E /* ASPC.cpp */ = {isa = PBXFileReference; fileEncoding = 4; lastKnownFileType = sourcecode.cpp.cpp; path = ASPC.cpp; sourceTree = "<group>"; };
		A87A54D2162F63F90059878E /* ASPC.h */ = {isa = PBXFileReference; fileEncoding = 4; lastKnownFileType = sourcecode.c.h; path = ASPC.h; sourceTree = "<group>"; };
		A87A54D3162F63F90059878E /* FollowablePath.cpp */ = {isa = PBXFileReference; fileEncoding = 4; lastKnownFileType = sourcecode.cpp.cpp; path = FollowablePath.cpp; sourceTree = "<group>"; };
		A87A54D4162F63F90059878E /* FollowablePath.h */ = {isa = PBXFileReference; fileEncoding = 4; lastKnownFileType = sourcecode.c.h; path = FollowablePath.h; sourceTree = "<group>"; };
		A87A54D5162F63F90059878E /* SplinePath.cpp */ = {isa = PBXFileReference; fileEncoding = 4; lastKnownFileType = sourcecode.cpp.cpp; path = SplinePath.cpp; sourceTree = "<group>"; };
		A87A54D6162F63F90059878E /* SplinePath.h */ = {isa = PBXFileReference; fileEncoding = 4; lastKnownFileType = sourcecode.c.h; path = SplinePath.h; sourceTree = "<group>"; };
		A87A54D7162F63F90059878E /* ScreenManager.cpp */ = {isa = PBXFileReference; fileEncoding = 4; lastKnownFileType = sourcecode.cpp.cpp; path = ScreenManager.cpp; sourceTree = "<group>"; };
		A87A54D8162F63F90059878E /* ScreenManager.h */ = {isa = PBXFileReference; fileEncoding = 4; lastKnownFileType = sourcecode.c.h; path = ScreenManager.h; sourceTree = "<group>"; };
		A87A54DA162F63F90059878E /* AudioLoop.cpp */ = {isa = PBXFileReference; fileEncoding = 4; lastKnownFileType = sourcecode.cpp.cpp; path = AudioLoop.cpp; sourceTree = "<group>"; };
		A87A54DB162F63F90059878E /* AudioLoop.h */ = {isa = PBXFileReference; fileEncoding = 4; lastKnownFileType = sourcecode.c.h; path = AudioLoop.h; sourceTree = "<group>"; };
		A87A54DD162F63F90059878E /* FontHelper.cpp */ = {isa = PBXFileReference; fileEncoding = 4; lastKnownFileType = sourcecode.cpp.cpp; path = FontHelper.cpp; sourceTree = "<group>"; };
		A87A54DE162F63F90059878E /* FontHelper.h */ = {isa = PBXFileReference; fileEncoding = 4; lastKnownFileType = sourcecode.c.h; path = FontHelper.h; sourceTree = "<group>"; };
		A87A54DF162F63F90059878E /* FontManager.cpp */ = {isa = PBXFileReference; fileEncoding = 4; lastKnownFileType = sourcecode.cpp.cpp; path = FontManager.cpp; sourceTree = "<group>"; };
		A87A54E0162F63F90059878E /* FontManager.h */ = {isa = PBXFileReference; fileEncoding = 4; lastKnownFileType = sourcecode.c.h; path = FontManager.h; sourceTree = "<group>"; };
		A87A54E1162F63F90059878E /* LinkExtractor.h */ = {isa = PBXFileReference; fileEncoding = 4; lastKnownFileType = sourcecode.c.h; path = LinkExtractor.h; sourceTree = "<group>"; };
		A87A54E2162F63F90059878E /* WordWrapper.cpp */ = {isa = PBXFileReference; fileEncoding = 4; lastKnownFileType = sourcecode.cpp.cpp; path = WordWrapper.cpp; sourceTree = "<group>"; };
		A87A54E3162F63F90059878E /* WordWrapper.h */ = {isa = PBXFileReference; fileEncoding = 4; lastKnownFileType = sourcecode.c.h; path = WordWrapper.h; sourceTree = "<group>"; };
		A87A54E5162F63F90059878E /* PVRHelper.cpp */ = {isa = PBXFileReference; fileEncoding = 4; lastKnownFileType = sourcecode.cpp.cpp; path = PVRHelper.cpp; sourceTree = "<group>"; };
		A87A54E6162F63F90059878E /* PVRHelper.h */ = {isa = PBXFileReference; fileEncoding = 4; lastKnownFileType = sourcecode.c.h; path = PVRHelper.h; sourceTree = "<group>"; };
		A87A54E7162F63F90059878E /* Sprite.cpp */ = {isa = PBXFileReference; fileEncoding = 4; lastKnownFileType = sourcecode.cpp.cpp; path = Sprite.cpp; sourceTree = "<group>"; };
		A87A54E8162F63F90059878E /* Sprite.h */ = {isa = PBXFileReference; fileEncoding = 4; lastKnownFileType = sourcecode.c.h; path = Sprite.h; sourceTree = "<group>"; };
		A87A54E9162F63F90059878E /* Texture.cpp */ = {isa = PBXFileReference; fileEncoding = 4; lastKnownFileType = sourcecode.cpp.cpp; path = Texture.cpp; sourceTree = "<group>"; };
		A87A54EA162F63F90059878E /* Texture.h */ = {isa = PBXFileReference; fileEncoding = 4; lastKnownFileType = sourcecode.c.h; path = Texture.h; sourceTree = "<group>"; };
		A87A54EB162F63F90059878E /* TextureAtlas.cpp */ = {isa = PBXFileReference; fileEncoding = 4; lastKnownFileType = sourcecode.cpp.cpp; path = TextureAtlas.cpp; sourceTree = "<group>"; };
		A87A54EC162F63F90059878E /* TextureAtlas.h */ = {isa = PBXFileReference; fileEncoding = 4; lastKnownFileType = sourcecode.c.h; path = TextureAtlas.h; sourceTree = "<group>"; };
		A87A54ED162F63F90059878E /* TextureAtlasAnimation.cpp */ = {isa = PBXFileReference; fileEncoding = 4; lastKnownFileType = sourcecode.cpp.cpp; path = TextureAtlasAnimation.cpp; sourceTree = "<group>"; };
		A87A54EE162F63F90059878E /* TextureAtlasAnimation.h */ = {isa = PBXFileReference; fileEncoding = 4; lastKnownFileType = sourcecode.c.h; path = TextureAtlasAnimation.h; sourceTree = "<group>"; };
		A87A54EF162F63F90059878E /* TextureHelper.cpp */ = {isa = PBXFileReference; fileEncoding = 4; lastKnownFileType = sourcecode.cpp.cpp; path = TextureHelper.cpp; sourceTree = "<group>"; };
		A87A54F0162F63F90059878E /* TextureHelper.h */ = {isa = PBXFileReference; fileEncoding = 4; lastKnownFileType = sourcecode.c.h; path = TextureHelper.h; sourceTree = "<group>"; };
		A87A54F1162F63F90059878E /* TextureManager.cpp */ = {isa = PBXFileReference; fileEncoding = 4; lastKnownFileType = sourcecode.cpp.cpp; path = TextureManager.cpp; sourceTree = "<group>"; };
		A87A54F2162F63F90059878E /* TextureManager.h */ = {isa = PBXFileReference; fileEncoding = 4; lastKnownFileType = sourcecode.c.h; path = TextureManager.h; sourceTree = "<group>"; };
		A87A54F4162F63F90059878E /* Clock.cpp */ = {isa = PBXFileReference; fileEncoding = 4; lastKnownFileType = sourcecode.cpp.cpp; path = Clock.cpp; sourceTree = "<group>"; };
		A87A54F5162F63F90059878E /* Clock.h */ = {isa = PBXFileReference; fileEncoding = 4; lastKnownFileType = sourcecode.c.h; path = Clock.h; sourceTree = "<group>"; };
		A87A54F6162F63F90059878E /* DefaultTimeBase.h */ = {isa = PBXFileReference; fileEncoding = 4; lastKnownFileType = sourcecode.c.h; path = DefaultTimeBase.h; sourceTree = "<group>"; };
		A87A54F7162F63F90059878E /* MasterClock.cpp */ = {isa = PBXFileReference; fileEncoding = 4; lastKnownFileType = sourcecode.cpp.cpp; path = MasterClock.cpp; sourceTree = "<group>"; };
		A87A54F8162F63F90059878E /* MasterClock.h */ = {isa = PBXFileReference; fileEncoding = 4; lastKnownFileType = sourcecode.c.h; path = MasterClock.h; sourceTree = "<group>"; };
		A87A54F9162F63F90059878E /* TimeBase.h */ = {isa = PBXFileReference; fileEncoding = 4; lastKnownFileType = sourcecode.c.h; path = TimeBase.h; sourceTree = "<group>"; };
		A87A54FB162F63F90059878E /* Constants.h */ = {isa = PBXFileReference; fileEncoding = 4; lastKnownFileType = sourcecode.c.h; path = Constants.h; sourceTree = "<group>"; };
		A87A54FC162F63F90059878E /* DataStreamIO.h */ = {isa = PBXFileReference; fileEncoding = 4; lastKnownFileType = sourcecode.c.h; path = DataStreamIO.h; sourceTree = "<group>"; };
		A87A54FD162F63F90059878E /* GraphicHelper.h */ = {isa = PBXFileReference; fileEncoding = 4; lastKnownFileType = sourcecode.c.h; path = GraphicHelper.h; sourceTree = "<group>"; };
		A87A54FE162F63F90059878E /* Hasher.h */ = {isa = PBXFileReference; fileEncoding = 4; lastKnownFileType = sourcecode.c.h; path = Hasher.h; sourceTree = "<group>"; };
		A87A5500162F63F90059878E /* md5.cpp */ = {isa = PBXFileReference; fileEncoding = 4; lastKnownFileType = sourcecode.cpp.cpp; path = md5.cpp; sourceTree = "<group>"; };
		A87A5501162F63F90059878E /* md5.h */ = {isa = PBXFileReference; fileEncoding = 4; lastKnownFileType = sourcecode.c.h; path = md5.h; sourceTree = "<group>"; };
		A87A5502162F63F90059878E /* StrokeHelper.h */ = {isa = PBXFileReference; fileEncoding = 4; lastKnownFileType = sourcecode.c.h; path = StrokeHelper.h; sourceTree = "<group>"; };
		A87A5503162F63F90059878E /* TexturedTriangleStrip.h */ = {isa = PBXFileReference; fileEncoding = 4; lastKnownFileType = sourcecode.c.h; path = TexturedTriangleStrip.h; sourceTree = "<group>"; };
		A87A5504162F63F90059878E /* Utils.cpp */ = {isa = PBXFileReference; explicitFileType = sourcecode.cpp.objcpp; fileEncoding = 4; path = Utils.cpp; sourceTree = "<group>"; };
		A87A5505162F63F90059878E /* Utils.h */ = {isa = PBXFileReference; fileEncoding = 4; lastKnownFileType = sourcecode.c.h; path = Utils.h; sourceTree = "<group>"; };
		A87A5507162F63F90059878E /* cdecode.c */ = {isa = PBXFileReference; fileEncoding = 4; lastKnownFileType = sourcecode.c.c; path = cdecode.c; sourceTree = "<group>"; };
		A87A5508162F63F90059878E /* cdecode.h */ = {isa = PBXFileReference; fileEncoding = 4; lastKnownFileType = sourcecode.c.h; path = cdecode.h; sourceTree = "<group>"; };
		A87A5509162F63F90059878E /* cencode.c */ = {isa = PBXFileReference; fileEncoding = 4; lastKnownFileType = sourcecode.c.c; path = cencode.c; sourceTree = "<group>"; };
		A87A550A162F63F90059878E /* cencode.h */ = {isa = PBXFileReference; fileEncoding = 4; lastKnownFileType = sourcecode.c.h; path = cencode.h; sourceTree = "<group>"; };
		A87A550B162F63F90059878E /* Y64.cpp */ = {isa = PBXFileReference; fileEncoding = 4; lastKnownFileType = sourcecode.cpp.cpp; path = Y64.cpp; sourceTree = "<group>"; };
		A87A550C162F63F90059878E /* Y64.h */ = {isa = PBXFileReference; fileEncoding = 4; lastKnownFileType = sourcecode.c.h; path = Y64.h; sourceTree = "<group>"; };
		A8A76D0B165FBA400095DAF9 /* CinderSketchSimple.cpp */ = {isa = PBXFileReference; fileEncoding = 4; lastKnownFileType = sourcecode.cpp.cpp; path = CinderSketchSimple.cpp; sourceTree = "<group>"; };
		A8F15C3E163C8B21001689AE /* Application.cpp */ = {isa = PBXFileReference; fileEncoding = 4; lastKnownFileType = sourcecode.cpp.cpp; name = Application.cpp; path = ../src/Application.cpp; sourceTree = "<group>"; };
		C725E000121DAC8F00FA186B /* AVFoundation.framework */ = {isa = PBXFileReference; lastKnownFileType = wrapper.framework; name = AVFoundation.framework; path = System/Library/Frameworks/AVFoundation.framework; sourceTree = SDKROOT; };
		C727C02B121B400300192073 /* CoreMedia.framework */ = {isa = PBXFileReference; lastKnownFileType = wrapper.framework; name = CoreMedia.framework; path = System/Library/Frameworks/CoreMedia.framework; sourceTree = SDKROOT; };
		C727C02D121B400300192073 /* CoreVideo.framework */ = {isa = PBXFileReference; lastKnownFileType = wrapper.framework; name = CoreVideo.framework; path = System/Library/Frameworks/CoreVideo.framework; sourceTree = SDKROOT; };
		C7FB19D5124BC0D70045AFD2 /* AudioToolbox.framework */ = {isa = PBXFileReference; lastKnownFileType = wrapper.framework; name = AudioToolbox.framework; path = System/Library/Frameworks/AudioToolbox.framework; sourceTree = SDKROOT; };
		C7FB19D5124BC0D70045AFD3 /* CoreText.framework */ = {isa = PBXFileReference; lastKnownFileType = wrapper.framework; name = CoreText.framework; path = System/Library/Frameworks/CoreText.framework; sourceTree = SDKROOT; };
/* End PBXFileReference section */

/* Begin PBXFrameworksBuildPhase section */
		1D60588F0D05DD3D006BFB54 /* Frameworks */ = {
			isa = PBXFrameworksBuildPhase;
			buildActionMask = 2147483647;
			files = (
				C725E001121DAC8F00FA186B /* AVFoundation.framework in Frameworks */,
				C725DFFE121DAC7F00FA186B /* CoreMedia.framework in Frameworks */,
				1D60589F0D05DD5A006BFB54 /* Foundation.framework in Frameworks */,
				1DF5F4E00D08C38300B7A737 /* UIKit.framework in Frameworks */,
				28FD15000DC6FC520079059D /* OpenGLES.framework in Frameworks */,
				28FD15080DC6FC5B0079059D /* QuartzCore.framework in Frameworks */,
				00CFDF6B1138442D0091E310 /* CoreGraphics.framework in Frameworks */,
				C727C02E121B400300192073 /* CoreVideo.framework in Frameworks */,
				C7FB19D6124BC0D70045AFD2 /* AudioToolbox.framework in Frameworks */,
				C7FB19D6124BC0D70045AFD3 /* CoreText.framework in Frameworks */,
			);
			runOnlyForDeploymentPostprocessing = 0;
		};
/* End PBXFrameworksBuildPhase section */

/* Begin PBXGroup section */
		00CFDFA7113848F40091E310 /* Source */ = {
			isa = PBXGroup;
			children = (
				A87A4EF0162EF4C60059878E /* Sketch.h */,
				A87A4EEF162EF4C60059878E /* Sketch.cpp */,
				A8F15C3E163C8B21001689AE /* Application.cpp */,
			);
			name = Source;
			sourceTree = "<group>";
		};
		00CFDFB81138492F0091E310 /* Headers */ = {
			isa = PBXGroup;
			children = (
				A87A4EF2162EF50D0059878E /* Resources.h */,
			);
			name = Headers;
			sourceTree = "<group>";
		};
		19C28FACFE9D520D11CA2CBB /* Products */ = {
			isa = PBXGroup;
			children = (
				1D6058910D05DD3D006BFB54 /* SimpleSketch.app */,
			);
			name = Products;
			sourceTree = "<group>";
		};
		29B97314FDCFA39411CA2CEA /* CustomTemplate */ = {
			isa = PBXGroup;
			children = (
				00CFDFB81138492F0091E310 /* Headers */,
				A87A5462162F63F90059878E /* chronotext */,
				00CFDFA7113848F40091E310 /* Source */,
				29B97317FDCFA39411CA2CEA /* Resources */,
				29B97315FDCFA39411CA2CEA /* iOS */,
				29B97323FDCFA39411CA2CEA /* Frameworks */,
				19C28FACFE9D520D11CA2CBB /* Products */,
			);
			name = CustomTemplate;
			sourceTree = "<group>";
		};
		29B97315FDCFA39411CA2CEA /* iOS */ = {
			isa = PBXGroup;
			children = (
				8D1107310486CEB800E47090 /* Info.plist */,
				32CA4F630368D1EE00C91783 /* Prefix.pch */,
				A815C1141636DEEF006FC15E /* Resources */,
			);
			name = iOS;
			sourceTree = "<group>";
		};
		29B97317FDCFA39411CA2CEA /* Resources */ = {
			isa = PBXGroup;
			children = (
				A81595AF166CD6D0002DD06C /* Louis_XIV_of_France.jpg */,
			);
			name = Resources;
			sourceTree = "<group>";
		};
		29B97323FDCFA39411CA2CEA /* Frameworks */ = {
			isa = PBXGroup;
			children = (
				C7FB19D5124BC0D70045AFD2 /* AudioToolbox.framework */,
				C7FB19D5124BC0D70045AFD3 /* CoreText.framework */,
				C727C02B121B400300192073 /* CoreMedia.framework */,
				C727C02D121B400300192073 /* CoreVideo.framework */,
				28FD15070DC6FC5B0079059D /* QuartzCore.framework */,
				28FD14FF0DC6FC520079059D /* OpenGLES.framework */,
				1DF5F4DF0D08C38300B7A737 /* UIKit.framework */,
				1D30AB110D05D00D00671497 /* Foundation.framework */,
				00CFDF6A1138442D0091E310 /* CoreGraphics.framework */,
				C725E000121DAC8F00FA186B /* AVFoundation.framework */,
			);
			name = Frameworks;
			sourceTree = "<group>";
		};
		A815C1141636DEEF006FC15E /* Resources */ = {
			isa = PBXGroup;
			children = (
				A815C1151636DEEF006FC15E /* Icon.png */,
			);
			path = Resources;
			sourceTree = "<group>";
		};
		A815D755164EED54003AFC42 /* cinder */ = {
			isa = PBXGroup;
			children = (
				A815D756164EED54003AFC42 /* CinderApp.cpp */,
				A815D757164EED54003AFC42 /* CinderApp.h */,
				A815D758164EED54003AFC42 /* CinderSketch.h */,
				A8A76D0B165FBA400095DAF9 /* CinderSketchSimple.cpp */,
				A815D759164EED54003AFC42 /* CinderSketchSimple.h */,
			);
			path = cinder;
			sourceTree = "<group>";
		};
		A87A5462162F63F90059878E /* chronotext */ = {
			isa = PBXGroup;
			children = (
				A87A5463162F63F90059878E /* ChronotextResources.h */,
				A815D755164EED54003AFC42 /* cinder */,
				A87A546F162F63F90059878E /* font */,
				A87A54A3162F63F90059878E /* InputSource.cpp */,
				A87A54A4162F63F90059878E /* InputSource.h */,
				A87A54C3162F63F90059878E /* maths */,
				A87A54C8162F63F90059878E /* os */,
				A87A54D0162F63F90059878E /* path */,
				A87A54D7162F63F90059878E /* ScreenManager.cpp */,
				A87A54D8162F63F90059878E /* ScreenManager.h */,
				A87A54D9162F63F90059878E /* sound */,
				A87A54DC162F63F90059878E /* text */,
				A87A54E4162F63F90059878E /* texture */,
				A87A54F3162F63F90059878E /* time */,
				A87A54FA162F63F90059878E /* utils */,
			);
			name = chronotext;
			path = ../../../src/chronotext;
			sourceTree = "<group>";
		};
		A87A546F162F63F90059878E /* font */ = {
			isa = PBXGroup;
			children = (
				A87A5470162F63F90059878E /* FontMatrix.cpp */,
				A87A5471162F63F90059878E /* FontMatrix.h */,
				A87A5472162F63F90059878E /* XFont.cpp */,
				A87A5473162F63F90059878E /* XFont.h */,
				A87A5474162F63F90059878E /* XFontSequence.cpp */,
				A87A5475162F63F90059878E /* XFontSequence.h */,
			);
			path = font;
			sourceTree = "<group>";
		};
		A87A54C3162F63F90059878E /* maths */ = {
			isa = PBXGroup;
			children = (
				A87A54C4162F63F90059878E /* Curves.h */,
				A87A54C5162F63F90059878E /* Matrix2D.cpp */,
				A87A54C6162F63F90059878E /* Matrix2D.h */,
				A87A54C7162F63F90059878E /* Random.h */,
			);
			path = maths;
			sourceTree = "<group>";
		};
		A87A54C8162F63F90059878E /* os */ = {
			isa = PBXGroup;
			children = (
				A87A54C9162F63F90059878E /* Handler.cpp */,
				A87A54CA162F63F90059878E /* Handler.h */,
				A87A54CB162F63F90059878E /* Looper.cpp */,
				A87A54CC162F63F90059878E /* Looper.h */,
				A87A54CD162F63F90059878E /* Message.h */,
				A87A54CE162F63F90059878E /* MessageQueue.cpp */,
				A87A54CF162F63F90059878E /* MessageQueue.h */,
			);
			path = os;
			sourceTree = "<group>";
		};
		A87A54D0162F63F90059878E /* path */ = {
			isa = PBXGroup;
			children = (
				A87A54D1162F63F90059878E /* ASPC.cpp */,
				A87A54D2162F63F90059878E /* ASPC.h */,
				A87A54D3162F63F90059878E /* FollowablePath.cpp */,
				A87A54D4162F63F90059878E /* FollowablePath.h */,
				A87A54D5162F63F90059878E /* SplinePath.cpp */,
				A87A54D6162F63F90059878E /* SplinePath.h */,
			);
			path = path;
			sourceTree = "<group>";
		};
		A87A54D9162F63F90059878E /* sound */ = {
			isa = PBXGroup;
			children = (
				A87A54DA162F63F90059878E /* AudioLoop.cpp */,
				A87A54DB162F63F90059878E /* AudioLoop.h */,
			);
			path = sound;
			sourceTree = "<group>";
		};
		A87A54DC162F63F90059878E /* text */ = {
			isa = PBXGroup;
			children = (
				A87A54DD162F63F90059878E /* FontHelper.cpp */,
				A87A54DE162F63F90059878E /* FontHelper.h */,
				A87A54DF162F63F90059878E /* FontManager.cpp */,
				A87A54E0162F63F90059878E /* FontManager.h */,
				A87A54E1162F63F90059878E /* LinkExtractor.h */,
				A87A54E2162F63F90059878E /* WordWrapper.cpp */,
				A87A54E3162F63F90059878E /* WordWrapper.h */,
			);
			path = text;
			sourceTree = "<group>";
		};
		A87A54E4162F63F90059878E /* texture */ = {
			isa = PBXGroup;
			children = (
				A87A54E5162F63F90059878E /* PVRHelper.cpp */,
				A87A54E6162F63F90059878E /* PVRHelper.h */,
				A87A54E7162F63F90059878E /* Sprite.cpp */,
				A87A54E8162F63F90059878E /* Sprite.h */,
				A87A54E9162F63F90059878E /* Texture.cpp */,
				A87A54EA162F63F90059878E /* Texture.h */,
				A87A54EB162F63F90059878E /* TextureAtlas.cpp */,
				A87A54EC162F63F90059878E /* TextureAtlas.h */,
				A84558061649D6FC00FBD4AD /* TextureAtlasManager.cpp */,
				A84558071649D6FC00FBD4AD /* TextureAtlasManager.h */,
				A87A54ED162F63F90059878E /* TextureAtlasAnimation.cpp */,
				A87A54EE162F63F90059878E /* TextureAtlasAnimation.h */,
				A87A54EF162F63F90059878E /* TextureHelper.cpp */,
				A87A54F0162F63F90059878E /* TextureHelper.h */,
				A87A54F1162F63F90059878E /* TextureManager.cpp */,
				A87A54F2162F63F90059878E /* TextureManager.h */,
			);
			path = texture;
			sourceTree = "<group>";
		};
		A87A54F3162F63F90059878E /* time */ = {
			isa = PBXGroup;
			children = (
				A87A54F4162F63F90059878E /* Clock.cpp */,
				A87A54F5162F63F90059878E /* Clock.h */,
				A87A54F6162F63F90059878E /* DefaultTimeBase.h */,
				A87A54F7162F63F90059878E /* MasterClock.cpp */,
				A87A54F8162F63F90059878E /* MasterClock.h */,
				A87A54F9162F63F90059878E /* TimeBase.h */,
			);
			path = time;
			sourceTree = "<group>";
		};
		A87A54FA162F63F90059878E /* utils */ = {
			isa = PBXGroup;
			children = (
				A87A54FB162F63F90059878E /* Constants.h */,
				A87A54FC162F63F90059878E /* DataStreamIO.h */,
				A87A54FD162F63F90059878E /* GraphicHelper.h */,
				A87A54FE162F63F90059878E /* Hasher.h */,
				A87A54FF162F63F90059878E /* md5 */,
				A87A5502162F63F90059878E /* StrokeHelper.h */,
				A87A5503162F63F90059878E /* TexturedTriangleStrip.h */,
				A87A5504162F63F90059878E /* Utils.cpp */,
				A87A5505162F63F90059878E /* Utils.h */,
				A87A5506162F63F90059878E /* y64 */,
			);
			path = utils;
			sourceTree = "<group>";
		};
		A87A54FF162F63F90059878E /* md5 */ = {
			isa = PBXGroup;
			children = (
				A87A5500162F63F90059878E /* md5.cpp */,
				A87A5501162F63F90059878E /* md5.h */,
			);
			path = md5;
			sourceTree = "<group>";
		};
		A87A5506162F63F90059878E /* y64 */ = {
			isa = PBXGroup;
			children = (
				A87A5507162F63F90059878E /* cdecode.c */,
				A87A5508162F63F90059878E /* cdecode.h */,
				A87A5509162F63F90059878E /* cencode.c */,
				A87A550A162F63F90059878E /* cencode.h */,
				A87A550B162F63F90059878E /* Y64.cpp */,
				A87A550C162F63F90059878E /* Y64.h */,
			);
			path = y64;
			sourceTree = "<group>";
		};
/* End PBXGroup section */

/* Begin PBXNativeTarget section */
		1D6058900D05DD3D006BFB54 /* SimpleSketch */ = {
			isa = PBXNativeTarget;
			buildConfigurationList = 1D6058960D05DD3E006BFB54 /* Build configuration list for PBXNativeTarget "SimpleSketch" */;
			buildPhases = (
				1D60588D0D05DD3D006BFB54 /* Resources */,
				1D60588E0D05DD3D006BFB54 /* Sources */,
				1D60588F0D05DD3D006BFB54 /* Frameworks */,
			);
			buildRules = (
			);
			dependencies = (
			);
			name = SimpleSketch;
			productName = SimpleSketch;
			productReference = 1D6058910D05DD3D006BFB54 /* SimpleSketch.app */;
			productType = "com.apple.product-type.application";
		};
/* End PBXNativeTarget section */

/* Begin PBXProject section */
		29B97313FDCFA39411CA2CEA /* Project object */ = {
			isa = PBXProject;
			buildConfigurationList = C01FCF4E08A954540054247B /* Build configuration list for PBXProject "SimpleSketch" */;
			compatibilityVersion = "Xcode 3.1";
			developmentRegion = English;
			hasScannedForEncodings = 1;
			knownRegions = (
				en,
			);
			mainGroup = 29B97314FDCFA39411CA2CEA /* CustomTemplate */;
			projectDirPath = "";
			projectRoot = "";
			targets = (
				1D6058900D05DD3D006BFB54 /* SimpleSketch */,
			);
		};
/* End PBXProject section */

/* Begin PBXResourcesBuildPhase section */
		1D60588D0D05DD3D006BFB54 /* Resources */ = {
			isa = PBXResourcesBuildPhase;
			buildActionMask = 2147483647;
			files = (
				A815C1161636DEEF006FC15E /* Icon.png in Resources */,
				A81595B0166CD6D0002DD06C /* Louis_XIV_of_France.jpg in Resources */,
			);
			runOnlyForDeploymentPostprocessing = 0;
		};
/* End PBXResourcesBuildPhase section */

/* Begin PBXSourcesBuildPhase section */
		1D60588E0D05DD3D006BFB54 /* Sources */ = {
			isa = PBXSourcesBuildPhase;
			buildActionMask = 2147483647;
			files = (
				A87A4EF1162EF4C60059878E /* Sketch.cpp in Sources */,
				A87A5510162F63F90059878E /* FontMatrix.cpp in Sources */,
				A87A5511162F63F90059878E /* XFont.cpp in Sources */,
				A87A5512162F63F90059878E /* XFontSequence.cpp in Sources */,
				A87A5523162F63F90059878E /* InputSource.cpp in Sources */,
				A87A5531162F63F90059878E /* Matrix2D.cpp in Sources */,
				A87A5532162F63F90059878E /* Handler.cpp in Sources */,
				A87A5533162F63F90059878E /* Looper.cpp in Sources */,
				A87A5534162F63F90059878E /* MessageQueue.cpp in Sources */,
				A87A5535162F63F90059878E /* ASPC.cpp in Sources */,
				A87A5536162F63F90059878E /* FollowablePath.cpp in Sources */,
				A87A5537162F63F90059878E /* SplinePath.cpp in Sources */,
				A87A5538162F63F90059878E /* ScreenManager.cpp in Sources */,
				A87A5539162F63F90059878E /* AudioLoop.cpp in Sources */,
				A87A553A162F63F90059878E /* FontHelper.cpp in Sources */,
				A87A553B162F63F90059878E /* FontManager.cpp in Sources */,
				A87A553C162F63F90059878E /* WordWrapper.cpp in Sources */,
				A87A553D162F63F90059878E /* PVRHelper.cpp in Sources */,
				A87A553E162F63F90059878E /* Sprite.cpp in Sources */,
				A87A553F162F63F90059878E /* Texture.cpp in Sources */,
				A87A5540162F63F90059878E /* TextureAtlas.cpp in Sources */,
				A87A5541162F63F90059878E /* TextureAtlasAnimation.cpp in Sources */,
				A87A5542162F63F90059878E /* TextureHelper.cpp in Sources */,
				A87A5543162F63F90059878E /* TextureManager.cpp in Sources */,
				A87A5544162F63F90059878E /* Clock.cpp in Sources */,
				A87A5545162F63F90059878E /* MasterClock.cpp in Sources */,
				A87A5546162F63F90059878E /* md5.cpp in Sources */,
				A87A5547162F63F90059878E /* Utils.cpp in Sources */,
				A87A5548162F63F90059878E /* cdecode.c in Sources */,
				A87A5549162F63F90059878E /* cencode.c in Sources */,
				A87A554A162F63F90059878E /* Y64.cpp in Sources */,
				A8F15C3F163C8B21001689AE /* Application.cpp in Sources */,
				A84558081649D6FC00FBD4AD /* TextureAtlasManager.cpp in Sources */,
				A815D75A164EED54003AFC42 /* CinderApp.cpp in Sources */,
				A8A76D0C165FBA400095DAF9 /* CinderSketchSimple.cpp in Sources */,
			);
			runOnlyForDeploymentPostprocessing = 0;
		};
/* End PBXSourcesBuildPhase section */

/* Begin XCBuildConfiguration section */
		1D6058940D05DD3E006BFB54 /* Debug */ = {
			isa = XCBuildConfiguration;
			buildSettings = {
				ALWAYS_SEARCH_USER_PATHS = NO;
				COPY_PHASE_STRIP = NO;
				GCC_DYNAMIC_NO_PIC = NO;
				GCC_INLINES_ARE_PRIVATE_EXTERN = NO;
				GCC_OPTIMIZATION_LEVEL = 0;
				GCC_PRECOMPILE_PREFIX_HEADER = YES;
				GCC_PREFIX_HEADER = Prefix.pch;
				GCC_SYMBOLS_PRIVATE_EXTERN = NO;
				"GCC_THUMB_SUPPORT[arch=armv6]" = "";
				INFOPLIST_FILE = Info.plist;
				IPHONEOS_DEPLOYMENT_TARGET = 4.3;
				"OTHER_LDFLAGS[sdk=iphoneos*][arch=*]" = (
					"\"$(CINDER_PATH)/lib/libcinder-iphone_d.a\"",
					"-lz",
				);
				"OTHER_LDFLAGS[sdk=iphonesimulator*][arch=*]" = (
					"\"$(CINDER_PATH)/lib/libcinder-iphone-sim_d.a\"",
					"-lz",
				);
				PRODUCT_NAME = SimpleSketch;
			};
			name = Debug;
		};
		1D6058950D05DD3E006BFB54 /* Release */ = {
			isa = XCBuildConfiguration;
			buildSettings = {
				ALWAYS_SEARCH_USER_PATHS = NO;
				COPY_PHASE_STRIP = YES;
				GCC_INLINES_ARE_PRIVATE_EXTERN = NO;
				GCC_PRECOMPILE_PREFIX_HEADER = YES;
				GCC_PREFIX_HEADER = Prefix.pch;
				GCC_SYMBOLS_PRIVATE_EXTERN = NO;
				"GCC_THUMB_SUPPORT[arch=armv6]" = "";
				INFOPLIST_FILE = Info.plist;
				IPHONEOS_DEPLOYMENT_TARGET = 4.3;
				"OTHER_LDFLAGS[sdk=iphoneos*][arch=*]" = (
					"\"$(CINDER_PATH)/lib/libcinder-iphone.a\"",
					"-lz",
				);
				"OTHER_LDFLAGS[sdk=iphonesimulator*][arch=*]" = (
					"\"$(CINDER_PATH)/lib/libcinder-iphone-sim.a\"",
					"-lz",
				);
				PRODUCT_NAME = SimpleSketch;
			};
			name = Release;
		};
		C01FCF4F08A954540054247B /* Debug */ = {
			isa = XCBuildConfiguration;
			buildSettings = {
				ARCHS = armv7;
				CINDER_PATH = ../../../../..;
				"CODE_SIGN_IDENTITY[sdk=iphoneos*]" = "iPhone Developer";
				GCC_C_LANGUAGE_STANDARD = c99;
				GCC_PREPROCESSOR_DEFINITIONS = DEBUG;
				GCC_WARN_ABOUT_RETURN_TYPE = YES;
				GCC_WARN_UNUSED_VARIABLE = YES;
				HEADER_SEARCH_PATHS = "\"$(CINDER_PATH)/boost\"";
				IPHONEOS_DEPLOYMENT_TARGET = 4.3;
				PREBINDING = NO;
				"PROVISIONING_PROFILE[sdk=iphoneos*]" = "";
				SDKROOT = iphoneos;
				USER_HEADER_SEARCH_PATHS = "\"$(CINDER_PATH)/include\" include \"$(CINDER_PATH)/blocks/chronotext-toolkit/src\"";
			};
			name = Debug;
		};
		C01FCF5008A954540054247B /* Release */ = {
			isa = XCBuildConfiguration;
			buildSettings = {
				ARCHS = armv7;
				CINDER_PATH = ../../../../..;
				"CODE_SIGN_IDENTITY[sdk=iphoneos*]" = "iPhone Developer";
				GCC_C_LANGUAGE_STANDARD = c99;
				GCC_WARN_ABOUT_RETURN_TYPE = YES;
				GCC_WARN_UNUSED_VARIABLE = YES;
				HEADER_SEARCH_PATHS = "\"$(CINDER_PATH)/boost\"";
				IPHONEOS_DEPLOYMENT_TARGET = 4.3;
				PREBINDING = NO;
				"PROVISIONING_PROFILE[sdk=iphoneos*]" = "";
				SDKROOT = iphoneos;
				USER_HEADER_SEARCH_PATHS = "\"$(CINDER_PATH)/include\" include \"$(CINDER_PATH)/blocks/chronotext-toolkit/src\"";
			};
			name = Release;
		};
/* End XCBuildConfiguration section */

/* Begin XCConfigurationList section */
		1D6058960D05DD3E006BFB54 /* Build configuration list for PBXNativeTarget "SimpleSketch" */ = {
			isa = XCConfigurationList;
			buildConfigurations = (
				1D6058940D05DD3E006BFB54 /* Debug */,
				1D6058950D05DD3E006BFB54 /* Release */,
			);
			defaultConfigurationIsVisible = 0;
			defaultConfigurationName = Release;
		};
		C01FCF4E08A954540054247B /* Build configuration list for PBXProject "SimpleSketch" */ = {
			isa = XCConfigurationList;
			buildConfigurations = (
				C01FCF4F08A954540054247B /* Debug */,
				C01FCF5008A954540054247B /* Release */,
			);
			defaultConfigurationIsVisible = 0;
			defaultConfigurationName = Release;
		};
/* End XCConfigurationList section */
	};
	rootObject = 29B97313FDCFA39411CA2CEA /* Project object */;
}
