// !$*UTF8*$!
{
	archiveVersion = 1;
	classes = {
	};
	objectVersion = 46;
	objects = {

/* Begin PBXBuildFile section */
		00CFDF6B1138442D0091E310 /* CoreGraphics.framework in Frameworks */ = {isa = PBXBuildFile; fileRef = 00CFDF6A1138442D0091E310 /* CoreGraphics.framework */; };
		1D60589F0D05DD5A006BFB54 /* Foundation.framework in Frameworks */ = {isa = PBXBuildFile; fileRef = 1D30AB110D05D00D00671497 /* Foundation.framework */; };
		1DF5F4E00D08C38300B7A737 /* UIKit.framework in Frameworks */ = {isa = PBXBuildFile; fileRef = 1DF5F4DF0D08C38300B7A737 /* UIKit.framework */; };
		28FD15000DC6FC520079059D /* OpenGLES.framework in Frameworks */ = {isa = PBXBuildFile; fileRef = 28FD14FF0DC6FC520079059D /* OpenGLES.framework */; };
		28FD15080DC6FC5B0079059D /* QuartzCore.framework in Frameworks */ = {isa = PBXBuildFile; fileRef = 28FD15070DC6FC5B0079059D /* QuartzCore.framework */; };
		A82CFC78153A35ED0085FDA3 /* md5.cpp in Sources */ = {isa = PBXBuildFile; fileRef = A82CFC76153A35ED0085FDA3 /* md5.cpp */; };
		A82CFC85153A35FF0085FDA3 /* Handler.cpp in Sources */ = {isa = PBXBuildFile; fileRef = A82CFC7B153A35FF0085FDA3 /* Handler.cpp */; };
		A82CFC86153A35FF0085FDA3 /* Looper.cpp in Sources */ = {isa = PBXBuildFile; fileRef = A82CFC7D153A35FF0085FDA3 /* Looper.cpp */; };
		A82CFC87153A35FF0085FDA3 /* MessageQueue.cpp in Sources */ = {isa = PBXBuildFile; fileRef = A82CFC80153A35FF0085FDA3 /* MessageQueue.cpp */; };
		A82CFC88153A35FF0085FDA3 /* AudioLoop.cpp in Sources */ = {isa = PBXBuildFile; fileRef = A82CFC83153A35FF0085FDA3 /* AudioLoop.cpp */; };
		A87A04531580D4C800BB603B /* AppDelegate.mm in Sources */ = {isa = PBXBuildFile; fileRef = A87A04501580D4C800BB603B /* AppDelegate.mm */; };
		A87A04541580D4C800BB603B /* Icon.png in Resources */ = {isa = PBXBuildFile; fileRef = A87A04521580D4C800BB603B /* Icon.png */; };
		A89CA4E314D0BE8300C6B5AE /* EAGLView.m in Sources */ = {isa = PBXBuildFile; fileRef = A89CA4DC14D0BE8300C6B5AE /* EAGLView.m */; };
		A89CA4E414D0BE8300C6B5AE /* EAGLViewController.m in Sources */ = {isa = PBXBuildFile; fileRef = A89CA4DE14D0BE8300C6B5AE /* EAGLViewController.m */; };
		A89CA4E514D0BE8300C6B5AE /* ES1Renderer.m in Sources */ = {isa = PBXBuildFile; fileRef = A89CA4E014D0BE8300C6B5AE /* ES1Renderer.m */; };
		A89CA4E614D0BE8300C6B5AE /* RenderDelegate.m in Sources */ = {isa = PBXBuildFile; fileRef = A89CA4E214D0BE8300C6B5AE /* RenderDelegate.m */; };
		A89CA4EB14D0BE9700C6B5AE /* CinderRenderDelegate.mm in Sources */ = {isa = PBXBuildFile; fileRef = A89CA4E714D0BE9700C6B5AE /* CinderRenderDelegate.mm */; };
		A89CA4EC14D0BE9700C6B5AE /* CinderSketch.mm in Sources */ = {isa = PBXBuildFile; fileRef = A89CA4E914D0BE9700C6B5AE /* CinderSketch.mm */; };
		A8AB668815826FAD00B93CD7 /* FontManager.cpp in Sources */ = {isa = PBXBuildFile; fileRef = A8AB668415826FAD00B93CD7 /* FontManager.cpp */; };
		A8AB668915826FAD00B93CD7 /* TextLayout.cpp in Sources */ = {isa = PBXBuildFile; fileRef = A8AB668615826FAD00B93CD7 /* TextLayout.cpp */; };
		A8B1C97D156304D3004BBA73 /* TextureManager.cpp in Sources */ = {isa = PBXBuildFile; fileRef = A8B1C978156304D3004BBA73 /* TextureManager.cpp */; };
		A8CF25461516263900BD643A /* ASPC.cpp in Sources */ = {isa = PBXBuildFile; fileRef = A8CF25251516263900BD643A /* ASPC.cpp */; };
		A8CF25471516263900BD643A /* FollowablePath.cpp in Sources */ = {isa = PBXBuildFile; fileRef = A8CF25271516263900BD643A /* FollowablePath.cpp */; };
		A8CF25481516263900BD643A /* SplinePath.cpp in Sources */ = {isa = PBXBuildFile; fileRef = A8CF25291516263900BD643A /* SplinePath.cpp */; };
		A8CF254E1516263900BD643A /* Utils.cpp in Sources */ = {isa = PBXBuildFile; fileRef = A8CF253E1516263900BD643A /* Utils.cpp */; };
		A8EF73D81538761C005DBEC2 /* FontMatrix.cpp in Sources */ = {isa = PBXBuildFile; fileRef = A8EF73D21538761C005DBEC2 /* FontMatrix.cpp */; };
		A8EF73D91538761C005DBEC2 /* XFont.cpp in Sources */ = {isa = PBXBuildFile; fileRef = A8EF73D41538761C005DBEC2 /* XFont.cpp */; };
		A8EF73DA1538761C005DBEC2 /* XFontSequence.cpp in Sources */ = {isa = PBXBuildFile; fileRef = A8EF73D61538761C005DBEC2 /* XFontSequence.cpp */; };
		A8F2C3CB156682A000D65459 /* Sketch.cpp in Sources */ = {isa = PBXBuildFile; fileRef = A8F2C3C7156682A000D65459 /* Sketch.cpp */; };
		C725DFFE121DAC7F00FA186B /* CoreMedia.framework in Frameworks */ = {isa = PBXBuildFile; fileRef = C727C02B121B400300192073 /* CoreMedia.framework */; settings = {ATTRIBUTES = (Weak, ); }; };
		C725E001121DAC8F00FA186B /* AVFoundation.framework in Frameworks */ = {isa = PBXBuildFile; fileRef = C725E000121DAC8F00FA186B /* AVFoundation.framework */; settings = {ATTRIBUTES = (Weak, ); }; };
		C727C02E121B400300192073 /* CoreVideo.framework in Frameworks */ = {isa = PBXBuildFile; fileRef = C727C02D121B400300192073 /* CoreVideo.framework */; settings = {ATTRIBUTES = (Weak, ); }; };
		C7FB19D6124BC0D70045AFD2 /* AudioToolbox.framework in Frameworks */ = {isa = PBXBuildFile; fileRef = C7FB19D5124BC0D70045AFD2 /* AudioToolbox.framework */; };
		C7FB19D6124BC0D70045AFD3 /* CoreText.framework in Frameworks */ = {isa = PBXBuildFile; fileRef = C7FB19D5124BC0D70045AFD3 /* CoreText.framework */; };
/* End PBXBuildFile section */

/* Begin PBXFileReference section */
		00CFDF6A1138442D0091E310 /* CoreGraphics.framework */ = {isa = PBXFileReference; lastKnownFileType = wrapper.framework; name = CoreGraphics.framework; path = System/Library/Frameworks/CoreGraphics.framework; sourceTree = SDKROOT; };
		1D30AB110D05D00D00671497 /* Foundation.framework */ = {isa = PBXFileReference; lastKnownFileType = wrapper.framework; name = Foundation.framework; path = System/Library/Frameworks/Foundation.framework; sourceTree = SDKROOT; };
		1D6058910D05DD3D006BFB54 /* SketchTemplate_iOS.app */ = {isa = PBXFileReference; explicitFileType = wrapper.application; includeInIndex = 0; path = SketchTemplate_iOS.app; sourceTree = BUILT_PRODUCTS_DIR; };
		1DF5F4DF0D08C38300B7A737 /* UIKit.framework */ = {isa = PBXFileReference; lastKnownFileType = wrapper.framework; name = UIKit.framework; path = System/Library/Frameworks/UIKit.framework; sourceTree = SDKROOT; };
		28FD14FF0DC6FC520079059D /* OpenGLES.framework */ = {isa = PBXFileReference; lastKnownFileType = wrapper.framework; name = OpenGLES.framework; path = System/Library/Frameworks/OpenGLES.framework; sourceTree = SDKROOT; };
		28FD15070DC6FC5B0079059D /* QuartzCore.framework */ = {isa = PBXFileReference; lastKnownFileType = wrapper.framework; name = QuartzCore.framework; path = System/Library/Frameworks/QuartzCore.framework; sourceTree = SDKROOT; };
		32CA4F630368D1EE00C91783 /* Prefix.pch */ = {isa = PBXFileReference; fileEncoding = 4; lastKnownFileType = sourcecode.c.h; path = Prefix.pch; sourceTree = "<group>"; };
		8D1107310486CEB800E47090 /* Info.plist */ = {isa = PBXFileReference; fileEncoding = 4; lastKnownFileType = text.plist.xml; path = Info.plist; plistStructureDefinitionIdentifier = "com.apple.xcode.plist.structure-definition.iphone.info-plist"; sourceTree = "<group>"; };
		A82CFC76153A35ED0085FDA3 /* md5.cpp */ = {isa = PBXFileReference; fileEncoding = 4; lastKnownFileType = sourcecode.cpp.cpp; path = md5.cpp; sourceTree = "<group>"; };
		A82CFC77153A35ED0085FDA3 /* md5.h */ = {isa = PBXFileReference; fileEncoding = 4; lastKnownFileType = sourcecode.c.h; path = md5.h; sourceTree = "<group>"; };
		A82CFC7B153A35FF0085FDA3 /* Handler.cpp */ = {isa = PBXFileReference; fileEncoding = 4; lastKnownFileType = sourcecode.cpp.cpp; path = Handler.cpp; sourceTree = "<group>"; };
		A82CFC7C153A35FF0085FDA3 /* Handler.h */ = {isa = PBXFileReference; fileEncoding = 4; lastKnownFileType = sourcecode.c.h; path = Handler.h; sourceTree = "<group>"; };
		A82CFC7D153A35FF0085FDA3 /* Looper.cpp */ = {isa = PBXFileReference; fileEncoding = 4; lastKnownFileType = sourcecode.cpp.cpp; path = Looper.cpp; sourceTree = "<group>"; };
		A82CFC7E153A35FF0085FDA3 /* Looper.h */ = {isa = PBXFileReference; fileEncoding = 4; lastKnownFileType = sourcecode.c.h; path = Looper.h; sourceTree = "<group>"; };
		A82CFC7F153A35FF0085FDA3 /* Message.h */ = {isa = PBXFileReference; fileEncoding = 4; lastKnownFileType = sourcecode.c.h; path = Message.h; sourceTree = "<group>"; };
		A82CFC80153A35FF0085FDA3 /* MessageQueue.cpp */ = {isa = PBXFileReference; fileEncoding = 4; lastKnownFileType = sourcecode.cpp.cpp; path = MessageQueue.cpp; sourceTree = "<group>"; };
		A82CFC81153A35FF0085FDA3 /* MessageQueue.h */ = {isa = PBXFileReference; fileEncoding = 4; lastKnownFileType = sourcecode.c.h; path = MessageQueue.h; sourceTree = "<group>"; };
		A82CFC83153A35FF0085FDA3 /* AudioLoop.cpp */ = {isa = PBXFileReference; fileEncoding = 4; lastKnownFileType = sourcecode.cpp.cpp; path = AudioLoop.cpp; sourceTree = "<group>"; };
		A82CFC84153A35FF0085FDA3 /* AudioLoop.h */ = {isa = PBXFileReference; fileEncoding = 4; lastKnownFileType = sourcecode.c.h; path = AudioLoop.h; sourceTree = "<group>"; };
		A856A59C15384BF1006976B2 /* StrokeHelper.h */ = {isa = PBXFileReference; fileEncoding = 4; lastKnownFileType = sourcecode.c.h; path = StrokeHelper.h; sourceTree = "<group>"; };
		A856A59D15384BF1006976B2 /* TexturedTriangleStrip.h */ = {isa = PBXFileReference; fileEncoding = 4; lastKnownFileType = sourcecode.c.h; path = TexturedTriangleStrip.h; sourceTree = "<group>"; };
		A87A044F1580D4C800BB603B /* AppDelegate.h */ = {isa = PBXFileReference; fileEncoding = 4; lastKnownFileType = sourcecode.c.h; path = AppDelegate.h; sourceTree = "<group>"; };
		A87A04501580D4C800BB603B /* AppDelegate.mm */ = {isa = PBXFileReference; fileEncoding = 4; lastKnownFileType = sourcecode.cpp.objcpp; path = AppDelegate.mm; sourceTree = "<group>"; };
		A87A04521580D4C800BB603B /* Icon.png */ = {isa = PBXFileReference; lastKnownFileType = image.png; path = Icon.png; sourceTree = "<group>"; };
		A89CA4DB14D0BE8300C6B5AE /* EAGLView.h */ = {isa = PBXFileReference; fileEncoding = 4; lastKnownFileType = sourcecode.c.h; name = EAGLView.h; path = "../../../../chronotext-public/Toolkit/Core/EAGLView.h"; sourceTree = "<group>"; };
		A89CA4DC14D0BE8300C6B5AE /* EAGLView.m */ = {isa = PBXFileReference; fileEncoding = 4; lastKnownFileType = sourcecode.c.objc; name = EAGLView.m; path = "../../../../chronotext-public/Toolkit/Core/EAGLView.m"; sourceTree = "<group>"; };
		A89CA4DD14D0BE8300C6B5AE /* EAGLViewController.h */ = {isa = PBXFileReference; fileEncoding = 4; lastKnownFileType = sourcecode.c.h; name = EAGLViewController.h; path = "../../../../chronotext-public/Toolkit/Core/EAGLViewController.h"; sourceTree = "<group>"; };
		A89CA4DE14D0BE8300C6B5AE /* EAGLViewController.m */ = {isa = PBXFileReference; fileEncoding = 4; lastKnownFileType = sourcecode.c.objc; name = EAGLViewController.m; path = "../../../../chronotext-public/Toolkit/Core/EAGLViewController.m"; sourceTree = "<group>"; };
		A89CA4DF14D0BE8300C6B5AE /* ES1Renderer.h */ = {isa = PBXFileReference; fileEncoding = 4; lastKnownFileType = sourcecode.c.h; name = ES1Renderer.h; path = "../../../../chronotext-public/Toolkit/Core/ES1Renderer.h"; sourceTree = "<group>"; };
		A89CA4E014D0BE8300C6B5AE /* ES1Renderer.m */ = {isa = PBXFileReference; fileEncoding = 4; lastKnownFileType = sourcecode.c.objc; name = ES1Renderer.m; path = "../../../../chronotext-public/Toolkit/Core/ES1Renderer.m"; sourceTree = "<group>"; };
		A89CA4E114D0BE8300C6B5AE /* RenderDelegate.h */ = {isa = PBXFileReference; fileEncoding = 4; lastKnownFileType = sourcecode.c.h; name = RenderDelegate.h; path = "../../../../chronotext-public/Toolkit/Core/RenderDelegate.h"; sourceTree = "<group>"; };
		A89CA4E214D0BE8300C6B5AE /* RenderDelegate.m */ = {isa = PBXFileReference; fileEncoding = 4; lastKnownFileType = sourcecode.c.objc; name = RenderDelegate.m; path = "../../../../chronotext-public/Toolkit/Core/RenderDelegate.m"; sourceTree = "<group>"; };
		A89CA4E714D0BE9700C6B5AE /* CinderRenderDelegate.mm */ = {isa = PBXFileReference; fileEncoding = 4; lastKnownFileType = sourcecode.cpp.objcpp; name = CinderRenderDelegate.mm; path = "../../../../chronotext-public/Toolkit/Cinder/ios/CinderRenderDelegate.mm"; sourceTree = "<group>"; };
		A89CA4E814D0BE9700C6B5AE /* CinderSketch.h */ = {isa = PBXFileReference; fileEncoding = 4; lastKnownFileType = sourcecode.c.h; name = CinderSketch.h; path = "../../../../chronotext-public/Toolkit/Cinder/ios/CinderSketch.h"; sourceTree = "<group>"; };
		A89CA4E914D0BE9700C6B5AE /* CinderSketch.mm */ = {isa = PBXFileReference; fileEncoding = 4; lastKnownFileType = sourcecode.cpp.objcpp; name = CinderSketch.mm; path = "../../../../chronotext-public/Toolkit/Cinder/ios/CinderSketch.mm"; sourceTree = "<group>"; };
		A89CA4EA14D0BE9700C6B5AE /* CinderRenderDelegate.h */ = {isa = PBXFileReference; fileEncoding = 4; lastKnownFileType = sourcecode.c.h; name = CinderRenderDelegate.h; path = "../../../../chronotext-public/Toolkit/Cinder/ios/CinderRenderDelegate.h"; sourceTree = "<group>"; };
		A8AB668315826FAD00B93CD7 /* FontHelper.h */ = {isa = PBXFileReference; fileEncoding = 4; lastKnownFileType = sourcecode.c.h; path = FontHelper.h; sourceTree = "<group>"; };
		A8AB668415826FAD00B93CD7 /* FontManager.cpp */ = {isa = PBXFileReference; fileEncoding = 4; lastKnownFileType = sourcecode.cpp.cpp; path = FontManager.cpp; sourceTree = "<group>"; };
		A8AB668515826FAD00B93CD7 /* FontManager.h */ = {isa = PBXFileReference; fileEncoding = 4; lastKnownFileType = sourcecode.c.h; path = FontManager.h; sourceTree = "<group>"; };
		A8AB668615826FAD00B93CD7 /* TextLayout.cpp */ = {isa = PBXFileReference; fileEncoding = 4; lastKnownFileType = sourcecode.cpp.cpp; path = TextLayout.cpp; sourceTree = "<group>"; };
		A8AB668715826FAD00B93CD7 /* TextLayout.h */ = {isa = PBXFileReference; fileEncoding = 4; lastKnownFileType = sourcecode.c.h; path = TextLayout.h; sourceTree = "<group>"; };
		A8B1C978156304D3004BBA73 /* TextureManager.cpp */ = {isa = PBXFileReference; fileEncoding = 4; lastKnownFileType = sourcecode.cpp.cpp; path = TextureManager.cpp; sourceTree = "<group>"; };
		A8B1C97B156304D3004BBA73 /* TextureManager.h */ = {isa = PBXFileReference; fileEncoding = 4; lastKnownFileType = sourcecode.c.h; path = TextureManager.h; sourceTree = "<group>"; };
		A8B1C97C156304D3004BBA73 /* Hasher.h */ = {isa = PBXFileReference; fileEncoding = 4; lastKnownFileType = sourcecode.c.h; path = Hasher.h; sourceTree = "<group>"; };
		A8CF25251516263900BD643A /* ASPC.cpp */ = {isa = PBXFileReference; fileEncoding = 4; lastKnownFileType = sourcecode.cpp.cpp; path = ASPC.cpp; sourceTree = "<group>"; };
		A8CF25261516263900BD643A /* ASPC.h */ = {isa = PBXFileReference; fileEncoding = 4; lastKnownFileType = sourcecode.c.h; path = ASPC.h; sourceTree = "<group>"; };
		A8CF25271516263900BD643A /* FollowablePath.cpp */ = {isa = PBXFileReference; fileEncoding = 4; lastKnownFileType = sourcecode.cpp.cpp; path = FollowablePath.cpp; sourceTree = "<group>"; };
		A8CF25281516263900BD643A /* FollowablePath.h */ = {isa = PBXFileReference; fileEncoding = 4; lastKnownFileType = sourcecode.c.h; path = FollowablePath.h; sourceTree = "<group>"; };
		A8CF25291516263900BD643A /* SplinePath.cpp */ = {isa = PBXFileReference; fileEncoding = 4; lastKnownFileType = sourcecode.cpp.cpp; path = SplinePath.cpp; sourceTree = "<group>"; };
		A8CF252A1516263900BD643A /* SplinePath.h */ = {isa = PBXFileReference; fileEncoding = 4; lastKnownFileType = sourcecode.c.h; path = SplinePath.h; sourceTree = "<group>"; };
		A8CF25371516263900BD643A /* Constants.h */ = {isa = PBXFileReference; fileEncoding = 4; lastKnownFileType = sourcecode.c.h; path = Constants.h; sourceTree = "<group>"; };
		A8CF25381516263900BD643A /* DataStreamIO.h */ = {isa = PBXFileReference; fileEncoding = 4; lastKnownFileType = sourcecode.c.h; path = DataStreamIO.h; sourceTree = "<group>"; };
		A8CF25391516263900BD643A /* GraphicHelper.h */ = {isa = PBXFileReference; fileEncoding = 4; lastKnownFileType = sourcecode.c.h; path = GraphicHelper.h; sourceTree = "<group>"; };
		A8CF253C1516263900BD643A /* TextureHelper.h */ = {isa = PBXFileReference; fileEncoding = 4; lastKnownFileType = sourcecode.c.h; path = TextureHelper.h; sourceTree = "<group>"; };
		A8CF253D1516263900BD643A /* Utils.h */ = {isa = PBXFileReference; explicitFileType = sourcecode.cpp.h; fileEncoding = 4; path = Utils.h; sourceTree = "<group>"; };
		A8CF253E1516263900BD643A /* Utils.cpp */ = {isa = PBXFileReference; explicitFileType = sourcecode.cpp.objcpp; fileEncoding = 4; path = Utils.cpp; sourceTree = "<group>"; };
		A8EF73D21538761C005DBEC2 /* FontMatrix.cpp */ = {isa = PBXFileReference; fileEncoding = 4; lastKnownFileType = sourcecode.cpp.cpp; path = FontMatrix.cpp; sourceTree = "<group>"; };
		A8EF73D31538761C005DBEC2 /* FontMatrix.h */ = {isa = PBXFileReference; fileEncoding = 4; lastKnownFileType = sourcecode.c.h; path = FontMatrix.h; sourceTree = "<group>"; };
		A8EF73D41538761C005DBEC2 /* XFont.cpp */ = {isa = PBXFileReference; fileEncoding = 4; lastKnownFileType = sourcecode.cpp.cpp; path = XFont.cpp; sourceTree = "<group>"; };
		A8EF73D51538761C005DBEC2 /* XFont.h */ = {isa = PBXFileReference; fileEncoding = 4; lastKnownFileType = sourcecode.c.h; path = XFont.h; sourceTree = "<group>"; };
		A8EF73D61538761C005DBEC2 /* XFontSequence.cpp */ = {isa = PBXFileReference; fileEncoding = 4; lastKnownFileType = sourcecode.cpp.cpp; path = XFontSequence.cpp; sourceTree = "<group>"; };
		A8EF73D71538761C005DBEC2 /* XFontSequence.h */ = {isa = PBXFileReference; fileEncoding = 4; lastKnownFileType = sourcecode.c.h; path = XFontSequence.h; sourceTree = "<group>"; };
		A8F2C3C7156682A000D65459 /* Sketch.cpp */ = {isa = PBXFileReference; fileEncoding = 4; lastKnownFileType = sourcecode.cpp.cpp; name = Sketch.cpp; path = ../src/Sketch.cpp; sourceTree = "<group>"; };
		A8F2C3C8156682A000D65459 /* Sketch.h */ = {isa = PBXFileReference; fileEncoding = 4; lastKnownFileType = sourcecode.c.h; name = Sketch.h; path = ../src/Sketch.h; sourceTree = "<group>"; };
		A8F2C3CC156682C600D65459 /* Resources.h */ = {isa = PBXFileReference; fileEncoding = 4; lastKnownFileType = sourcecode.c.h; name = Resources.h; path = ../include/Resources.h; sourceTree = "<group>"; };
		C725E000121DAC8F00FA186B /* AVFoundation.framework */ = {isa = PBXFileReference; lastKnownFileType = wrapper.framework; name = AVFoundation.framework; path = System/Library/Frameworks/AVFoundation.framework; sourceTree = SDKROOT; };
		C727C02B121B400300192073 /* CoreMedia.framework */ = {isa = PBXFileReference; lastKnownFileType = wrapper.framework; name = CoreMedia.framework; path = System/Library/Frameworks/CoreMedia.framework; sourceTree = SDKROOT; };
		C727C02D121B400300192073 /* CoreVideo.framework */ = {isa = PBXFileReference; lastKnownFileType = wrapper.framework; name = CoreVideo.framework; path = System/Library/Frameworks/CoreVideo.framework; sourceTree = SDKROOT; };
		C7FB19D5124BC0D70045AFD2 /* AudioToolbox.framework */ = {isa = PBXFileReference; lastKnownFileType = wrapper.framework; name = AudioToolbox.framework; path = System/Library/Frameworks/AudioToolbox.framework; sourceTree = SDKROOT; };
		C7FB19D5124BC0D70045AFD3 /* CoreText.framework */ = {isa = PBXFileReference; lastKnownFileType = wrapper.framework; name = CoreText.framework; path = System/Library/Frameworks/CoreText.framework; sourceTree = SDKROOT; };
/* End PBXFileReference section */

/* Begin PBXFrameworksBuildPhase section */
		1D60588F0D05DD3D006BFB54 /* Frameworks */ = {
			isa = PBXFrameworksBuildPhase;
			buildActionMask = 2147483647;
			files = (
				C725E001121DAC8F00FA186B /* AVFoundation.framework in Frameworks */,
				C725DFFE121DAC7F00FA186B /* CoreMedia.framework in Frameworks */,
				1D60589F0D05DD5A006BFB54 /* Foundation.framework in Frameworks */,
				1DF5F4E00D08C38300B7A737 /* UIKit.framework in Frameworks */,
				28FD15000DC6FC520079059D /* OpenGLES.framework in Frameworks */,
				28FD15080DC6FC5B0079059D /* QuartzCore.framework in Frameworks */,
				00CFDF6B1138442D0091E310 /* CoreGraphics.framework in Frameworks */,
				C727C02E121B400300192073 /* CoreVideo.framework in Frameworks */,
				C7FB19D6124BC0D70045AFD2 /* AudioToolbox.framework in Frameworks */,
				C7FB19D6124BC0D70045AFD3 /* CoreText.framework in Frameworks */,
			);
			runOnlyForDeploymentPostprocessing = 0;
		};
/* End PBXFrameworksBuildPhase section */

/* Begin PBXGroup section */
		00CFDFA7113848F40091E310 /* Source */ = {
			isa = PBXGroup;
			children = (
				A8F2C3C8156682A000D65459 /* Sketch.h */,
				A8F2C3C7156682A000D65459 /* Sketch.cpp */,
			);
			name = Source;
			sourceTree = "<group>";
		};
		00CFDFB81138492F0091E310 /* Headers */ = {
			isa = PBXGroup;
			children = (
				A8F2C3CC156682C600D65459 /* Resources.h */,
			);
			name = Headers;
			sourceTree = "<group>";
		};
		19C28FACFE9D520D11CA2CBB /* Products */ = {
			isa = PBXGroup;
			children = (
				1D6058910D05DD3D006BFB54 /* SketchTemplate_iOS.app */,
			);
			name = Products;
			sourceTree = "<group>";
		};
		29B97314FDCFA39411CA2CEA /* CustomTemplate */ = {
			isa = PBXGroup;
			children = (
				00CFDFB81138492F0091E310 /* Headers */,
				A89CA4D714D0BE3E00C6B5AE /* Chronotext */,
				00CFDFA7113848F40091E310 /* Source */,
				29B97317FDCFA39411CA2CEA /* Resources */,
				A87A044D1580D48C00BB603B /* iOS */,
				29B97323FDCFA39411CA2CEA /* Frameworks */,
				19C28FACFE9D520D11CA2CBB /* Products */,
			);
			name = CustomTemplate;
			sourceTree = "<group>";
		};
		29B97317FDCFA39411CA2CEA /* Resources */ = {
			isa = PBXGroup;
			children = (
			);
			name = Resources;
			sourceTree = "<group>";
		};
		29B97323FDCFA39411CA2CEA /* Frameworks */ = {
			isa = PBXGroup;
			children = (
				C7FB19D5124BC0D70045AFD2 /* AudioToolbox.framework */,
				C7FB19D5124BC0D70045AFD3 /* CoreText.framework */,
				C727C02B121B400300192073 /* CoreMedia.framework */,
				C727C02D121B400300192073 /* CoreVideo.framework */,
				28FD15070DC6FC5B0079059D /* QuartzCore.framework */,
				28FD14FF0DC6FC520079059D /* OpenGLES.framework */,
				1DF5F4DF0D08C38300B7A737 /* UIKit.framework */,
				1D30AB110D05D00D00671497 /* Foundation.framework */,
				00CFDF6A1138442D0091E310 /* CoreGraphics.framework */,
				C725E000121DAC8F00FA186B /* AVFoundation.framework */,
			);
			name = Frameworks;
			sourceTree = "<group>";
		};
		A82CFC75153A35ED0085FDA3 /* md5 */ = {
			isa = PBXGroup;
			children = (
				A82CFC76153A35ED0085FDA3 /* md5.cpp */,
				A82CFC77153A35ED0085FDA3 /* md5.h */,
			);
			path = md5;
			sourceTree = "<group>";
		};
		A82CFC7A153A35FF0085FDA3 /* OS */ = {
			isa = PBXGroup;
			children = (
				A82CFC7B153A35FF0085FDA3 /* Handler.cpp */,
				A82CFC7C153A35FF0085FDA3 /* Handler.h */,
				A82CFC7D153A35FF0085FDA3 /* Looper.cpp */,
				A82CFC7E153A35FF0085FDA3 /* Looper.h */,
				A82CFC7F153A35FF0085FDA3 /* Message.h */,
				A82CFC80153A35FF0085FDA3 /* MessageQueue.cpp */,
				A82CFC81153A35FF0085FDA3 /* MessageQueue.h */,
			);
			name = OS;
			path = "../../../../chronotext-public/Toolkit/OS";
			sourceTree = "<group>";
		};
		A82CFC82153A35FF0085FDA3 /* Sound */ = {
			isa = PBXGroup;
			children = (
				A82CFC83153A35FF0085FDA3 /* AudioLoop.cpp */,
				A82CFC84153A35FF0085FDA3 /* AudioLoop.h */,
			);
			name = Sound;
			path = "../../../../chronotext-public/Toolkit/Sound";
			sourceTree = "<group>";
		};
		A87A044D1580D48C00BB603B /* iOS */ = {
			isa = PBXGroup;
			children = (
				A87A044E1580D4C800BB603B /* Classes */,
				A87A04511580D4C800BB603B /* Resources */,
				8D1107310486CEB800E47090 /* Info.plist */,
				32CA4F630368D1EE00C91783 /* Prefix.pch */,
			);
			name = iOS;
			sourceTree = "<group>";
		};
		A87A044E1580D4C800BB603B /* Classes */ = {
			isa = PBXGroup;
			children = (
				A87A044F1580D4C800BB603B /* AppDelegate.h */,
				A87A04501580D4C800BB603B /* AppDelegate.mm */,
			);
			path = Classes;
			sourceTree = "<group>";
		};
		A87A04511580D4C800BB603B /* Resources */ = {
			isa = PBXGroup;
			children = (
				A87A04521580D4C800BB603B /* Icon.png */,
			);
			path = Resources;
			sourceTree = "<group>";
		};
		A89CA4D714D0BE3E00C6B5AE /* Chronotext */ = {
			isa = PBXGroup;
			children = (
				A89CA4D914D0BE4300C6B5AE /* Core */,
				A89CA4D814D0BE4000C6B5AE /* Cinder */,
				A8EF73D11538761C005DBEC2 /* XFont */,
				A8AB668215826FAD00B93CD7 /* Text */,
				A8CF25241516263900BD643A /* FollowablePath */,
				A8CF25361516263900BD643A /* Utils */,
				A82CFC7A153A35FF0085FDA3 /* OS */,
				A82CFC82153A35FF0085FDA3 /* Sound */,
			);
			name = Chronotext;
			sourceTree = "<group>";
		};
		A89CA4D814D0BE4000C6B5AE /* Cinder */ = {
			isa = PBXGroup;
			children = (
				A89CA4E814D0BE9700C6B5AE /* CinderSketch.h */,
				A89CA4E914D0BE9700C6B5AE /* CinderSketch.mm */,
				A89CA4EA14D0BE9700C6B5AE /* CinderRenderDelegate.h */,
				A89CA4E714D0BE9700C6B5AE /* CinderRenderDelegate.mm */,
			);
			name = Cinder;
			sourceTree = "<group>";
		};
		A89CA4D914D0BE4300C6B5AE /* Core */ = {
			isa = PBXGroup;
			children = (
				A89CA4DB14D0BE8300C6B5AE /* EAGLView.h */,
				A89CA4DC14D0BE8300C6B5AE /* EAGLView.m */,
				A89CA4DD14D0BE8300C6B5AE /* EAGLViewController.h */,
				A89CA4DE14D0BE8300C6B5AE /* EAGLViewController.m */,
				A89CA4DF14D0BE8300C6B5AE /* ES1Renderer.h */,
				A89CA4E014D0BE8300C6B5AE /* ES1Renderer.m */,
				A89CA4E114D0BE8300C6B5AE /* RenderDelegate.h */,
				A89CA4E214D0BE8300C6B5AE /* RenderDelegate.m */,
			);
			name = Core;
			sourceTree = "<group>";
		};
		A8AB668215826FAD00B93CD7 /* Text */ = {
			isa = PBXGroup;
			children = (
				A8AB668315826FAD00B93CD7 /* FontHelper.h */,
				A8AB668415826FAD00B93CD7 /* FontManager.cpp */,
				A8AB668515826FAD00B93CD7 /* FontManager.h */,
				A8AB668615826FAD00B93CD7 /* TextLayout.cpp */,
				A8AB668715826FAD00B93CD7 /* TextLayout.h */,
			);
			name = Text;
			path = ../../../Toolkit/Text;
			sourceTree = "<group>";
		};
		A8CF25241516263900BD643A /* FollowablePath */ = {
			isa = PBXGroup;
			children = (
				A8CF25261516263900BD643A /* ASPC.h */,
				A8CF25251516263900BD643A /* ASPC.cpp */,
				A8CF25281516263900BD643A /* FollowablePath.h */,
				A8CF25271516263900BD643A /* FollowablePath.cpp */,
				A8CF252A1516263900BD643A /* SplinePath.h */,
				A8CF25291516263900BD643A /* SplinePath.cpp */,
			);
			name = FollowablePath;
			path = "../../../../chronotext-public/Toolkit/FollowablePath";
			sourceTree = "<group>";
		};
		A8CF25361516263900BD643A /* Utils */ = {
			isa = PBXGroup;
			children = (
				A82CFC75153A35ED0085FDA3 /* md5 */,
				A8CF25371516263900BD643A /* Constants.h */,
				A8CF25381516263900BD643A /* DataStreamIO.h */,
				A8CF253D1516263900BD643A /* Utils.h */,
				A8CF253E1516263900BD643A /* Utils.cpp */,
				A8CF25391516263900BD643A /* GraphicHelper.h */,
				A856A59C15384BF1006976B2 /* StrokeHelper.h */,
				A856A59D15384BF1006976B2 /* TexturedTriangleStrip.h */,
				A8B1C97C156304D3004BBA73 /* Hasher.h */,
				A8CF253C1516263900BD643A /* TextureHelper.h */,
				A8B1C97B156304D3004BBA73 /* TextureManager.h */,
				A8B1C978156304D3004BBA73 /* TextureManager.cpp */,
			);
			name = Utils;
			path = "../../../../chronotext-public/Toolkit/Utils";
			sourceTree = "<group>";
		};
		A8EF73D11538761C005DBEC2 /* XFont */ = {
			isa = PBXGroup;
			children = (
				A8EF73D21538761C005DBEC2 /* FontMatrix.cpp */,
				A8EF73D31538761C005DBEC2 /* FontMatrix.h */,
				A8EF73D41538761C005DBEC2 /* XFont.cpp */,
				A8EF73D51538761C005DBEC2 /* XFont.h */,
				A8EF73D61538761C005DBEC2 /* XFontSequence.cpp */,
				A8EF73D71538761C005DBEC2 /* XFontSequence.h */,
			);
			name = XFont;
			path = "../../../../chronotext-public/Toolkit/XFont";
			sourceTree = "<group>";
		};
/* End PBXGroup section */

/* Begin PBXNativeTarget section */
		1D6058900D05DD3D006BFB54 /* SketchTemplate_iOS */ = {
			isa = PBXNativeTarget;
			buildConfigurationList = 1D6058960D05DD3E006BFB54 /* Build configuration list for PBXNativeTarget "SketchTemplate_iOS" */;
			buildPhases = (
				1D60588D0D05DD3D006BFB54 /* Resources */,
				1D60588E0D05DD3D006BFB54 /* Sources */,
				1D60588F0D05DD3D006BFB54 /* Frameworks */,
			);
			buildRules = (
			);
			dependencies = (
			);
			name = SketchTemplate_iOS;
			productName = SketchTemplate_iOS;
			productReference = 1D6058910D05DD3D006BFB54 /* SketchTemplate_iOS.app */;
			productType = "com.apple.product-type.application";
		};
/* End PBXNativeTarget section */

/* Begin PBXProject section */
		29B97313FDCFA39411CA2CEA /* Project object */ = {
			isa = PBXProject;
			attributes = {
				LastUpgradeCheck = 0420;
				ORGANIZATIONNAME = chronotext.com;
			};
			buildConfigurationList = C01FCF4E08A954540054247B /* Build configuration list for PBXProject "SketchTemplate_iOS" */;
			compatibilityVersion = "Xcode 3.2";
			developmentRegion = English;
			hasScannedForEncodings = 1;
			knownRegions = (
				en,
			);
			mainGroup = 29B97314FDCFA39411CA2CEA /* CustomTemplate */;
			projectDirPath = "";
			projectRoot = "";
			targets = (
				1D6058900D05DD3D006BFB54 /* SketchTemplate_iOS */,
			);
		};
/* End PBXProject section */

/* Begin PBXResourcesBuildPhase section */
		1D60588D0D05DD3D006BFB54 /* Resources */ = {
			isa = PBXResourcesBuildPhase;
			buildActionMask = 2147483647;
			files = (
				A87A04541580D4C800BB603B /* Icon.png in Resources */,
			);
			runOnlyForDeploymentPostprocessing = 0;
		};
/* End PBXResourcesBuildPhase section */

/* Begin PBXSourcesBuildPhase section */
		1D60588E0D05DD3D006BFB54 /* Sources */ = {
			isa = PBXSourcesBuildPhase;
			buildActionMask = 2147483647;
			files = (
				A89CA4E314D0BE8300C6B5AE /* EAGLView.m in Sources */,
				A89CA4E414D0BE8300C6B5AE /* EAGLViewController.m in Sources */,
				A89CA4E514D0BE8300C6B5AE /* ES1Renderer.m in Sources */,
				A89CA4E614D0BE8300C6B5AE /* RenderDelegate.m in Sources */,
				A89CA4EB14D0BE9700C6B5AE /* CinderRenderDelegate.mm in Sources */,
				A89CA4EC14D0BE9700C6B5AE /* CinderSketch.mm in Sources */,
				A8CF25461516263900BD643A /* ASPC.cpp in Sources */,
				A8CF25471516263900BD643A /* FollowablePath.cpp in Sources */,
				A8CF25481516263900BD643A /* SplinePath.cpp in Sources */,
				A8CF254E1516263900BD643A /* Utils.cpp in Sources */,
				A8EF73D81538761C005DBEC2 /* FontMatrix.cpp in Sources */,
				A8EF73D91538761C005DBEC2 /* XFont.cpp in Sources */,
				A8EF73DA1538761C005DBEC2 /* XFontSequence.cpp in Sources */,
				A82CFC78153A35ED0085FDA3 /* md5.cpp in Sources */,
				A82CFC85153A35FF0085FDA3 /* Handler.cpp in Sources */,
				A82CFC86153A35FF0085FDA3 /* Looper.cpp in Sources */,
				A82CFC87153A35FF0085FDA3 /* MessageQueue.cpp in Sources */,
				A82CFC88153A35FF0085FDA3 /* AudioLoop.cpp in Sources */,
				A8B1C97D156304D3004BBA73 /* TextureManager.cpp in Sources */,
				A8F2C3CB156682A000D65459 /* Sketch.cpp in Sources */,
				A87A04531580D4C800BB603B /* AppDelegate.mm in Sources */,
				A8AB668815826FAD00B93CD7 /* FontManager.cpp in Sources */,
				A8AB668915826FAD00B93CD7 /* TextLayout.cpp in Sources */,
			);
			runOnlyForDeploymentPostprocessing = 0;
		};
/* End PBXSourcesBuildPhase section */

/* Begin XCBuildConfiguration section */
		1D6058940D05DD3E006BFB54 /* Debug */ = {
			isa = XCBuildConfiguration;
			buildSettings = {
				ALWAYS_SEARCH_USER_PATHS = NO;
				ARCHS = "$(ARCHS_STANDARD_32_BIT)";
				COPY_PHASE_STRIP = NO;
				GCC_DYNAMIC_NO_PIC = NO;
				GCC_INLINES_ARE_PRIVATE_EXTERN = NO;
				GCC_OPTIMIZATION_LEVEL = 0;
				GCC_PRECOMPILE_PREFIX_HEADER = YES;
				GCC_PREFIX_HEADER = Prefix.pch;
				GCC_SYMBOLS_PRIVATE_EXTERN = NO;
				"GCC_THUMB_SUPPORT[arch=armv6]" = NO;
				HEADER_SEARCH_PATHS = (
					"$(CINDER_PATH)/src/libtess2",
					"\"$(CINDER_PATH)/boost\"",
				);
				INFOPLIST_FILE = Info.plist;
				IPHONEOS_DEPLOYMENT_TARGET = 4.1;
				"OTHER_LDFLAGS[sdk=iphoneos*][arch=*]" = (
					"\"$(CINDER_PATH)/lib/libcinder-iphone_d.a\"",
					"-lz",
				);
				"OTHER_LDFLAGS[sdk=iphonesimulator*][arch=*]" = (
					"\"$(CINDER_PATH)/lib/libcinder-iphone-sim_d.a\"",
					"-lz",
				);
				PRODUCT_NAME = SketchTemplate_iOS;
				TARGETED_DEVICE_FAMILY = "1,2";
			};
			name = Debug;
		};
		1D6058950D05DD3E006BFB54 /* Release */ = {
			isa = XCBuildConfiguration;
			buildSettings = {
				ALWAYS_SEARCH_USER_PATHS = NO;
				ARCHS = "$(ARCHS_STANDARD_32_BIT)";
				COPY_PHASE_STRIP = YES;
				GCC_INLINES_ARE_PRIVATE_EXTERN = NO;
				GCC_PRECOMPILE_PREFIX_HEADER = YES;
				GCC_PREFIX_HEADER = Prefix.pch;
				GCC_SYMBOLS_PRIVATE_EXTERN = NO;
				GCC_THUMB_SUPPORT = YES;
				"GCC_THUMB_SUPPORT[arch=armv6]" = NO;
				HEADER_SEARCH_PATHS = (
					"$(CINDER_PATH)/src/libtess2",
					"\"$(CINDER_PATH)/boost\"",
				);
				INFOPLIST_FILE = Info.plist;
				IPHONEOS_DEPLOYMENT_TARGET = 4.1;
				"OTHER_LDFLAGS[sdk=iphoneos*][arch=*]" = (
					"\"$(CINDER_PATH)/lib/libcinder-iphone.a\"",
					"-lz",
				);
				"OTHER_LDFLAGS[sdk=iphonesimulator*][arch=*]" = (
					"\"$(CINDER_PATH)/lib/libcinder-iphone-sim.a\"",
					"-lz",
				);
				PRODUCT_NAME = SketchTemplate_iOS;
				TARGETED_DEVICE_FAMILY = "1,2";
			};
			name = Release;
		};
		C01FCF4F08A954540054247B /* Debug */ = {
			isa = XCBuildConfiguration;
			buildSettings = {
				ARCHS = armv7;
				CINDER_PATH = "$(SOURCE_ROOT)/../../../../CINDER";
				"CODE_SIGN_IDENTITY[sdk=iphoneos*]" = "iPhone Developer";
				GCC_C_LANGUAGE_STANDARD = c99;
				GCC_PREPROCESSOR_DEFINITIONS = DEBUG;
				GCC_WARN_ABOUT_RETURN_TYPE = YES;
				GCC_WARN_UNUSED_VARIABLE = YES;
				HEADER_SEARCH_PATHS = "\"$(CINDER_PATH)/boost\"";
				IPHONEOS_DEPLOYMENT_TARGET = 4.1;
				"PROVISIONING_PROFILE[sdk=iphoneos*]" = "";
				SDKROOT = iphoneos;
				TARGETED_DEVICE_FAMILY = "1,2";
				USER_HEADER_SEARCH_PATHS = "\"$(CINDER_PATH)/include\" include";
			};
			name = Debug;
		};
		C01FCF5008A954540054247B /* Release */ = {
			isa = XCBuildConfiguration;
			buildSettings = {
				ARCHS = armv7;
				CINDER_PATH = "$(SOURCE_ROOT)/../../../../CINDER";
				"CODE_SIGN_IDENTITY[sdk=iphoneos*]" = "iPhone Developer";
				GCC_C_LANGUAGE_STANDARD = c99;
				GCC_WARN_ABOUT_RETURN_TYPE = YES;
				GCC_WARN_UNUSED_VARIABLE = YES;
				HEADER_SEARCH_PATHS = "\"$(CINDER_PATH)/boost\"";
				IPHONEOS_DEPLOYMENT_TARGET = 4.1;
				"PROVISIONING_PROFILE[sdk=iphoneos*]" = "";
				SDKROOT = iphoneos;
				TARGETED_DEVICE_FAMILY = "1,2";
				USER_HEADER_SEARCH_PATHS = "\"$(CINDER_PATH)/include\" include";
			};
			name = Release;
		};
/* End XCBuildConfiguration section */

/* Begin XCConfigurationList section */
		1D6058960D05DD3E006BFB54 /* Build configuration list for PBXNativeTarget "SketchTemplate_iOS" */ = {
			isa = XCConfigurationList;
			buildConfigurations = (
				1D6058940D05DD3E006BFB54 /* Debug */,
				1D6058950D05DD3E006BFB54 /* Release */,
			);
			defaultConfigurationIsVisible = 0;
			defaultConfigurationName = Release;
		};
		C01FCF4E08A954540054247B /* Build configuration list for PBXProject "SketchTemplate_iOS" */ = {
			isa = XCConfigurationList;
			buildConfigurations = (
				C01FCF4F08A954540054247B /* Debug */,
				C01FCF5008A954540054247B /* Release */,
			);
			defaultConfigurationIsVisible = 0;
			defaultConfigurationName = Release;
		};
/* End XCConfigurationList section */
	};
	rootObject = 29B97313FDCFA39411CA2CEA /* Project object */;
}
